{
  "version": 1,
  "dependencies": {
    "net7.0": {
      "Endjin.RecommendedPractices.GitHub": {
        "type": "Direct",
        "requested": "[2.1.5, )",
        "resolved": "2.1.5",
        "contentHash": "PoZqxrp7iYbSF0Vi2Wtj2sepxwZA3i4Yq9CGueralFhLYcHE60E3bQOwHLwWsv4oNf60FYJrr3RjFPa7pv1HyA==",
        "dependencies": {
          "Endjin.RecommendedPractices": "2.1.5",
          "Microsoft.SourceLink.GitHub": "1.1.1"
        }
      },
      "Roslynator.Analyzers": {
        "type": "Direct",
        "requested": "[4.3.0, )",
        "resolved": "4.3.0",
        "contentHash": "NZNaV9DAYGHKZ753WfhtBj8eoP40LLJsA6JQXdzhF87iTZAdbKCgp32mI3cnQF4TMXz7bk+CgzF/kDG+m+9bCg=="
      },
      "StyleCop.Analyzers": {
        "type": "Direct",
        "requested": "[1.2.0-beta.435, )",
        "resolved": "1.2.0-beta.435",
        "contentHash": "TADk7vdGXtfTnYCV7GyleaaRTQjfoSfZXprQrVMm7cSJtJbFc1QIbWPyLvrgrfGdfHbGmUPvaN4ODKNxg2jgPQ==",
        "dependencies": {
          "StyleCop.Analyzers.Unstable": "1.2.0.435"
        }
      },
      "Endjin.RecommendedPractices": {
        "type": "Transitive",
        "resolved": "2.1.5",
        "contentHash": "iEFt7iG7gaBi24xSkEPFywEkZkC4yoE61PEkh2Nspqe8zbwKifSn/05jRlvRnYnanXdON+AzTKxLZf28vgCOsA==",
        "dependencies": {
          "Microsoft.Build.Tasks.Git": "1.1.1"
        }
      },
      "Microsoft.Build.Tasks.Git": {
        "type": "Transitive",
        "resolved": "1.1.1",
        "contentHash": "AT3HlgTjsqHnWpBHSNeR0KxbLZD7bztlZVj7I8vgeYG9SYqbeFGh0TM/KVtC6fg53nrWHl3VfZFvb5BiQFcY6Q=="
      },
      "Microsoft.SourceLink.Common": {
        "type": "Transitive",
        "resolved": "1.1.1",
        "contentHash": "WMcGpWKrmJmzrNeuaEb23bEMnbtR/vLmvZtkAP5qWu7vQsY59GqfRJd65sFpBszbd2k/bQ8cs8eWawQKAabkVg=="
      },
      "Microsoft.SourceLink.GitHub": {
        "type": "Transitive",
        "resolved": "1.1.1",
        "contentHash": "IaJGnOv/M7UQjRJks7B6p7pbPnOwisYGOIzqCz5ilGFTApZ3ktOR+6zJ12ZRPInulBmdAf1SrGdDG2MU8g6XTw==",
        "dependencies": {
          "Microsoft.Build.Tasks.Git": "1.1.1",
          "Microsoft.SourceLink.Common": "1.1.1"
        }
      },
      "StyleCop.Analyzers.Unstable": {
        "type": "Transitive",
        "resolved": "1.2.0.435",
        "contentHash": "ouwPWZxbOV3SmCZxIRqHvljkSzkCyi1tDoMzQtDb/bRP8ctASV/iRJr+A2Gdj0QLaLmWnqTWDrH82/iP+X80Lg=="
      }
    }
  }
}