{
  "excludePaths": [],
  "generatedAt": "2026-07-01T10:32:13.5016127\u002B00:00",
  "generatedFiles": [
    "getStatusRequest.ts",
    "GetStatusResponse.ts",
    "getPetRequest.ts",
    "GetPetResponse.ts",
    "updatePetRequest.ts",
    "UpdatePetResponse.ts",
    "searchRequest.ts",
    "SearchResponse.ts",
    "uploadRequest.ts",
    "UploadResponse.ts",
    "noteRequest.ts",
    "NoteResponse.ts",
    "formRequest.ts",
    "FormResponse.ts",
    "avatarRequest.ts",
    "AvatarResponse.ts",
    "downloadRequest.ts",
    "DownloadResponse.ts",
    "pingRequest.ts",
    "PingResponse.ts",
    "limitsRequest.ts",
    "LimitsResponse.ts",
    "IApiStatusClient.ts",
    "ApiStatusClient.ts",
    "models/generated.ts",
    "models/corvus-runtime.ts"
  ],
  "generatorVersion": "1.0.0\u002B51874d43e65657c3bc28c25ffae13a8504ee14be",
  "includePaths": [],
  "rootNamespace": "GeneratedApi",
  "specFileHash": "16e8668437d593e5909f3cba14d54b733c9e4a62a2524b63bcd837ca6815630f",
  "specVersion": "3.0"
}