{
  "excludePaths": [],
  "generatedAt": "2026-06-30T18:45:30.5754900\u002B00:00",
  "generatedFiles": [
    "getStatusRequest.ts",
    "GetStatusResponse.ts",
    "getPetRequest.ts",
    "GetPetResponse.ts",
    "updatePetRequest.ts",
    "UpdatePetResponse.ts",
    "searchRequest.ts",
    "SearchResponse.ts",
    "uploadRequest.ts",
    "UploadResponse.ts",
    "noteRequest.ts",
    "NoteResponse.ts",
    "formRequest.ts",
    "FormResponse.ts",
    "avatarRequest.ts",
    "AvatarResponse.ts",
    "batchRequest.ts",
    "BatchResponse.ts",
    "downloadRequest.ts",
    "DownloadResponse.ts",
    "pingRequest.ts",
    "PingResponse.ts",
    "limitsRequest.ts",
    "LimitsResponse.ts",
    "eventsRequest.ts",
    "EventsResponse.ts",
    "feedRequest.ts",
    "FeedResponse.ts",
    "IApiStatusClient.ts",
    "ApiStatusClient.ts",
    "models/generated.ts",
    "models/corvus-runtime.ts"
  ],
  "generatorVersion": "1.0.0\u002B73a9fba506b5debe97c355e22ba2ec0ee7ad7f92",
  "includePaths": [],
  "rootNamespace": "GeneratedApi",
  "specFileHash": "139f40a49dc4886ec8bdcd778f425c0b315598c569c713655daa3158d03b8b4a",
  "specVersion": "3.2"
}