{
  "excludePaths": [],
  "generatedAt": "2026-07-01T09:08:11.9498998\u002B00:00",
  "generatedFiles": [
    "getStatusRequest.ts",
    "GetStatusResponse.ts",
    "getPetRequest.ts",
    "GetPetResponse.ts",
    "updatePetRequest.ts",
    "UpdatePetResponse.ts",
    "searchRequest.ts",
    "SearchResponse.ts",
    "uploadRequest.ts",
    "UploadResponse.ts",
    "noteRequest.ts",
    "NoteResponse.ts",
    "formRequest.ts",
    "FormResponse.ts",
    "avatarRequest.ts",
    "AvatarResponse.ts",
    "batchRequest.ts",
    "BatchResponse.ts",
    "downloadRequest.ts",
    "DownloadResponse.ts",
    "pingRequest.ts",
    "PingResponse.ts",
    "limitsRequest.ts",
    "LimitsResponse.ts",
    "eventsRequest.ts",
    "EventsResponse.ts",
    "feedRequest.ts",
    "FeedResponse.ts",
    "IApiStatusClient.ts",
    "ApiStatusClient.ts",
    "models/generated.ts",
    "models/corvus-runtime.ts"
  ],
  "generatorVersion": "1.0.0\u002Befc008a4e3a09dda875446f6b83c5862f7cd5a61",
  "includePaths": [],
  "rootNamespace": "GeneratedApi",
  "specFileHash": "221101c2930ea3239503e23a0bc137274e984a5c72332c695de730ea93400fe5",
  "specVersion": "3.2"
}