{
  "generatorVersion": "1.0.0\u002B21d85efed4392126bf4de60752f3396cf7fbf296",
  "generatedAt": "2026-09-30T12:31:33.2753048\u002B00:00",
  "engine": "V5",
  "codeGenerationMode": "TypeGeneration",
  "specification": {
    "rootNamespace": "Corvus.JasmineBenchmark.Current",
    "typesToGenerate": [
      {
        "schemaFile": "../jasmine-schema.json",
        "outputRootTypeName": "JasmineSchema",
        "rebaseToRootPath": false
      }
    ],
    "addExplicitUsings": false,
    "assertFormat": true,
    "disableOptionalNameHeuristics": false,
    "nativeEnums": "All",
    "optionalAsNullable": "None",
    "supportYaml": false,
    "unions": true,
    "useImplicitOperatorString": false,
    "useUnixLineEndings": false,
    "formatMode": {
      "*": "disable"
    }
  },
  "schemaHashes": {
    "../jasmine-schema.json": "838954c754bcf1ea972fed73a6a575158d920ebe0338f2a8645b935b13ae89c9"
  },
  "generatedFiles": [
    "CorvusJsonSchemaProgram.cs",
    "Corvus__UnionAttribute.cs",
    "JasmineSchema.AllOf1Entity.JsonSchema.cs",
    "JasmineSchema.AllOf1Entity.Mutable.cs",
    "JasmineSchema.AllOf1Entity.cs",
    "JasmineSchema.EnvItems.AutoCleanClosureEntity.JsonSchema.cs",
    "JasmineSchema.EnvItems.AutoCleanClosureEntity.Mutable.cs",
    "JasmineSchema.EnvItems.AutoCleanClosureEntity.cs",
    "JasmineSchema.EnvItems.FailSpecWithNoExpectationsEntity.JsonSchema.cs",
    "JasmineSchema.EnvItems.FailSpecWithNoExpectationsEntity.Mutable.cs",
    "JasmineSchema.EnvItems.FailSpecWithNoExpectationsEntity.cs",
    "JasmineSchema.EnvItems.HideDisbaledEntity.JsonSchema.cs",
    "JasmineSchema.EnvItems.HideDisbaledEntity.Mutable.cs",
    "JasmineSchema.EnvItems.HideDisbaledEntity.cs",
    "JasmineSchema.EnvItems.JsonSchema.cs",
    "JasmineSchema.EnvItems.Mutable.cs",
    "JasmineSchema.EnvItems.SeedEntity.JsonSchema.cs",
    "JasmineSchema.EnvItems.SeedEntity.Mutable.cs",
    "JasmineSchema.EnvItems.SeedEntity.cs",
    "JasmineSchema.EnvItems.StopOnSpecFailureEntity.JsonSchema.cs",
    "JasmineSchema.EnvItems.StopOnSpecFailureEntity.Mutable.cs",
    "JasmineSchema.EnvItems.StopOnSpecFailureEntity.cs",
    "JasmineSchema.EnvItems.VerboseDepricationEntity.JsonSchema.cs",
    "JasmineSchema.EnvItems.VerboseDepricationEntity.Mutable.cs",
    "JasmineSchema.EnvItems.VerboseDepricationEntity.cs",
    "JasmineSchema.EnvItems.WhetherToCauseSpecsToOnlyHaveOneExpectationFailure.JsonSchema.cs",
    "JasmineSchema.EnvItems.WhetherToCauseSpecsToOnlyHaveOneExpectationFailure.Mutable.cs",
    "JasmineSchema.EnvItems.WhetherToCauseSpecsToOnlyHaveOneExpectationFailure.cs",
    "JasmineSchema.EnvItems.WhetherToRandomizeSpecExecutionOrder.JsonSchema.cs",
    "JasmineSchema.EnvItems.WhetherToRandomizeSpecExecutionOrder.Mutable.cs",
    "JasmineSchema.EnvItems.WhetherToRandomizeSpecExecutionOrder.cs",
    "JasmineSchema.EnvItems.cs",
    "JasmineSchema.JsonSchema.cs",
    "JasmineSchema.Mutable.cs",
    "JasmineSchema.RootItems.JsonSchema.cs",
    "JasmineSchema.RootItems.JsonStringArray.JsonSchema.cs",
    "JasmineSchema.RootItems.JsonStringArray.Mutable.cs",
    "JasmineSchema.RootItems.JsonStringArray.cs",
    "JasmineSchema.RootItems.Mutable.cs",
    "JasmineSchema.RootItems.SpecDirEntity.JsonSchema.cs",
    "JasmineSchema.RootItems.SpecDirEntity.Mutable.cs",
    "JasmineSchema.RootItems.SpecDirEntity.cs",
    "JasmineSchema.RootItems.SpecFilesJArray.JsonSchema.cs",
    "JasmineSchema.RootItems.SpecFilesJArray.Mutable.cs",
    "JasmineSchema.RootItems.SpecFilesJArray.cs",
    "JasmineSchema.RootItems.cs",
    "JasmineSchema.cs",
    "JsonNull.JsonSchema.cs",
    "JsonNull.Mutable.cs",
    "JsonNull.cs",
    "JsonNumber.JsonSchema.cs",
    "JsonNumber.Mutable.cs",
    "JsonNumber.cs",
    "JsonString.JsonSchema.cs",
    "JsonString.Mutable.cs",
    "JsonString.cs"
  ]
}