{
  "generatorVersion": "1.0.0\u002B21d85efed4392126bf4de60752f3396cf7fbf296",
  "generatedAt": "2026-09-30T12:31:13.6758848\u002B00:00",
  "engine": "V5",
  "codeGenerationMode": "TypeGeneration",
  "specification": {
    "rootNamespace": "Corvus.CspellBenchmark.Current",
    "typesToGenerate": [
      {
        "schemaFile": "../cspell-schema.json",
        "outputRootTypeName": "CspellSchema",
        "rebaseToRootPath": false
      }
    ],
    "addExplicitUsings": false,
    "assertFormat": true,
    "disableOptionalNameHeuristics": false,
    "nativeEnums": "All",
    "optionalAsNullable": "None",
    "supportYaml": false,
    "unions": true,
    "useImplicitOperatorString": false,
    "useUnixLineEndings": false,
    "formatMode": {
      "*": "disable"
    }
  },
  "schemaHashes": {
    "../cspell-schema.json": "578b8b5aca7101a791654373b23aec861843d6a6b6ef16c99c1bc6ceaa8cfc85"
  },
  "generatedFiles": [
    "CorvusJsonSchemaProgram.cs",
    "Corvus__UnionAttribute.cs",
    "CspellSchema.AllowCompoundWordsEntity.JsonSchema.cs",
    "CspellSchema.AllowCompoundWordsEntity.Mutable.cs",
    "CspellSchema.AllowCompoundWordsEntity.cs",
    "CspellSchema.CacheFormat.JsonSchema.cs",
    "CspellSchema.CacheFormat.Mutable.cs",
    "CspellSchema.CacheFormat.cs",
    "CspellSchema.CacheSettings.JsonSchema.cs",
    "CspellSchema.CacheSettings.Mutable.cs",
    "CspellSchema.CacheSettings.UseCacheEntity.JsonSchema.cs",
    "CspellSchema.CacheSettings.UseCacheEntity.Mutable.cs",
    "CspellSchema.CacheSettings.UseCacheEntity.cs",
    "CspellSchema.CacheSettings.cs",
    "CspellSchema.CacheStrategy.JsonSchema.cs",
    "CspellSchema.CacheStrategy.Mutable.cs",
    "CspellSchema.CacheStrategy.cs",
    "CspellSchema.CaseSensitiveEntity.JsonSchema.cs",
    "CspellSchema.CaseSensitiveEntity.Mutable.cs",
    "CspellSchema.CaseSensitiveEntity.cs",
    "CspellSchema.CharacterSetCosts.JsonSchema.cs",
    "CspellSchema.CharacterSetCosts.Mutable.cs",
    "CspellSchema.CharacterSetCosts.cs",
    "CspellSchema.CostMapDefInsDel.JsonSchema.cs",
    "CspellSchema.CostMapDefInsDel.Mutable.cs",
    "CspellSchema.CostMapDefInsDel.cs",
    "CspellSchema.CostMapDefReplace.JsonSchema.cs",
    "CspellSchema.CostMapDefReplace.Mutable.cs",
    "CspellSchema.CostMapDefReplace.cs",
    "CspellSchema.CostMapDefSwap.JsonSchema.cs",
    "CspellSchema.CostMapDefSwap.Mutable.cs",
    "CspellSchema.CostMapDefSwap.cs",
    "CspellSchema.CustomDictionaryScope.JsonSchema.cs",
    "CspellSchema.CustomDictionaryScope.Mutable.cs",
    "CspellSchema.CustomDictionaryScope.cs",
    "CspellSchema.DictionaryDefinition.JsonSchema.cs",
    "CspellSchema.DictionaryDefinition.Mutable.cs",
    "CspellSchema.DictionaryDefinition.cs",
    "CspellSchema.DictionaryDefinitionAlternate.JsonSchema.cs",
    "CspellSchema.DictionaryDefinitionAlternate.Mutable.cs",
    "CspellSchema.DictionaryDefinitionAlternate.cs",
    "CspellSchema.DictionaryDefinitionArray.JsonSchema.cs",
    "CspellSchema.DictionaryDefinitionArray.Mutable.cs",
    "CspellSchema.DictionaryDefinitionArray.cs",
    "CspellSchema.DictionaryDefinitionAugmented.JsonSchema.cs",
    "CspellSchema.DictionaryDefinitionAugmented.Mutable.cs",
    "CspellSchema.DictionaryDefinitionAugmented.cs",
    "CspellSchema.DictionaryDefinitionCustom.JsonSchema.cs",
    "CspellSchema.DictionaryDefinitionCustom.Mutable.cs",
    "CspellSchema.DictionaryDefinitionCustom.ScopeEntity.CustomDictionaryScopeArray.JsonSchema.cs",
    "CspellSchema.DictionaryDefinitionCustom.ScopeEntity.CustomDictionaryScopeArray.Mutable.cs",
    "CspellSchema.DictionaryDefinitionCustom.ScopeEntity.CustomDictionaryScopeArray.cs",
    "CspellSchema.DictionaryDefinitionCustom.ScopeEntity.JsonSchema.cs",
    "CspellSchema.DictionaryDefinitionCustom.ScopeEntity.Mutable.cs",
    "CspellSchema.DictionaryDefinitionCustom.ScopeEntity.cs",
    "CspellSchema.DictionaryDefinitionCustom.cs",
    "CspellSchema.DictionaryDefinitionInline.JsonSchema.cs",
    "CspellSchema.DictionaryDefinitionInline.Mutable.cs",
    "CspellSchema.DictionaryDefinitionInline.cs",
    "CspellSchema.DictionaryDefinitionInlineFlagWords.IgnoreWordArray.JsonSchema.cs",
    "CspellSchema.DictionaryDefinitionInlineFlagWords.IgnoreWordArray.Mutable.cs",
    "CspellSchema.DictionaryDefinitionInlineFlagWords.IgnoreWordArray.cs",
    "CspellSchema.DictionaryDefinitionInlineFlagWords.JsonSchema.cs",
    "CspellSchema.DictionaryDefinitionInlineFlagWords.JsonStringArray.JsonSchema.cs",
    "CspellSchema.DictionaryDefinitionInlineFlagWords.JsonStringArray.Mutable.cs",
    "CspellSchema.DictionaryDefinitionInlineFlagWords.JsonStringArray.cs",
    "CspellSchema.DictionaryDefinitionInlineFlagWords.ListOfWordArray.JsonSchema.cs",
    "CspellSchema.DictionaryDefinitionInlineFlagWords.ListOfWordArray.Mutable.cs",
    "CspellSchema.DictionaryDefinitionInlineFlagWords.ListOfWordArray.cs",
    "CspellSchema.DictionaryDefinitionInlineFlagWords.Mutable.cs",
    "CspellSchema.DictionaryDefinitionInlineFlagWords.SuggestWorArray.JsonSchema.cs",
    "CspellSchema.DictionaryDefinitionInlineFlagWords.SuggestWorArray.Mutable.cs",
    "CspellSchema.DictionaryDefinitionInlineFlagWords.SuggestWorArray.cs",
    "CspellSchema.DictionaryDefinitionInlineFlagWords.cs",
    "CspellSchema.DictionaryDefinitionInlineIgnoreWords.IgnoreWordArray.JsonSchema.cs",
    "CspellSchema.DictionaryDefinitionInlineIgnoreWords.IgnoreWordArray.Mutable.cs",
    "CspellSchema.DictionaryDefinitionInlineIgnoreWords.IgnoreWordArray.cs",
    "CspellSchema.DictionaryDefinitionInlineIgnoreWords.JsonSchema.cs",
    "CspellSchema.DictionaryDefinitionInlineIgnoreWords.JsonStringArray.JsonSchema.cs",
    "CspellSchema.DictionaryDefinitionInlineIgnoreWords.JsonStringArray.Mutable.cs",
    "CspellSchema.DictionaryDefinitionInlineIgnoreWords.JsonStringArray.cs",
    "CspellSchema.DictionaryDefinitionInlineIgnoreWords.ListOfWordArray.JsonSchema.cs",
    "CspellSchema.DictionaryDefinitionInlineIgnoreWords.ListOfWordArray.Mutable.cs",
    "CspellSchema.DictionaryDefinitionInlineIgnoreWords.ListOfWordArray.cs",
    "CspellSchema.DictionaryDefinitionInlineIgnoreWords.Mutable.cs",
    "CspellSchema.DictionaryDefinitionInlineIgnoreWords.SuggestWorArray.JsonSchema.cs",
    "CspellSchema.DictionaryDefinitionInlineIgnoreWords.SuggestWorArray.Mutable.cs",
    "CspellSchema.DictionaryDefinitionInlineIgnoreWords.SuggestWorArray.cs",
    "CspellSchema.DictionaryDefinitionInlineIgnoreWords.cs",
    "CspellSchema.DictionaryDefinitionInlineWords.IgnoreWordArray.JsonSchema.cs",
    "CspellSchema.DictionaryDefinitionInlineWords.IgnoreWordArray.Mutable.cs",
    "CspellSchema.DictionaryDefinitionInlineWords.IgnoreWordArray.cs",
    "CspellSchema.DictionaryDefinitionInlineWords.JsonSchema.cs",
    "CspellSchema.DictionaryDefinitionInlineWords.JsonStringArray.JsonSchema.cs",
    "CspellSchema.DictionaryDefinitionInlineWords.JsonStringArray.Mutable.cs",
    "CspellSchema.DictionaryDefinitionInlineWords.JsonStringArray.cs",
    "CspellSchema.DictionaryDefinitionInlineWords.ListOfWordArray.JsonSchema.cs",
    "CspellSchema.DictionaryDefinitionInlineWords.ListOfWordArray.Mutable.cs",
    "CspellSchema.DictionaryDefinitionInlineWords.ListOfWordArray.cs",
    "CspellSchema.DictionaryDefinitionInlineWords.Mutable.cs",
    "CspellSchema.DictionaryDefinitionInlineWords.SuggestWorArray.JsonSchema.cs",
    "CspellSchema.DictionaryDefinitionInlineWords.SuggestWorArray.Mutable.cs",
    "CspellSchema.DictionaryDefinitionInlineWords.SuggestWorArray.cs",
    "CspellSchema.DictionaryDefinitionInlineWords.cs",
    "CspellSchema.DictionaryDefinitionPreferred.JsonSchema.cs",
    "CspellSchema.DictionaryDefinitionPreferred.Mutable.cs",
    "CspellSchema.DictionaryDefinitionPreferred.cs",
    "CspellSchema.DictionaryFileTypes.JsonSchema.cs",
    "CspellSchema.DictionaryFileTypes.Mutable.cs",
    "CspellSchema.DictionaryFileTypes.cs",
    "CspellSchema.DictionaryId.JsonSchema.cs",
    "CspellSchema.DictionaryId.Mutable.cs",
    "CspellSchema.DictionaryId.cs",
    "CspellSchema.DictionaryInformation.JsonSchema.cs",
    "CspellSchema.DictionaryInformation.Mutable.cs",
    "CspellSchema.DictionaryInformation.PatternAdjustmentArray.JsonSchema.cs",
    "CspellSchema.DictionaryInformation.PatternAdjustmentArray.Mutable.cs",
    "CspellSchema.DictionaryInformation.PatternAdjustmentArray.cs",
    "CspellSchema.DictionaryInformation.TheAccentCharactersDefaultU0300U0341.CharacterSetCostsArray.JsonSchema.cs",
    "CspellSchema.DictionaryInformation.TheAccentCharactersDefaultU0300U0341.CharacterSetCostsArray.Mutable.cs",
    "CspellSchema.DictionaryInformation.TheAccentCharactersDefaultU0300U0341.CharacterSetCostsArray.cs",
    "CspellSchema.DictionaryInformation.TheAccentCharactersDefaultU0300U0341.JsonSchema.cs",
    "CspellSchema.DictionaryInformation.TheAccentCharactersDefaultU0300U0341.Mutable.cs",
    "CspellSchema.DictionaryInformation.TheAccentCharactersDefaultU0300U0341.cs",
    "CspellSchema.DictionaryInformation.TheAlphabetToUse.CharacterSetCostsArray.JsonSchema.cs",
    "CspellSchema.DictionaryInformation.TheAlphabetToUse.CharacterSetCostsArray.Mutable.cs",
    "CspellSchema.DictionaryInformation.TheAlphabetToUse.CharacterSetCostsArray.cs",
    "CspellSchema.DictionaryInformation.TheAlphabetToUse.JsonSchema.cs",
    "CspellSchema.DictionaryInformation.TheAlphabetToUse.Mutable.cs",
    "CspellSchema.DictionaryInformation.TheAlphabetToUse.cs",
    "CspellSchema.DictionaryInformation.cs",
    "CspellSchema.DictionaryNegRef.JsonSchema.cs",
    "CspellSchema.DictionaryNegRef.Mutable.cs",
    "CspellSchema.DictionaryNegRef.cs",
    "CspellSchema.DictionaryPath.JsonSchema.cs",
    "CspellSchema.DictionaryPath.Mutable.cs",
    "CspellSchema.DictionaryPath.cs",
    "CspellSchema.DictionaryReference.JsonSchema.cs",
    "CspellSchema.DictionaryReference.Mutable.cs",
    "CspellSchema.DictionaryReference.cs",
    "CspellSchema.DictionaryReferenceArray.JsonSchema.cs",
    "CspellSchema.DictionaryReferenceArray.Mutable.cs",
    "CspellSchema.DictionaryReferenceArray.cs",
    "CspellSchema.EditCosts.AccentCostsEntity.JsonSchema.cs",
    "CspellSchema.EditCosts.AccentCostsEntity.Mutable.cs",
    "CspellSchema.EditCosts.AccentCostsEntity.cs",
    "CspellSchema.EditCosts.CapsCostsEntity.JsonSchema.cs",
    "CspellSchema.EditCosts.CapsCostsEntity.Mutable.cs",
    "CspellSchema.EditCosts.CapsCostsEntity.cs",
    "CspellSchema.EditCosts.FirstLetterPenaltyEntity.JsonSchema.cs",
    "CspellSchema.EditCosts.FirstLetterPenaltyEntity.Mutable.cs",
    "CspellSchema.EditCosts.FirstLetterPenaltyEntity.cs",
    "CspellSchema.EditCosts.JsonSchema.cs",
    "CspellSchema.EditCosts.Mutable.cs",
    "CspellSchema.EditCosts.ThisIsTheBaseCostForMakingAnEdit.JsonSchema.cs",
    "CspellSchema.EditCosts.ThisIsTheBaseCostForMakingAnEdit.Mutable.cs",
    "CspellSchema.EditCosts.ThisIsTheBaseCostForMakingAnEdit.cs",
    "CspellSchema.EditCosts.ThisIsTheCostForCharactersNotInTheAlphabet.JsonSchema.cs",
    "CspellSchema.EditCosts.ThisIsTheCostForCharactersNotInTheAlphabet.Mutable.cs",
    "CspellSchema.EditCosts.ThisIsTheCostForCharactersNotInTheAlphabet.cs",
    "CspellSchema.EditCosts.cs",
    "CspellSchema.EnableGlobDotEntity.JsonSchema.cs",
    "CspellSchema.EnableGlobDotEntity.Mutable.cs",
    "CspellSchema.EnableGlobDotEntity.cs",
    "CspellSchema.FailFastEntity.JsonSchema.cs",
    "CspellSchema.FailFastEntity.Mutable.cs",
    "CspellSchema.FailFastEntity.cs",
    "CspellSchema.Features.JsonSchema.cs",
    "CspellSchema.Features.Mutable.cs",
    "CspellSchema.Features.cs",
    "CspellSchema.FlagWordsJArray.JsonSchema.cs",
    "CspellSchema.FlagWordsJArray.Mutable.cs",
    "CspellSchema.FlagWordsJArray.cs",
    "CspellSchema.GitignoreRootEntity.JsonSchema.cs",
    "CspellSchema.GitignoreRootEntity.JsonStringArray.JsonSchema.cs",
    "CspellSchema.GitignoreRootEntity.JsonStringArray.Mutable.cs",
    "CspellSchema.GitignoreRootEntity.JsonStringArray.cs",
    "CspellSchema.GitignoreRootEntity.Mutable.cs",
    "CspellSchema.GitignoreRootEntity.cs",
    "CspellSchema.HunspellInformation.JsonSchema.cs",
    "CspellSchema.HunspellInformation.Mutable.cs",
    "CspellSchema.HunspellInformation.TheCostsToApplyWhenUsingTheHunspellSettings.AccentCostsEntity.JsonSchema.cs",
    "CspellSchema.HunspellInformation.TheCostsToApplyWhenUsingTheHunspellSettings.AccentCostsEntity.Mutable.cs",
    "CspellSchema.HunspellInformation.TheCostsToApplyWhenUsingTheHunspellSettings.AccentCostsEntity.cs",
    "CspellSchema.HunspellInformation.TheCostsToApplyWhenUsingTheHunspellSettings.CapsCostsEntity.JsonSchema.cs",
    "CspellSchema.HunspellInformation.TheCostsToApplyWhenUsingTheHunspellSettings.CapsCostsEntity.Mutable.cs",
    "CspellSchema.HunspellInformation.TheCostsToApplyWhenUsingTheHunspellSettings.CapsCostsEntity.cs",
    "CspellSchema.HunspellInformation.TheCostsToApplyWhenUsingTheHunspellSettings.FirstLetterPenaltyEntity.JsonSchema.cs",
    "CspellSchema.HunspellInformation.TheCostsToApplyWhenUsingTheHunspellSettings.FirstLetterPenaltyEntity.Mutable.cs",
    "CspellSchema.HunspellInformation.TheCostsToApplyWhenUsingTheHunspellSettings.FirstLetterPenaltyEntity.cs",
    "CspellSchema.HunspellInformation.TheCostsToApplyWhenUsingTheHunspellSettings.IoConvertCostEntity.JsonSchema.cs",
    "CspellSchema.HunspellInformation.TheCostsToApplyWhenUsingTheHunspellSettings.IoConvertCostEntity.Mutable.cs",
    "CspellSchema.HunspellInformation.TheCostsToApplyWhenUsingTheHunspellSettings.IoConvertCostEntity.cs",
    "CspellSchema.HunspellInformation.TheCostsToApplyWhenUsingTheHunspellSettings.JsonSchema.cs",
    "CspellSchema.HunspellInformation.TheCostsToApplyWhenUsingTheHunspellSettings.KeyboardCostEntity.JsonSchema.cs",
    "CspellSchema.HunspellInformation.TheCostsToApplyWhenUsingTheHunspellSettings.KeyboardCostEntity.Mutable.cs",
    "CspellSchema.HunspellInformation.TheCostsToApplyWhenUsingTheHunspellSettings.KeyboardCostEntity.cs",
    "CspellSchema.HunspellInformation.TheCostsToApplyWhenUsingTheHunspellSettings.MapCostEntity.JsonSchema.cs",
    "CspellSchema.HunspellInformation.TheCostsToApplyWhenUsingTheHunspellSettings.MapCostEntity.Mutable.cs",
    "CspellSchema.HunspellInformation.TheCostsToApplyWhenUsingTheHunspellSettings.MapCostEntity.cs",
    "CspellSchema.HunspellInformation.TheCostsToApplyWhenUsingTheHunspellSettings.Mutable.cs",
    "CspellSchema.HunspellInformation.TheCostsToApplyWhenUsingTheHunspellSettings.TheCostToSubstitutePairsFoundInTheReplaceSettings.JsonSchema.cs",
    "CspellSchema.HunspellInformation.TheCostsToApplyWhenUsingTheHunspellSettings.TheCostToSubstitutePairsFoundInTheReplaceSettings.Mutable.cs",
    "CspellSchema.HunspellInformation.TheCostsToApplyWhenUsingTheHunspellSettings.TheCostToSubstitutePairsFoundInTheReplaceSettings.cs",
    "CspellSchema.HunspellInformation.TheCostsToApplyWhenUsingTheHunspellSettings.ThisIsTheBaseCostForMakingAnEdit.JsonSchema.cs",
    "CspellSchema.HunspellInformation.TheCostsToApplyWhenUsingTheHunspellSettings.ThisIsTheBaseCostForMakingAnEdit.Mutable.cs",
    "CspellSchema.HunspellInformation.TheCostsToApplyWhenUsingTheHunspellSettings.ThisIsTheBaseCostForMakingAnEdit.cs",
    "CspellSchema.HunspellInformation.TheCostsToApplyWhenUsingTheHunspellSettings.ThisIsTheCostForCharactersNotInTheAlphabet.JsonSchema.cs",
    "CspellSchema.HunspellInformation.TheCostsToApplyWhenUsingTheHunspellSettings.ThisIsTheCostForCharactersNotInTheAlphabet.Mutable.cs",
    "CspellSchema.HunspellInformation.TheCostsToApplyWhenUsingTheHunspellSettings.ThisIsTheCostForCharactersNotInTheAlphabet.cs",
    "CspellSchema.HunspellInformation.TheCostsToApplyWhenUsingTheHunspellSettings.cs",
    "CspellSchema.HunspellInformation.cs",
    "CspellSchema.IgnorePathArray.JsonSchema.cs",
    "CspellSchema.IgnorePathArray.Mutable.cs",
    "CspellSchema.IgnorePathArray.cs",
    "CspellSchema.IgnoreWordArray.JsonSchema.cs",
    "CspellSchema.IgnoreWordArray.Mutable.cs",
    "CspellSchema.IgnoreWordArray.cs",
    "CspellSchema.ImportEntity.JsonSchema.cs",
    "CspellSchema.ImportEntity.JsonStringArray.JsonSchema.cs",
    "CspellSchema.ImportEntity.JsonStringArray.Mutable.cs",
    "CspellSchema.ImportEntity.JsonStringArray.cs",
    "CspellSchema.ImportEntity.Mutable.cs",
    "CspellSchema.ImportEntity.cs",
    "CspellSchema.IsTheSpellCheckerEnabled.JsonSchema.cs",
    "CspellSchema.IsTheSpellCheckerEnabled.Mutable.cs",
    "CspellSchema.IsTheSpellCheckerEnabled.cs",
    "CspellSchema.JsonSchema.cs",
    "CspellSchema.JsonStringArray.JsonSchema.cs",
    "CspellSchema.JsonStringArray.Mutable.cs",
    "CspellSchema.JsonStringArray.cs",
    "CspellSchema.LanguageId.JsonSchema.cs",
    "CspellSchema.LanguageId.Mutable.cs",
    "CspellSchema.LanguageId.cs",
    "CspellSchema.LanguageIdMultiple.JsonSchema.cs",
    "CspellSchema.LanguageIdMultiple.Mutable.cs",
    "CspellSchema.LanguageIdMultiple.cs",
    "CspellSchema.LanguageIdMultipleNeg.JsonSchema.cs",
    "CspellSchema.LanguageIdMultipleNeg.Mutable.cs",
    "CspellSchema.LanguageIdMultipleNeg.cs",
    "CspellSchema.LanguageIdSingle.JsonSchema.cs",
    "CspellSchema.LanguageIdSingle.Mutable.cs",
    "CspellSchema.LanguageIdSingle.cs",
    "CspellSchema.LanguageIdSingleArray.JsonSchema.cs",
    "CspellSchema.LanguageIdSingleArray.Mutable.cs",
    "CspellSchema.LanguageIdSingleArray.cs",
    "CspellSchema.LanguageIdsForThArray.JsonSchema.cs",
    "CspellSchema.LanguageIdsForThArray.Mutable.cs",
    "CspellSchema.LanguageIdsForThArray.cs",
    "CspellSchema.LanguageSetting.AllowCompoundWordsEntity.JsonSchema.cs",
    "CspellSchema.LanguageSetting.AllowCompoundWordsEntity.Mutable.cs",
    "CspellSchema.LanguageSetting.AllowCompoundWordsEntity.cs",
    "CspellSchema.LanguageSetting.CaseSensitiveEntity.JsonSchema.cs",
    "CspellSchema.LanguageSetting.CaseSensitiveEntity.Mutable.cs",
    "CspellSchema.LanguageSetting.CaseSensitiveEntity.cs",
    "CspellSchema.LanguageSetting.DictionaryDefinitionArray.JsonSchema.cs",
    "CspellSchema.LanguageSetting.DictionaryDefinitionArray.Mutable.cs",
    "CspellSchema.LanguageSetting.DictionaryDefinitionArray.cs",
    "CspellSchema.LanguageSetting.DictionaryReferenceArray.JsonSchema.cs",
    "CspellSchema.LanguageSetting.DictionaryReferenceArray.Mutable.cs",
    "CspellSchema.LanguageSetting.DictionaryReferenceArray.cs",
    "CspellSchema.LanguageSetting.IgnoreWordArray.JsonSchema.cs",
    "CspellSchema.LanguageSetting.IgnoreWordArray.Mutable.cs",
    "CspellSchema.LanguageSetting.IgnoreWordArray.cs",
    "CspellSchema.LanguageSetting.IsTheSpellCheckerEnabled.JsonSchema.cs",
    "CspellSchema.LanguageSetting.IsTheSpellCheckerEnabled.Mutable.cs",
    "CspellSchema.LanguageSetting.IsTheSpellCheckerEnabled.cs",
    "CspellSchema.LanguageSetting.JsonSchema.cs",
    "CspellSchema.LanguageSetting.JsonStringArray.JsonSchema.cs",
    "CspellSchema.LanguageSetting.JsonStringArray.Mutable.cs",
    "CspellSchema.LanguageSetting.JsonStringArray.cs",
    "CspellSchema.LanguageSetting.ListOfWordArray.JsonSchema.cs",
    "CspellSchema.LanguageSetting.ListOfWordArray.Mutable.cs",
    "CspellSchema.LanguageSetting.ListOfWordArray.cs",
    "CspellSchema.LanguageSetting.LocalEntity.JsonSchema.cs",
    "CspellSchema.LanguageSetting.LocalEntity.JsonStringArray.JsonSchema.cs",
    "CspellSchema.LanguageSetting.LocalEntity.JsonStringArray.Mutable.cs",
    "CspellSchema.LanguageSetting.LocalEntity.JsonStringArray.cs",
    "CspellSchema.LanguageSetting.LocalEntity.Mutable.cs",
    "CspellSchema.LanguageSetting.LocalEntity.cs",
    "CspellSchema.LanguageSetting.LocaleEntity.JsonSchema.cs",
    "CspellSchema.LanguageSetting.LocaleEntity.JsonStringArray.JsonSchema.cs",
    "CspellSchema.LanguageSetting.LocaleEntity.JsonStringArray.Mutable.cs",
    "CspellSchema.LanguageSetting.LocaleEntity.JsonStringArray.cs",
    "CspellSchema.LanguageSetting.LocaleEntity.Mutable.cs",
    "CspellSchema.LanguageSetting.LocaleEntity.cs",
    "CspellSchema.LanguageSetting.Mutable.cs",
    "CspellSchema.LanguageSetting.NoSuggestDictionariArray.JsonSchema.cs",
    "CspellSchema.LanguageSetting.NoSuggestDictionariArray.Mutable.cs",
    "CspellSchema.LanguageSetting.NoSuggestDictionariArray.cs",
    "CspellSchema.LanguageSetting.RegExpPatternDefinitionArray.JsonSchema.cs",
    "CspellSchema.LanguageSetting.RegExpPatternDefinitionArray.Mutable.cs",
    "CspellSchema.LanguageSetting.RegExpPatternDefinitionArray.cs",
    "CspellSchema.LanguageSetting.SuggestWorArray.JsonSchema.cs",
    "CspellSchema.LanguageSetting.SuggestWorArray.Mutable.cs",
    "CspellSchema.LanguageSetting.SuggestWorArray.cs",
    "CspellSchema.LanguageSetting.cs",
    "CspellSchema.LanguageSettingArray.JsonSchema.cs",
    "CspellSchema.LanguageSettingArray.Mutable.cs",
    "CspellSchema.LanguageSettingArray.cs",
    "CspellSchema.ListOfWordArray.JsonSchema.cs",
    "CspellSchema.ListOfWordArray.Mutable.cs",
    "CspellSchema.ListOfWordArray.cs",
    "CspellSchema.LoadDefaultConfigurationEntity.JsonSchema.cs",
    "CspellSchema.LoadDefaultConfigurationEntity.Mutable.cs",
    "CspellSchema.LoadDefaultConfigurationEntity.cs",
    "CspellSchema.MatchingFileType.JsonSchema.cs",
    "CspellSchema.MatchingFileType.LanguageIdArray.JsonSchema.cs",
    "CspellSchema.MatchingFileType.LanguageIdArray.Mutable.cs",
    "CspellSchema.MatchingFileType.LanguageIdArray.cs",
    "CspellSchema.MatchingFileType.Mutable.cs",
    "CspellSchema.MatchingFileType.cs",
    "CspellSchema.MaxDuplicateProblemsEntity.JsonSchema.cs",
    "CspellSchema.MaxDuplicateProblemsEntity.Mutable.cs",
    "CspellSchema.MaxDuplicateProblemsEntity.cs",
    "CspellSchema.MinWordLengthEntity.JsonSchema.cs",
    "CspellSchema.MinWordLengthEntity.Mutable.cs",
    "CspellSchema.MinWordLengthEntity.cs",
    "CspellSchema.Mutable.cs",
    "CspellSchema.NoConfigSearchEntity.JsonSchema.cs",
    "CspellSchema.NoConfigSearchEntity.Mutable.cs",
    "CspellSchema.NoConfigSearchEntity.cs",
    "CspellSchema.NoSuggestDictionariArray.JsonSchema.cs",
    "CspellSchema.NoSuggestDictionariArray.Mutable.cs",
    "CspellSchema.NoSuggestDictionariArray.cs",
    "CspellSchema.NumberOfSuggestionsToMake.JsonSchema.cs",
    "CspellSchema.NumberOfSuggestionsToMake.Mutable.cs",
    "CspellSchema.NumberOfSuggestionsToMake.cs",
    "CspellSchema.OverrideSettings.AllowCompoundWordsEntity.JsonSchema.cs",
    "CspellSchema.OverrideSettings.AllowCompoundWordsEntity.Mutable.cs",
    "CspellSchema.OverrideSettings.AllowCompoundWordsEntity.cs",
    "CspellSchema.OverrideSettings.CaseSensitiveEntity.JsonSchema.cs",
    "CspellSchema.OverrideSettings.CaseSensitiveEntity.Mutable.cs",
    "CspellSchema.OverrideSettings.CaseSensitiveEntity.cs",
    "CspellSchema.OverrideSettings.DictionaryDefinitionArray.JsonSchema.cs",
    "CspellSchema.OverrideSettings.DictionaryDefinitionArray.Mutable.cs",
    "CspellSchema.OverrideSettings.DictionaryDefinitionArray.cs",
    "CspellSchema.OverrideSettings.DictionaryReferenceArray.JsonSchema.cs",
    "CspellSchema.OverrideSettings.DictionaryReferenceArray.Mutable.cs",
    "CspellSchema.OverrideSettings.DictionaryReferenceArray.cs",
    "CspellSchema.OverrideSettings.GlobPatternOrPatternsToMatchAgainst.JsonSchema.cs",
    "CspellSchema.OverrideSettings.GlobPatternOrPatternsToMatchAgainst.JsonStringArray.JsonSchema.cs",
    "CspellSchema.OverrideSettings.GlobPatternOrPatternsToMatchAgainst.JsonStringArray.Mutable.cs",
    "CspellSchema.OverrideSettings.GlobPatternOrPatternsToMatchAgainst.JsonStringArray.cs",
    "CspellSchema.OverrideSettings.GlobPatternOrPatternsToMatchAgainst.Mutable.cs",
    "CspellSchema.OverrideSettings.GlobPatternOrPatternsToMatchAgainst.cs",
    "CspellSchema.OverrideSettings.IgnoreWordArray.JsonSchema.cs",
    "CspellSchema.OverrideSettings.IgnoreWordArray.Mutable.cs",
    "CspellSchema.OverrideSettings.IgnoreWordArray.cs",
    "CspellSchema.OverrideSettings.IsTheSpellCheckerEnabled.JsonSchema.cs",
    "CspellSchema.OverrideSettings.IsTheSpellCheckerEnabled.Mutable.cs",
    "CspellSchema.OverrideSettings.IsTheSpellCheckerEnabled.cs",
    "CspellSchema.OverrideSettings.JsonSchema.cs",
    "CspellSchema.OverrideSettings.JsonStringArray.JsonSchema.cs",
    "CspellSchema.OverrideSettings.JsonStringArray.Mutable.cs",
    "CspellSchema.OverrideSettings.JsonStringArray.cs",
    "CspellSchema.OverrideSettings.LanguageIdSingleArray.JsonSchema.cs",
    "CspellSchema.OverrideSettings.LanguageIdSingleArray.Mutable.cs",
    "CspellSchema.OverrideSettings.LanguageIdSingleArray.cs",
    "CspellSchema.OverrideSettings.LanguageIdsForThArray.JsonSchema.cs",
    "CspellSchema.OverrideSettings.LanguageIdsForThArray.Mutable.cs",
    "CspellSchema.OverrideSettings.LanguageIdsForThArray.cs",
    "CspellSchema.OverrideSettings.LanguageSettingArray.JsonSchema.cs",
    "CspellSchema.OverrideSettings.LanguageSettingArray.Mutable.cs",
    "CspellSchema.OverrideSettings.LanguageSettingArray.cs",
    "CspellSchema.OverrideSettings.ListOfWordArray.JsonSchema.cs",
    "CspellSchema.OverrideSettings.ListOfWordArray.Mutable.cs",
    "CspellSchema.OverrideSettings.ListOfWordArray.cs",
    "CspellSchema.OverrideSettings.LoadDefaultConfigurationEntity.JsonSchema.cs",
    "CspellSchema.OverrideSettings.LoadDefaultConfigurationEntity.Mutable.cs",
    "CspellSchema.OverrideSettings.LoadDefaultConfigurationEntity.cs",
    "CspellSchema.OverrideSettings.MaxDuplicateProblemsEntity.JsonSchema.cs",
    "CspellSchema.OverrideSettings.MaxDuplicateProblemsEntity.Mutable.cs",
    "CspellSchema.OverrideSettings.MaxDuplicateProblemsEntity.cs",
    "CspellSchema.OverrideSettings.MinWordLengthEntity.JsonSchema.cs",
    "CspellSchema.OverrideSettings.MinWordLengthEntity.Mutable.cs",
    "CspellSchema.OverrideSettings.MinWordLengthEntity.cs",
    "CspellSchema.OverrideSettings.Mutable.cs",
    "CspellSchema.OverrideSettings.NoSuggestDictionariArray.JsonSchema.cs",
    "CspellSchema.OverrideSettings.NoSuggestDictionariArray.Mutable.cs",
    "CspellSchema.OverrideSettings.NoSuggestDictionariArray.cs",
    "CspellSchema.OverrideSettings.NumberOfSuggestionsToMake.JsonSchema.cs",
    "CspellSchema.OverrideSettings.NumberOfSuggestionsToMake.Mutable.cs",
    "CspellSchema.OverrideSettings.NumberOfSuggestionsToMake.cs",
    "CspellSchema.OverrideSettings.PnpFilesJsArray.JsonSchema.cs",
    "CspellSchema.OverrideSettings.PnpFilesJsArray.Mutable.cs",
    "CspellSchema.OverrideSettings.PnpFilesJsArray.cs",
    "CspellSchema.OverrideSettings.RegExpPatternDefinitionArray.JsonSchema.cs",
    "CspellSchema.OverrideSettings.RegExpPatternDefinitionArray.Mutable.cs",
    "CspellSchema.OverrideSettings.RegExpPatternDefinitionArray.cs",
    "CspellSchema.OverrideSettings.SuggestWorArray.JsonSchema.cs",
    "CspellSchema.OverrideSettings.SuggestWorArray.Mutable.cs",
    "CspellSchema.OverrideSettings.SuggestWorArray.cs",
    "CspellSchema.OverrideSettings.SuggestionNumChangesEntity.JsonSchema.cs",
    "CspellSchema.OverrideSettings.SuggestionNumChangesEntity.Mutable.cs",
    "CspellSchema.OverrideSettings.SuggestionNumChangesEntity.cs",
    "CspellSchema.OverrideSettings.SuggestionsTimeoutEntity.JsonSchema.cs",
    "CspellSchema.OverrideSettings.SuggestionsTimeoutEntity.Mutable.cs",
    "CspellSchema.OverrideSettings.SuggestionsTimeoutEntity.cs",
    "CspellSchema.OverrideSettings.TheMaximumNumberOfProblemsToReportInAFile.JsonSchema.cs",
    "CspellSchema.OverrideSettings.TheMaximumNumberOfProblemsToReportInAFile.Mutable.cs",
    "CspellSchema.OverrideSettings.TheMaximumNumberOfProblemsToReportInAFile.cs",
    "CspellSchema.OverrideSettings.UsePnPEntity.JsonSchema.cs",
    "CspellSchema.OverrideSettings.UsePnPEntity.Mutable.cs",
    "CspellSchema.OverrideSettings.UsePnPEntity.cs",
    "CspellSchema.OverrideSettings.cs",
    "CspellSchema.OverrideSettingsArray.JsonSchema.cs",
    "CspellSchema.OverrideSettingsArray.Mutable.cs",
    "CspellSchema.OverrideSettingsArray.cs",
    "CspellSchema.PatternAdjustment.JsonSchema.cs",
    "CspellSchema.PatternAdjustment.Mutable.cs",
    "CspellSchema.PatternAdjustment.cs",
    "CspellSchema.PatternRef.JsonSchema.cs",
    "CspellSchema.PatternRef.Mutable.cs",
    "CspellSchema.PatternRef.cs",
    "CspellSchema.PnpFilesJsArray.JsonSchema.cs",
    "CspellSchema.PnpFilesJsArray.Mutable.cs",
    "CspellSchema.PnpFilesJsArray.cs",
    "CspellSchema.PredefinedPatterns.JsonSchema.cs",
    "CspellSchema.PredefinedPatterns.Mutable.cs",
    "CspellSchema.PredefinedPatterns.cs",
    "CspellSchema.ReadonlyEntity.JsonSchema.cs",
    "CspellSchema.ReadonlyEntity.Mutable.cs",
    "CspellSchema.ReadonlyEntity.cs",
    "CspellSchema.RegExpPatternDefinition.JsonSchema.cs",
    "CspellSchema.RegExpPatternDefinition.Mutable.cs",
    "CspellSchema.RegExpPatternDefinition.RegExpPatternOrArrayOfRegExpPatterns.JsonSchema.cs",
    "CspellSchema.RegExpPatternDefinition.RegExpPatternOrArrayOfRegExpPatterns.JsonStringArray.JsonSchema.cs",
    "CspellSchema.RegExpPatternDefinition.RegExpPatternOrArrayOfRegExpPatterns.JsonStringArray.Mutable.cs",
    "CspellSchema.RegExpPatternDefinition.RegExpPatternOrArrayOfRegExpPatterns.JsonStringArray.cs",
    "CspellSchema.RegExpPatternDefinition.RegExpPatternOrArrayOfRegExpPatterns.Mutable.cs",
    "CspellSchema.RegExpPatternDefinition.RegExpPatternOrArrayOfRegExpPatterns.cs",
    "CspellSchema.RegExpPatternDefinition.cs",
    "CspellSchema.RegExpPatternDefinitionArray.JsonSchema.cs",
    "CspellSchema.RegExpPatternDefinitionArray.Mutable.cs",
    "CspellSchema.RegExpPatternDefinitionArray.cs",
    "CspellSchema.RegExpPatternList.JsonSchema.cs",
    "CspellSchema.RegExpPatternList.Mutable.cs",
    "CspellSchema.RegExpPatternList.cs",
    "CspellSchema.ReplaceEntry.JsonSchema.cs",
    "CspellSchema.ReplaceEntry.Mutable.cs",
    "CspellSchema.ReplaceEntry.cs",
    "CspellSchema.ReplaceMap.JsonSchema.cs",
    "CspellSchema.ReplaceMap.Mutable.cs",
    "CspellSchema.ReplaceMap.cs",
    "CspellSchema.ReporterSettings.AnyOf2Array.JsonSchema.cs",
    "CspellSchema.ReporterSettings.AnyOf2Array.Mutable.cs",
    "CspellSchema.ReporterSettings.AnyOf2Array.cs",
    "CspellSchema.ReporterSettings.JsonSchema.cs",
    "CspellSchema.ReporterSettings.JsonStringArray.JsonSchema.cs",
    "CspellSchema.ReporterSettings.JsonStringArray.Mutable.cs",
    "CspellSchema.ReporterSettings.JsonStringArray.cs",
    "CspellSchema.ReporterSettings.Mutable.cs",
    "CspellSchema.ReporterSettings.cs",
    "CspellSchema.ReporterSettingsArray.JsonSchema.cs",
    "CspellSchema.ReporterSettingsArray.Mutable.cs",
    "CspellSchema.ReporterSettingsArray.cs",
    "CspellSchema.Serializable.JsonSchema.cs",
    "CspellSchema.Serializable.Mutable.cs",
    "CspellSchema.Serializable.cs",
    "CspellSchema.SuggestWorArray.JsonSchema.cs",
    "CspellSchema.SuggestWorArray.Mutable.cs",
    "CspellSchema.SuggestWorArray.cs",
    "CspellSchema.SuggestionCostMapDef.JsonSchema.cs",
    "CspellSchema.SuggestionCostMapDef.Mutable.cs",
    "CspellSchema.SuggestionCostMapDef.cs",
    "CspellSchema.SuggestionCostsDefs.JsonSchema.cs",
    "CspellSchema.SuggestionCostsDefs.Mutable.cs",
    "CspellSchema.SuggestionCostsDefs.cs",
    "CspellSchema.SuggestionNumChangesEntity.JsonSchema.cs",
    "CspellSchema.SuggestionNumChangesEntity.Mutable.cs",
    "CspellSchema.SuggestionNumChangesEntity.cs",
    "CspellSchema.SuggestionsTimeoutEntity.JsonSchema.cs",
    "CspellSchema.SuggestionsTimeoutEntity.Mutable.cs",
    "CspellSchema.SuggestionsTimeoutEntity.cs",
    "CspellSchema.TheMaximumNumberOfProblemsToReportInAFile.JsonSchema.cs",
    "CspellSchema.TheMaximumNumberOfProblemsToReportInAFile.Mutable.cs",
    "CspellSchema.TheMaximumNumberOfProblemsToReportInAFile.cs",
    "CspellSchema.UrlToJsonSchema.JsonSchema.cs",
    "CspellSchema.UrlToJsonSchema.Mutable.cs",
    "CspellSchema.UrlToJsonSchema.cs",
    "CspellSchema.UseGitignoreEntity.JsonSchema.cs",
    "CspellSchema.UseGitignoreEntity.Mutable.cs",
    "CspellSchema.UseGitignoreEntity.cs",
    "CspellSchema.UsePnPEntity.JsonSchema.cs",
    "CspellSchema.UsePnPEntity.Mutable.cs",
    "CspellSchema.UsePnPEntity.cs",
    "CspellSchema.UserWordsJArray.JsonSchema.cs",
    "CspellSchema.UserWordsJArray.Mutable.cs",
    "CspellSchema.UserWordsJArray.cs",
    "CspellSchema.Version.JsonSchema.cs",
    "CspellSchema.Version.Mutable.cs",
    "CspellSchema.Version.cs",
    "CspellSchema.VersionLatest.JsonSchema.cs",
    "CspellSchema.VersionLatest.Mutable.cs",
    "CspellSchema.VersionLatest.cs",
    "CspellSchema.VersionLegacy.JsonSchema.cs",
    "CspellSchema.VersionLegacy.Mutable.cs",
    "CspellSchema.VersionLegacy.cs",
    "CspellSchema.cs",
    "JsonBoolean.JsonSchema.cs",
    "JsonBoolean.Mutable.cs",
    "JsonBoolean.cs",
    "JsonNull.JsonSchema.cs",
    "JsonNull.Mutable.cs",
    "JsonNull.cs",
    "JsonNumber.JsonSchema.cs",
    "JsonNumber.Mutable.cs",
    "JsonNumber.cs",
    "JsonObject.JsonSchema.cs",
    "JsonObject.Mutable.cs",
    "JsonObject.cs",
    "JsonString.JsonSchema.cs",
    "JsonString.Mutable.cs",
    "JsonString.cs"
  ]
}