
Microsoft Visual Studio Solution File, Format Version 12.00
# Visual Studio Version 18
VisualStudioVersion = 18.2.11430.68 d18.0
MinimumVisualStudioVersion = 10.0.40219.1
Project("{FAE04EC0-301F-11D3-BF4B-00C04F79EFBC}") = "Corvus.Json.Benchmarking", "Corvus.Json.Benchmarking\Corvus.Json.Benchmarking.csproj", "{D1227031-B358-4B5A-94BC-3CD28FEBADEC}"
EndProject
Project("{FAE04EC0-301F-11D3-BF4B-00C04F79EFBC}") = "Corvus.Json.CodeGeneration", "Corvus.Json.CodeGeneration\Corvus.Json.CodeGeneration.csproj", "{7F8BFC0B-3CBA-4202-8E51-63685EB3884A}"
EndProject
Project("{FAE04EC0-301F-11D3-BF4B-00C04F79EFBC}") = "Corvus.Json.CodeGeneration.201909", "Corvus.Json.CodeGeneration.201909\Corvus.Json.CodeGeneration.201909.csproj", "{D0DB7AA2-9D80-4BD2-8C26-8C3914D7F721}"
EndProject
Project("{FAE04EC0-301F-11D3-BF4B-00C04F79EFBC}") = "Corvus.Json.CodeGeneration.202012", "Corvus.Json.CodeGeneration.202012\Corvus.Json.CodeGeneration.202012.csproj", "{97DFF763-8EF1-48BE-849F-159F239B1040}"
EndProject
Project("{FAE04EC0-301F-11D3-BF4B-00C04F79EFBC}") = "Corvus.Json.CodeGeneration.4", "Corvus.Json.CodeGeneration.4\Corvus.Json.CodeGeneration.4.csproj", "{1C116DF6-5FB5-4188-B64F-C5D193272B58}"
EndProject
Project("{FAE04EC0-301F-11D3-BF4B-00C04F79EFBC}") = "Corvus.Json.CodeGeneration.6", "Corvus.Json.CodeGeneration.6\Corvus.Json.CodeGeneration.6.csproj", "{5700545E-730A-417A-8B61-252B76345F07}"
EndProject
Project("{FAE04EC0-301F-11D3-BF4B-00C04F79EFBC}") = "Corvus.Json.CodeGeneration.7", "Corvus.Json.CodeGeneration.7\Corvus.Json.CodeGeneration.7.csproj", "{5D0D6536-6350-43C6-BA2F-A488D265B3A9}"
EndProject
Project("{FAE04EC0-301F-11D3-BF4B-00C04F79EFBC}") = "Corvus.Json.CodeGeneration.CorvusVocabulary", "Corvus.Json.CodeGeneration.CorvusVocabulary\Corvus.Json.CodeGeneration.CorvusVocabulary.csproj", "{486C2B04-DCCF-4957-A580-AD9FD26541C4}"
EndProject
Project("{FAE04EC0-301F-11D3-BF4B-00C04F79EFBC}") = "Corvus.Json.CodeGeneration.CSharp", "Corvus.Json.CodeGeneration.CSharp\Corvus.Json.CodeGeneration.CSharp.csproj", "{90DC27A6-4526-40E8-9754-8428611E41F2}"
EndProject
Project("{FAE04EC0-301F-11D3-BF4B-00C04F79EFBC}") = "Corvus.Json.CodeGeneration.CSharp.QuickStart", "Corvus.Json.CodeGeneration.CSharp.QuickStart\Corvus.Json.CodeGeneration.CSharp.QuickStart.csproj", "{8FA2FA0A-D651-4B70-85CF-CB2C9EEFFF76}"
EndProject
Project("{FAE04EC0-301F-11D3-BF4B-00C04F79EFBC}") = "Corvus.Json.CodeGeneration.HttpClientDocumentResolver", "Corvus.Json.CodeGeneration.HttpClientDocumentResolver\Corvus.Json.CodeGeneration.HttpClientDocumentResolver.csproj", "{D24FD762-FD1D-4E0E-BF84-4C493E5F4912}"
EndProject
Project("{FAE04EC0-301F-11D3-BF4B-00C04F79EFBC}") = "Corvus.Json.CodeGeneration.OpenApi30", "Corvus.Json.CodeGeneration.OpenApi30\Corvus.Json.CodeGeneration.OpenApi30.csproj", "{85E4FD70-C057-45B5-963D-1F989CAC9596}"
EndProject
Project("{FAE04EC0-301F-11D3-BF4B-00C04F79EFBC}") = "Corvus.Json.CodeGeneration.YamlPreProcessor", "Corvus.Json.CodeGeneration.YamlPreProcessor\Corvus.Json.CodeGeneration.YamlPreProcessor.csproj", "{0FE726E3-64DD-462B-8986-17C9101161FE}"
EndProject
Project("{FAE04EC0-301F-11D3-BF4B-00C04F79EFBC}") = "Corvus.Json.CodeGenerator", "Corvus.Json.CodeGenerator\Corvus.Json.CodeGenerator.csproj", "{25351BBD-5E6A-4E64-821C-4CE03C858B4D}"
EndProject
Project("{FAE04EC0-301F-11D3-BF4B-00C04F79EFBC}") = "Corvus.Json.ExtendedTypes", "Corvus.Json.ExtendedTypes\Corvus.Json.ExtendedTypes.csproj", "{49266EDE-FDD4-4653-A5F2-3B7568CB8F1A}"
EndProject
Project("{FAE04EC0-301F-11D3-BF4B-00C04F79EFBC}") = "Corvus.Json.JsonReference", "Corvus.Json.JsonReference\Corvus.Json.JsonReference.csproj", "{DB878532-48E7-4FE2-9D18-F6D5F5EC258C}"
EndProject
Project("{FAE04EC0-301F-11D3-BF4B-00C04F79EFBC}") = "Corvus.Json.JsonSchema.Draft201909", "Corvus.Json.JsonSchema.Draft201909\Corvus.Json.JsonSchema.Draft201909.csproj", "{05ABCC12-D8B4-417E-BCDF-68A828BC8139}"
EndProject
Project("{FAE04EC0-301F-11D3-BF4B-00C04F79EFBC}") = "Corvus.Json.JsonSchema.Draft202012", "Corvus.Json.JsonSchema.Draft202012\Corvus.Json.JsonSchema.Draft202012.csproj", "{4821127F-5A20-4519-8A99-99C75A996F5E}"
EndProject
Project("{FAE04EC0-301F-11D3-BF4B-00C04F79EFBC}") = "Corvus.Json.JsonSchema.Draft4", "Corvus.Json.JsonSchema.Draft4\Corvus.Json.JsonSchema.Draft4.csproj", "{7321ABCA-97C6-4741-A694-F942A32E5278}"
EndProject
Project("{FAE04EC0-301F-11D3-BF4B-00C04F79EFBC}") = "Corvus.Json.JsonSchema.Draft6", "Corvus.Json.JsonSchema.Draft6\Corvus.Json.JsonSchema.Draft6.csproj", "{CDA89973-296A-4C33-9DC0-5CB89D3ECD6A}"
EndProject
Project("{FAE04EC0-301F-11D3-BF4B-00C04F79EFBC}") = "Corvus.Json.JsonSchema.Draft7", "Corvus.Json.JsonSchema.Draft7\Corvus.Json.JsonSchema.Draft7.csproj", "{B911032D-6AFC-4E86-9093-A26358AFDDF2}"
EndProject
Project("{FAE04EC0-301F-11D3-BF4B-00C04F79EFBC}") = "Corvus.Json.JsonSchema.OpenApi30", "Corvus.Json.JsonSchema.OpenApi30\Corvus.Json.JsonSchema.OpenApi30.csproj", "{BB95436C-301F-48BC-8CA4-30849ECD121D}"
EndProject
Project("{FAE04EC0-301F-11D3-BF4B-00C04F79EFBC}") = "Corvus.Json.JsonSchema.OpenApi31", "Corvus.Json.JsonSchema.OpenApi31\Corvus.Json.JsonSchema.OpenApi31.csproj", "{5019694E-8FF8-47D2-86DA-73BBCC977466}"
EndProject
Project("{FAE04EC0-301F-11D3-BF4B-00C04F79EFBC}") = "Corvus.Json.Patch", "Corvus.Json.Patch\Corvus.Json.Patch.csproj", "{830F934B-EFA9-4A0F-9AEA-0FEE0DF08B73}"
EndProject
Project("{FAE04EC0-301F-11D3-BF4B-00C04F79EFBC}") = "Corvus.Json.Patch.SpecGenerator", "Corvus.Json.Patch.SpecGenerator\Corvus.Json.Patch.SpecGenerator.csproj", "{59BD9C7F-31DA-4D16-8FF3-CB72374F393A}"
EndProject
Project("{FAE04EC0-301F-11D3-BF4B-00C04F79EFBC}") = "Corvus.Json.SourceGenerator", "Corvus.Json.SourceGenerator\Corvus.Json.SourceGenerator.csproj", "{B991B39B-A9DE-4C46-A6BB-F5EEA44C8E1F}"
EndProject
Project("{FAE04EC0-301F-11D3-BF4B-00C04F79EFBC}") = "Corvus.Json.Specs", "Corvus.Json.Specs\Corvus.Json.Specs.csproj", "{37D6B3AE-7C92-4C20-8DD0-A711EDEB0AC1}"
EndProject
Project("{FAE04EC0-301F-11D3-BF4B-00C04F79EFBC}") = "Corvus.Json.Validator", "Corvus.Json.Validator\Corvus.Json.Validator.csproj", "{1132630C-DA9B-47A8-942A-EB93F5CDDD8C}"
EndProject
Project("{FAE04EC0-301F-11D3-BF4B-00C04F79EFBC}") = "Corvus.JsonPatch.Benchmarking", "Corvus.JsonPatch.Benchmarking\Corvus.JsonPatch.Benchmarking.csproj", "{4CF2D345-EC8F-4A1A-980C-B6668836B143}"
EndProject
Project("{FAE04EC0-301F-11D3-BF4B-00C04F79EFBC}") = "Corvus.JsonSchema.SpecGenerator", "Corvus.JsonSchema.SpecGenerator\Corvus.JsonSchema.SpecGenerator.csproj", "{27686E80-726F-458B-AEAB-7CF7B6ABA5D4}"
EndProject
Project("{FAE04EC0-301F-11D3-BF4B-00C04F79EFBC}") = "Sandbox", "Sandbox\Sandbox.csproj", "{C2A65E18-0842-4DC6-8741-4523FA5A6D91}"
EndProject
Project("{FAE04EC0-301F-11D3-BF4B-00C04F79EFBC}") = "Sandbox.SourceGenerator", "Sandbox.SourceGenerator\Sandbox.SourceGenerator.csproj", "{4CEC0727-4132-4227-96D0-7A75F33E7F21}"
EndProject
Project("{FAE04EC0-301F-11D3-BF4B-00C04F79EFBC}") = "Corvus.Json.SourceGeneratorTools", "Corvus.Json.SourceGeneratorTools\Corvus.Json.SourceGeneratorTools.csproj", "{A7D7CAA6-0747-4CE4-9E7D-EB649C1B4246}"
EndProject
Project("{FAE04EC0-301F-11D3-BF4B-00C04F79EFBC}") = "Sandbox.NoGlobalUsings", "Sandbox.NoGlobalUsings\Sandbox.NoGlobalUsings.csproj", "{6D9F3F39-45E2-4B3A-821D-1073064812A9}"
EndProject
Project("{2150E333-8FDC-42A3-9474-1A3956D46DE8}") = "CodeGeneration", "CodeGeneration", "{02EA681E-C7D8-13C7-8484-4AC65E1B71E8}"
EndProject
Project("{2150E333-8FDC-42A3-9474-1A3956D46DE8}") = "Dialects", "Dialects", "{30D98060-7807-46E1-BC51-A0712820DF66}"
EndProject
Project("{2150E333-8FDC-42A3-9474-1A3956D46DE8}") = "CSharp", "CSharp", "{F6E781FA-DAEF-4E55-B7AA-C6B650B61680}"
EndProject
Project("{2150E333-8FDC-42A3-9474-1A3956D46DE8}") = "MetaSchema", "MetaSchema", "{7F7B02B0-4A86-43BF-8AE2-2C550D8EA44A}"
EndProject
Project("{2150E333-8FDC-42A3-9474-1A3956D46DE8}") = "SourceGenerator", "SourceGenerator", "{FA2BAFA4-A8B6-479A-AB4C-BBFCA25D27A9}"
EndProject
Project("{2150E333-8FDC-42A3-9474-1A3956D46DE8}") = "JsonExtendedTypes", "JsonExtendedTypes", "{43050061-B095-451A-961A-008B09F4F757}"
EndProject
Project("{2150E333-8FDC-42A3-9474-1A3956D46DE8}") = "Patch", "Patch", "{E5378883-3F4A-4F0D-9479-97DCE5DB3893}"
EndProject
Project("{2150E333-8FDC-42A3-9474-1A3956D46DE8}") = ".Specs", ".Specs", "{D2E9E1BB-9ADE-4A9F-945E-5DCAEA860E80}"
EndProject
Project("{2150E333-8FDC-42A3-9474-1A3956D46DE8}") = "Generators", "Generators", "{907DC949-3413-4A70-AC7F-D7307DF1440A}"
EndProject
Project("{2150E333-8FDC-42A3-9474-1A3956D46DE8}") = ".Benchmarks", ".Benchmarks", "{84F1BA3C-E065-4C83-9A32-4571F6177724}"
EndProject
Project("{2150E333-8FDC-42A3-9474-1A3956D46DE8}") = ".Sandboxes", ".Sandboxes", "{4AEFC523-70EA-4ACC-A424-F8FF8D4F285A}"
EndProject
Project("{FAE04EC0-301F-11D3-BF4B-00C04F79EFBC}") = "Corvus.Json.CodeGeneration.OpenApi31", "Corvus.Json.CodeGeneration.OpenApi31\Corvus.Json.CodeGeneration.OpenApi31.csproj", "{589ED819-DE6C-ABF5-07DC-FCF11D666FCF}"
EndProject
Project("{FAE04EC0-301F-11D3-BF4B-00C04F79EFBC}") = "Sandbox.NetStandard21", "Sandbox.NetStandard21\Sandbox.NetStandard21.csproj", "{E7D530C9-462A-46DA-BCEB-54A249C975B8}"
EndProject
Project("{FAE04EC0-301F-11D3-BF4B-00C04F79EFBC}") = "Corvus.Json.SourceGeneratorTools.ForLanguageProvider", "Corvus.Json.SourceGeneratorTools.ForLanguageProvider\Corvus.Json.SourceGeneratorTools.ForLanguageProvider.csproj", "{97BE8BE6-F8BC-67EA-0209-8DC4C35DA096}"
EndProject
Global
	GlobalSection(SolutionConfigurationPlatforms) = preSolution
		Debug|Any CPU = Debug|Any CPU
		Release|Any CPU = Release|Any CPU
	EndGlobalSection
	GlobalSection(ProjectConfigurationPlatforms) = postSolution
		{D1227031-B358-4B5A-94BC-3CD28FEBADEC}.Debug|Any CPU.ActiveCfg = Debug|Any CPU
		{D1227031-B358-4B5A-94BC-3CD28FEBADEC}.Debug|Any CPU.Build.0 = Debug|Any CPU
		{D1227031-B358-4B5A-94BC-3CD28FEBADEC}.Release|Any CPU.ActiveCfg = Release|Any CPU
		{D1227031-B358-4B5A-94BC-3CD28FEBADEC}.Release|Any CPU.Build.0 = Release|Any CPU
		{7F8BFC0B-3CBA-4202-8E51-63685EB3884A}.Debug|Any CPU.ActiveCfg = Debug|Any CPU
		{7F8BFC0B-3CBA-4202-8E51-63685EB3884A}.Debug|Any CPU.Build.0 = Debug|Any CPU
		{7F8BFC0B-3CBA-4202-8E51-63685EB3884A}.Release|Any CPU.ActiveCfg = Release|Any CPU
		{7F8BFC0B-3CBA-4202-8E51-63685EB3884A}.Release|Any CPU.Build.0 = Release|Any CPU
		{D0DB7AA2-9D80-4BD2-8C26-8C3914D7F721}.Debug|Any CPU.ActiveCfg = Debug|Any CPU
		{D0DB7AA2-9D80-4BD2-8C26-8C3914D7F721}.Debug|Any CPU.Build.0 = Debug|Any CPU
		{D0DB7AA2-9D80-4BD2-8C26-8C3914D7F721}.Release|Any CPU.ActiveCfg = Release|Any CPU
		{D0DB7AA2-9D80-4BD2-8C26-8C3914D7F721}.Release|Any CPU.Build.0 = Release|Any CPU
		{97DFF763-8EF1-48BE-849F-159F239B1040}.Debug|Any CPU.ActiveCfg = Debug|Any CPU
		{97DFF763-8EF1-48BE-849F-159F239B1040}.Debug|Any CPU.Build.0 = Debug|Any CPU
		{97DFF763-8EF1-48BE-849F-159F239B1040}.Release|Any CPU.ActiveCfg = Release|Any CPU
		{97DFF763-8EF1-48BE-849F-159F239B1040}.Release|Any CPU.Build.0 = Release|Any CPU
		{1C116DF6-5FB5-4188-B64F-C5D193272B58}.Debug|Any CPU.ActiveCfg = Debug|Any CPU
		{1C116DF6-5FB5-4188-B64F-C5D193272B58}.Debug|Any CPU.Build.0 = Debug|Any CPU
		{1C116DF6-5FB5-4188-B64F-C5D193272B58}.Release|Any CPU.ActiveCfg = Release|Any CPU
		{1C116DF6-5FB5-4188-B64F-C5D193272B58}.Release|Any CPU.Build.0 = Release|Any CPU
		{5700545E-730A-417A-8B61-252B76345F07}.Debug|Any CPU.ActiveCfg = Debug|Any CPU
		{5700545E-730A-417A-8B61-252B76345F07}.Debug|Any CPU.Build.0 = Debug|Any CPU
		{5700545E-730A-417A-8B61-252B76345F07}.Release|Any CPU.ActiveCfg = Release|Any CPU
		{5700545E-730A-417A-8B61-252B76345F07}.Release|Any CPU.Build.0 = Release|Any CPU
		{5D0D6536-6350-43C6-BA2F-A488D265B3A9}.Debug|Any CPU.ActiveCfg = Debug|Any CPU
		{5D0D6536-6350-43C6-BA2F-A488D265B3A9}.Debug|Any CPU.Build.0 = Debug|Any CPU
		{5D0D6536-6350-43C6-BA2F-A488D265B3A9}.Release|Any CPU.ActiveCfg = Release|Any CPU
		{5D0D6536-6350-43C6-BA2F-A488D265B3A9}.Release|Any CPU.Build.0 = Release|Any CPU
		{486C2B04-DCCF-4957-A580-AD9FD26541C4}.Debug|Any CPU.ActiveCfg = Debug|Any CPU
		{486C2B04-DCCF-4957-A580-AD9FD26541C4}.Debug|Any CPU.Build.0 = Debug|Any CPU
		{486C2B04-DCCF-4957-A580-AD9FD26541C4}.Release|Any CPU.ActiveCfg = Release|Any CPU
		{486C2B04-DCCF-4957-A580-AD9FD26541C4}.Release|Any CPU.Build.0 = Release|Any CPU
		{90DC27A6-4526-40E8-9754-8428611E41F2}.Debug|Any CPU.ActiveCfg = Debug|Any CPU
		{90DC27A6-4526-40E8-9754-8428611E41F2}.Debug|Any CPU.Build.0 = Debug|Any CPU
		{90DC27A6-4526-40E8-9754-8428611E41F2}.Release|Any CPU.ActiveCfg = Release|Any CPU
		{90DC27A6-4526-40E8-9754-8428611E41F2}.Release|Any CPU.Build.0 = Release|Any CPU
		{8FA2FA0A-D651-4B70-85CF-CB2C9EEFFF76}.Debug|Any CPU.ActiveCfg = Debug|Any CPU
		{8FA2FA0A-D651-4B70-85CF-CB2C9EEFFF76}.Debug|Any CPU.Build.0 = Debug|Any CPU
		{8FA2FA0A-D651-4B70-85CF-CB2C9EEFFF76}.Release|Any CPU.ActiveCfg = Release|Any CPU
		{8FA2FA0A-D651-4B70-85CF-CB2C9EEFFF76}.Release|Any CPU.Build.0 = Release|Any CPU
		{D24FD762-FD1D-4E0E-BF84-4C493E5F4912}.Debug|Any CPU.ActiveCfg = Debug|Any CPU
		{D24FD762-FD1D-4E0E-BF84-4C493E5F4912}.Debug|Any CPU.Build.0 = Debug|Any CPU
		{D24FD762-FD1D-4E0E-BF84-4C493E5F4912}.Release|Any CPU.ActiveCfg = Release|Any CPU
		{D24FD762-FD1D-4E0E-BF84-4C493E5F4912}.Release|Any CPU.Build.0 = Release|Any CPU
		{85E4FD70-C057-45B5-963D-1F989CAC9596}.Debug|Any CPU.ActiveCfg = Debug|Any CPU
		{85E4FD70-C057-45B5-963D-1F989CAC9596}.Debug|Any CPU.Build.0 = Debug|Any CPU
		{85E4FD70-C057-45B5-963D-1F989CAC9596}.Release|Any CPU.ActiveCfg = Release|Any CPU
		{85E4FD70-C057-45B5-963D-1F989CAC9596}.Release|Any CPU.Build.0 = Release|Any CPU
		{0FE726E3-64DD-462B-8986-17C9101161FE}.Debug|Any CPU.ActiveCfg = Debug|Any CPU
		{0FE726E3-64DD-462B-8986-17C9101161FE}.Debug|Any CPU.Build.0 = Debug|Any CPU
		{0FE726E3-64DD-462B-8986-17C9101161FE}.Release|Any CPU.ActiveCfg = Release|Any CPU
		{0FE726E3-64DD-462B-8986-17C9101161FE}.Release|Any CPU.Build.0 = Release|Any CPU
		{25351BBD-5E6A-4E64-821C-4CE03C858B4D}.Debug|Any CPU.ActiveCfg = Debug|Any CPU
		{25351BBD-5E6A-4E64-821C-4CE03C858B4D}.Debug|Any CPU.Build.0 = Debug|Any CPU
		{25351BBD-5E6A-4E64-821C-4CE03C858B4D}.Release|Any CPU.ActiveCfg = Release|Any CPU
		{25351BBD-5E6A-4E64-821C-4CE03C858B4D}.Release|Any CPU.Build.0 = Release|Any CPU
		{49266EDE-FDD4-4653-A5F2-3B7568CB8F1A}.Debug|Any CPU.ActiveCfg = Debug|Any CPU
		{49266EDE-FDD4-4653-A5F2-3B7568CB8F1A}.Debug|Any CPU.Build.0 = Debug|Any CPU
		{49266EDE-FDD4-4653-A5F2-3B7568CB8F1A}.Release|Any CPU.ActiveCfg = Release|Any CPU
		{49266EDE-FDD4-4653-A5F2-3B7568CB8F1A}.Release|Any CPU.Build.0 = Release|Any CPU
		{DB878532-48E7-4FE2-9D18-F6D5F5EC258C}.Debug|Any CPU.ActiveCfg = Debug|Any CPU
		{DB878532-48E7-4FE2-9D18-F6D5F5EC258C}.Debug|Any CPU.Build.0 = Debug|Any CPU
		{DB878532-48E7-4FE2-9D18-F6D5F5EC258C}.Release|Any CPU.ActiveCfg = Release|Any CPU
		{DB878532-48E7-4FE2-9D18-F6D5F5EC258C}.Release|Any CPU.Build.0 = Release|Any CPU
		{05ABCC12-D8B4-417E-BCDF-68A828BC8139}.Debug|Any CPU.ActiveCfg = Debug|Any CPU
		{05ABCC12-D8B4-417E-BCDF-68A828BC8139}.Debug|Any CPU.Build.0 = Debug|Any CPU
		{05ABCC12-D8B4-417E-BCDF-68A828BC8139}.Release|Any CPU.ActiveCfg = Release|Any CPU
		{05ABCC12-D8B4-417E-BCDF-68A828BC8139}.Release|Any CPU.Build.0 = Release|Any CPU
		{4821127F-5A20-4519-8A99-99C75A996F5E}.Debug|Any CPU.ActiveCfg = Debug|Any CPU
		{4821127F-5A20-4519-8A99-99C75A996F5E}.Debug|Any CPU.Build.0 = Debug|Any CPU
		{4821127F-5A20-4519-8A99-99C75A996F5E}.Release|Any CPU.ActiveCfg = Release|Any CPU
		{4821127F-5A20-4519-8A99-99C75A996F5E}.Release|Any CPU.Build.0 = Release|Any CPU
		{7321ABCA-97C6-4741-A694-F942A32E5278}.Debug|Any CPU.ActiveCfg = Debug|Any CPU
		{7321ABCA-97C6-4741-A694-F942A32E5278}.Debug|Any CPU.Build.0 = Debug|Any CPU
		{7321ABCA-97C6-4741-A694-F942A32E5278}.Release|Any CPU.ActiveCfg = Release|Any CPU
		{7321ABCA-97C6-4741-A694-F942A32E5278}.Release|Any CPU.Build.0 = Release|Any CPU
		{CDA89973-296A-4C33-9DC0-5CB89D3ECD6A}.Debug|Any CPU.ActiveCfg = Debug|Any CPU
		{CDA89973-296A-4C33-9DC0-5CB89D3ECD6A}.Debug|Any CPU.Build.0 = Debug|Any CPU
		{CDA89973-296A-4C33-9DC0-5CB89D3ECD6A}.Release|Any CPU.ActiveCfg = Release|Any CPU
		{CDA89973-296A-4C33-9DC0-5CB89D3ECD6A}.Release|Any CPU.Build.0 = Release|Any CPU
		{B911032D-6AFC-4E86-9093-A26358AFDDF2}.Debug|Any CPU.ActiveCfg = Debug|Any CPU
		{B911032D-6AFC-4E86-9093-A26358AFDDF2}.Debug|Any CPU.Build.0 = Debug|Any CPU
		{B911032D-6AFC-4E86-9093-A26358AFDDF2}.Release|Any CPU.ActiveCfg = Release|Any CPU
		{B911032D-6AFC-4E86-9093-A26358AFDDF2}.Release|Any CPU.Build.0 = Release|Any CPU
		{BB95436C-301F-48BC-8CA4-30849ECD121D}.Debug|Any CPU.ActiveCfg = Debug|Any CPU
		{BB95436C-301F-48BC-8CA4-30849ECD121D}.Debug|Any CPU.Build.0 = Debug|Any CPU
		{BB95436C-301F-48BC-8CA4-30849ECD121D}.Release|Any CPU.ActiveCfg = Release|Any CPU
		{BB95436C-301F-48BC-8CA4-30849ECD121D}.Release|Any CPU.Build.0 = Release|Any CPU
		{5019694E-8FF8-47D2-86DA-73BBCC977466}.Debug|Any CPU.ActiveCfg = Debug|Any CPU
		{5019694E-8FF8-47D2-86DA-73BBCC977466}.Debug|Any CPU.Build.0 = Debug|Any CPU
		{5019694E-8FF8-47D2-86DA-73BBCC977466}.Release|Any CPU.ActiveCfg = Release|Any CPU
		{5019694E-8FF8-47D2-86DA-73BBCC977466}.Release|Any CPU.Build.0 = Release|Any CPU
		{830F934B-EFA9-4A0F-9AEA-0FEE0DF08B73}.Debug|Any CPU.ActiveCfg = Debug|Any CPU
		{830F934B-EFA9-4A0F-9AEA-0FEE0DF08B73}.Debug|Any CPU.Build.0 = Debug|Any CPU
		{830F934B-EFA9-4A0F-9AEA-0FEE0DF08B73}.Release|Any CPU.ActiveCfg = Release|Any CPU
		{830F934B-EFA9-4A0F-9AEA-0FEE0DF08B73}.Release|Any CPU.Build.0 = Release|Any CPU
		{59BD9C7F-31DA-4D16-8FF3-CB72374F393A}.Debug|Any CPU.ActiveCfg = Debug|Any CPU
		{59BD9C7F-31DA-4D16-8FF3-CB72374F393A}.Debug|Any CPU.Build.0 = Debug|Any CPU
		{59BD9C7F-31DA-4D16-8FF3-CB72374F393A}.Release|Any CPU.ActiveCfg = Release|Any CPU
		{59BD9C7F-31DA-4D16-8FF3-CB72374F393A}.Release|Any CPU.Build.0 = Release|Any CPU
		{B991B39B-A9DE-4C46-A6BB-F5EEA44C8E1F}.Debug|Any CPU.ActiveCfg = Debug|Any CPU
		{B991B39B-A9DE-4C46-A6BB-F5EEA44C8E1F}.Debug|Any CPU.Build.0 = Debug|Any CPU
		{B991B39B-A9DE-4C46-A6BB-F5EEA44C8E1F}.Release|Any CPU.ActiveCfg = Release|Any CPU
		{B991B39B-A9DE-4C46-A6BB-F5EEA44C8E1F}.Release|Any CPU.Build.0 = Release|Any CPU
		{37D6B3AE-7C92-4C20-8DD0-A711EDEB0AC1}.Debug|Any CPU.ActiveCfg = Debug|Any CPU
		{37D6B3AE-7C92-4C20-8DD0-A711EDEB0AC1}.Debug|Any CPU.Build.0 = Debug|Any CPU
		{37D6B3AE-7C92-4C20-8DD0-A711EDEB0AC1}.Release|Any CPU.ActiveCfg = Release|Any CPU
		{37D6B3AE-7C92-4C20-8DD0-A711EDEB0AC1}.Release|Any CPU.Build.0 = Release|Any CPU
		{1132630C-DA9B-47A8-942A-EB93F5CDDD8C}.Debug|Any CPU.ActiveCfg = Debug|Any CPU
		{1132630C-DA9B-47A8-942A-EB93F5CDDD8C}.Debug|Any CPU.Build.0 = Debug|Any CPU
		{1132630C-DA9B-47A8-942A-EB93F5CDDD8C}.Release|Any CPU.ActiveCfg = Release|Any CPU
		{1132630C-DA9B-47A8-942A-EB93F5CDDD8C}.Release|Any CPU.Build.0 = Release|Any CPU
		{4CF2D345-EC8F-4A1A-980C-B6668836B143}.Debug|Any CPU.ActiveCfg = Debug|Any CPU
		{4CF2D345-EC8F-4A1A-980C-B6668836B143}.Debug|Any CPU.Build.0 = Debug|Any CPU
		{4CF2D345-EC8F-4A1A-980C-B6668836B143}.Release|Any CPU.ActiveCfg = Release|Any CPU
		{4CF2D345-EC8F-4A1A-980C-B6668836B143}.Release|Any CPU.Build.0 = Release|Any CPU
		{27686E80-726F-458B-AEAB-7CF7B6ABA5D4}.Debug|Any CPU.ActiveCfg = Debug|Any CPU
		{27686E80-726F-458B-AEAB-7CF7B6ABA5D4}.Debug|Any CPU.Build.0 = Debug|Any CPU
		{27686E80-726F-458B-AEAB-7CF7B6ABA5D4}.Release|Any CPU.ActiveCfg = Release|Any CPU
		{27686E80-726F-458B-AEAB-7CF7B6ABA5D4}.Release|Any CPU.Build.0 = Release|Any CPU
		{C2A65E18-0842-4DC6-8741-4523FA5A6D91}.Debug|Any CPU.ActiveCfg = Debug|Any CPU
		{C2A65E18-0842-4DC6-8741-4523FA5A6D91}.Debug|Any CPU.Build.0 = Debug|Any CPU
		{C2A65E18-0842-4DC6-8741-4523FA5A6D91}.Release|Any CPU.ActiveCfg = Release|Any CPU
		{C2A65E18-0842-4DC6-8741-4523FA5A6D91}.Release|Any CPU.Build.0 = Release|Any CPU
		{4CEC0727-4132-4227-96D0-7A75F33E7F21}.Debug|Any CPU.ActiveCfg = Debug|Any CPU
		{4CEC0727-4132-4227-96D0-7A75F33E7F21}.Debug|Any CPU.Build.0 = Debug|Any CPU
		{4CEC0727-4132-4227-96D0-7A75F33E7F21}.Release|Any CPU.ActiveCfg = Release|Any CPU
		{4CEC0727-4132-4227-96D0-7A75F33E7F21}.Release|Any CPU.Build.0 = Release|Any CPU
		{A7D7CAA6-0747-4CE4-9E7D-EB649C1B4246}.Debug|Any CPU.ActiveCfg = Debug|Any CPU
		{A7D7CAA6-0747-4CE4-9E7D-EB649C1B4246}.Debug|Any CPU.Build.0 = Debug|Any CPU
		{A7D7CAA6-0747-4CE4-9E7D-EB649C1B4246}.Release|Any CPU.ActiveCfg = Release|Any CPU
		{A7D7CAA6-0747-4CE4-9E7D-EB649C1B4246}.Release|Any CPU.Build.0 = Release|Any CPU
		{6D9F3F39-45E2-4B3A-821D-1073064812A9}.Debug|Any CPU.ActiveCfg = Debug|Any CPU
		{6D9F3F39-45E2-4B3A-821D-1073064812A9}.Debug|Any CPU.Build.0 = Debug|Any CPU
		{6D9F3F39-45E2-4B3A-821D-1073064812A9}.Release|Any CPU.ActiveCfg = Release|Any CPU
		{6D9F3F39-45E2-4B3A-821D-1073064812A9}.Release|Any CPU.Build.0 = Release|Any CPU
		{589ED819-DE6C-ABF5-07DC-FCF11D666FCF}.Debug|Any CPU.ActiveCfg = Debug|Any CPU
		{589ED819-DE6C-ABF5-07DC-FCF11D666FCF}.Debug|Any CPU.Build.0 = Debug|Any CPU
		{589ED819-DE6C-ABF5-07DC-FCF11D666FCF}.Release|Any CPU.ActiveCfg = Release|Any CPU
		{589ED819-DE6C-ABF5-07DC-FCF11D666FCF}.Release|Any CPU.Build.0 = Release|Any CPU
		{E7D530C9-462A-46DA-BCEB-54A249C975B8}.Debug|Any CPU.ActiveCfg = Debug|Any CPU
		{E7D530C9-462A-46DA-BCEB-54A249C975B8}.Debug|Any CPU.Build.0 = Debug|Any CPU
		{E7D530C9-462A-46DA-BCEB-54A249C975B8}.Release|Any CPU.ActiveCfg = Release|Any CPU
		{E7D530C9-462A-46DA-BCEB-54A249C975B8}.Release|Any CPU.Build.0 = Release|Any CPU
		{97BE8BE6-F8BC-67EA-0209-8DC4C35DA096}.Debug|Any CPU.ActiveCfg = Debug|Any CPU
		{97BE8BE6-F8BC-67EA-0209-8DC4C35DA096}.Debug|Any CPU.Build.0 = Debug|Any CPU
		{97BE8BE6-F8BC-67EA-0209-8DC4C35DA096}.Release|Any CPU.ActiveCfg = Release|Any CPU
		{97BE8BE6-F8BC-67EA-0209-8DC4C35DA096}.Release|Any CPU.Build.0 = Release|Any CPU
	EndGlobalSection
	GlobalSection(SolutionProperties) = preSolution
		HideSolutionNode = FALSE
	EndGlobalSection
	GlobalSection(NestedProjects) = preSolution
		{D1227031-B358-4B5A-94BC-3CD28FEBADEC} = {84F1BA3C-E065-4C83-9A32-4571F6177724}
		{7F8BFC0B-3CBA-4202-8E51-63685EB3884A} = {02EA681E-C7D8-13C7-8484-4AC65E1B71E8}
		{D0DB7AA2-9D80-4BD2-8C26-8C3914D7F721} = {30D98060-7807-46E1-BC51-A0712820DF66}
		{97DFF763-8EF1-48BE-849F-159F239B1040} = {30D98060-7807-46E1-BC51-A0712820DF66}
		{1C116DF6-5FB5-4188-B64F-C5D193272B58} = {30D98060-7807-46E1-BC51-A0712820DF66}
		{5700545E-730A-417A-8B61-252B76345F07} = {30D98060-7807-46E1-BC51-A0712820DF66}
		{5D0D6536-6350-43C6-BA2F-A488D265B3A9} = {30D98060-7807-46E1-BC51-A0712820DF66}
		{486C2B04-DCCF-4957-A580-AD9FD26541C4} = {30D98060-7807-46E1-BC51-A0712820DF66}
		{90DC27A6-4526-40E8-9754-8428611E41F2} = {F6E781FA-DAEF-4E55-B7AA-C6B650B61680}
		{8FA2FA0A-D651-4B70-85CF-CB2C9EEFFF76} = {F6E781FA-DAEF-4E55-B7AA-C6B650B61680}
		{D24FD762-FD1D-4E0E-BF84-4C493E5F4912} = {02EA681E-C7D8-13C7-8484-4AC65E1B71E8}
		{85E4FD70-C057-45B5-963D-1F989CAC9596} = {30D98060-7807-46E1-BC51-A0712820DF66}
		{0FE726E3-64DD-462B-8986-17C9101161FE} = {02EA681E-C7D8-13C7-8484-4AC65E1B71E8}
		{49266EDE-FDD4-4653-A5F2-3B7568CB8F1A} = {43050061-B095-451A-961A-008B09F4F757}
		{DB878532-48E7-4FE2-9D18-F6D5F5EC258C} = {43050061-B095-451A-961A-008B09F4F757}
		{05ABCC12-D8B4-417E-BCDF-68A828BC8139} = {7F7B02B0-4A86-43BF-8AE2-2C550D8EA44A}
		{4821127F-5A20-4519-8A99-99C75A996F5E} = {7F7B02B0-4A86-43BF-8AE2-2C550D8EA44A}
		{7321ABCA-97C6-4741-A694-F942A32E5278} = {7F7B02B0-4A86-43BF-8AE2-2C550D8EA44A}
		{CDA89973-296A-4C33-9DC0-5CB89D3ECD6A} = {7F7B02B0-4A86-43BF-8AE2-2C550D8EA44A}
		{B911032D-6AFC-4E86-9093-A26358AFDDF2} = {7F7B02B0-4A86-43BF-8AE2-2C550D8EA44A}
		{BB95436C-301F-48BC-8CA4-30849ECD121D} = {7F7B02B0-4A86-43BF-8AE2-2C550D8EA44A}
		{5019694E-8FF8-47D2-86DA-73BBCC977466} = {7F7B02B0-4A86-43BF-8AE2-2C550D8EA44A}
		{830F934B-EFA9-4A0F-9AEA-0FEE0DF08B73} = {E5378883-3F4A-4F0D-9479-97DCE5DB3893}
		{59BD9C7F-31DA-4D16-8FF3-CB72374F393A} = {907DC949-3413-4A70-AC7F-D7307DF1440A}
		{B991B39B-A9DE-4C46-A6BB-F5EEA44C8E1F} = {FA2BAFA4-A8B6-479A-AB4C-BBFCA25D27A9}
		{37D6B3AE-7C92-4C20-8DD0-A711EDEB0AC1} = {D2E9E1BB-9ADE-4A9F-945E-5DCAEA860E80}
		{4CF2D345-EC8F-4A1A-980C-B6668836B143} = {84F1BA3C-E065-4C83-9A32-4571F6177724}
		{27686E80-726F-458B-AEAB-7CF7B6ABA5D4} = {907DC949-3413-4A70-AC7F-D7307DF1440A}
		{C2A65E18-0842-4DC6-8741-4523FA5A6D91} = {4AEFC523-70EA-4ACC-A424-F8FF8D4F285A}
		{4CEC0727-4132-4227-96D0-7A75F33E7F21} = {4AEFC523-70EA-4ACC-A424-F8FF8D4F285A}
		{A7D7CAA6-0747-4CE4-9E7D-EB649C1B4246} = {FA2BAFA4-A8B6-479A-AB4C-BBFCA25D27A9}
		{6D9F3F39-45E2-4B3A-821D-1073064812A9} = {4AEFC523-70EA-4ACC-A424-F8FF8D4F285A}
		{30D98060-7807-46E1-BC51-A0712820DF66} = {02EA681E-C7D8-13C7-8484-4AC65E1B71E8}
		{F6E781FA-DAEF-4E55-B7AA-C6B650B61680} = {02EA681E-C7D8-13C7-8484-4AC65E1B71E8}
		{907DC949-3413-4A70-AC7F-D7307DF1440A} = {D2E9E1BB-9ADE-4A9F-945E-5DCAEA860E80}
		{589ED819-DE6C-ABF5-07DC-FCF11D666FCF} = {30D98060-7807-46E1-BC51-A0712820DF66}
		{E7D530C9-462A-46DA-BCEB-54A249C975B8} = {4AEFC523-70EA-4ACC-A424-F8FF8D4F285A}
		{97BE8BE6-F8BC-67EA-0209-8DC4C35DA096} = {FA2BAFA4-A8B6-479A-AB4C-BBFCA25D27A9}
	EndGlobalSection
	GlobalSection(ExtensibilityGlobals) = postSolution
		SolutionGuid = {A9FB3137-5BE5-44D0-86AC-4BC1DA4BA066}
	EndGlobalSection
EndGlobal
