
Microsoft Visual Studio Solution File, Format Version 12.00
# Visual Studio Version 17
VisualStudioVersion = 17.5.002.0
MinimumVisualStudioVersion = 10.0.40219.1
Project("{9A19103F-16F7-4668-BE54-9A1E7A4F7556}") = "Corvus.Json.Benchmarking", "Corvus.Json.Benchmarking.csproj", "{F2F53B65-4D0C-4E1D-9AC0-0E68E37F4FA1}"
EndProject
Project("{2150E333-8FDC-42A3-9474-1A3956D46DE8}") = "bin", "bin", "{3DE87096-44ED-4282-B8DC-64EE89187A97}"
EndProject
Project("{2150E333-8FDC-42A3-9474-1A3956D46DE8}") = "Release", "Release", "{1D6B9B37-BCF9-4109-8295-1A01C7C60B1C}"
EndProject
Project("{2150E333-8FDC-42A3-9474-1A3956D46DE8}") = "net481", "net481", "{3DE27E86-C562-43E7-9EE8-5A4E229F853E}"
EndProject
Project("{9A19103F-16F7-4668-BE54-9A1E7A4F7556}") = "BenchmarkDotNet.Autogenerated", "bin\Release\net481\423560e8-80ae-49ce-b503-c8960177f0af\BenchmarkDotNet.Autogenerated.csproj", "{170C7CBC-09A7-443F-9ED7-AC8B0E281C96}"
EndProject
Project("{9A19103F-16F7-4668-BE54-9A1E7A4F7556}") = "BenchmarkDotNet.Autogenerated (1)", "bin\Release\net481\7cecda2d-71e5-40ee-93b7-66539ea0a410\BenchmarkDotNet.Autogenerated.csproj", "{40F9121F-5B74-4AEB-A1E7-ED352DD856C2}"
EndProject
Project("{9A19103F-16F7-4668-BE54-9A1E7A4F7556}") = "BenchmarkDotNet.Autogenerated (2)", "bin\Release\net481\eda2cf42-0ce6-4b5d-93d7-1496fa5aa8cd\BenchmarkDotNet.Autogenerated.csproj", "{BB4C43C5-A82D-4DB3-94F8-F2633E829C03}"
EndProject
Project("{2150E333-8FDC-42A3-9474-1A3956D46DE8}") = "net8.0", "net8.0", "{C3B3A949-3456-4DD7-9F6C-58DB1218DE5A}"
EndProject
Project("{9A19103F-16F7-4668-BE54-9A1E7A4F7556}") = "BenchmarkDotNet.Autogenerated", "bin\Release\net8.0\00aa5f58-4b41-4e69-be5c-df78f7765de1\BenchmarkDotNet.Autogenerated.csproj", "{6397AA21-F472-4BC8-95E3-86D8F1879C63}"
EndProject
Project("{9A19103F-16F7-4668-BE54-9A1E7A4F7556}") = "BenchmarkDotNet.Autogenerated (1)", "bin\Release\net8.0\2caea120-9be3-4e35-974f-c788a96519ca\BenchmarkDotNet.Autogenerated.csproj", "{B2D477A1-14E4-453D-A282-2426974F66F0}"
EndProject
Project("{9A19103F-16F7-4668-BE54-9A1E7A4F7556}") = "BenchmarkDotNet.Autogenerated (2)", "bin\Release\net8.0\980e35f1-e6bd-4024-abf2-d4d853af1557\BenchmarkDotNet.Autogenerated.csproj", "{60544673-1AD5-4924-94FC-15152CC8FEE7}"
EndProject
Project("{9A19103F-16F7-4668-BE54-9A1E7A4F7556}") = "BenchmarkDotNet.Autogenerated (3)", "bin\Release\net8.0\f768496a-6ac7-4d05-85aa-10bd786e7269\BenchmarkDotNet.Autogenerated.csproj", "{7119505E-701B-4A3B-95F3-CE4B82C905EA}"
EndProject
Global
	GlobalSection(SolutionConfigurationPlatforms) = preSolution
		Debug|Any CPU = Debug|Any CPU
		Release|Any CPU = Release|Any CPU
	EndGlobalSection
	GlobalSection(ProjectConfigurationPlatforms) = postSolution
		{F2F53B65-4D0C-4E1D-9AC0-0E68E37F4FA1}.Debug|Any CPU.ActiveCfg = Debug|Any CPU
		{F2F53B65-4D0C-4E1D-9AC0-0E68E37F4FA1}.Debug|Any CPU.Build.0 = Debug|Any CPU
		{F2F53B65-4D0C-4E1D-9AC0-0E68E37F4FA1}.Release|Any CPU.ActiveCfg = Release|Any CPU
		{F2F53B65-4D0C-4E1D-9AC0-0E68E37F4FA1}.Release|Any CPU.Build.0 = Release|Any CPU
		{170C7CBC-09A7-443F-9ED7-AC8B0E281C96}.Debug|Any CPU.ActiveCfg = Debug|Any CPU
		{170C7CBC-09A7-443F-9ED7-AC8B0E281C96}.Debug|Any CPU.Build.0 = Debug|Any CPU
		{170C7CBC-09A7-443F-9ED7-AC8B0E281C96}.Release|Any CPU.ActiveCfg = Release|Any CPU
		{170C7CBC-09A7-443F-9ED7-AC8B0E281C96}.Release|Any CPU.Build.0 = Release|Any CPU
		{40F9121F-5B74-4AEB-A1E7-ED352DD856C2}.Debug|Any CPU.ActiveCfg = Debug|Any CPU
		{40F9121F-5B74-4AEB-A1E7-ED352DD856C2}.Debug|Any CPU.Build.0 = Debug|Any CPU
		{40F9121F-5B74-4AEB-A1E7-ED352DD856C2}.Release|Any CPU.ActiveCfg = Release|Any CPU
		{40F9121F-5B74-4AEB-A1E7-ED352DD856C2}.Release|Any CPU.Build.0 = Release|Any CPU
		{BB4C43C5-A82D-4DB3-94F8-F2633E829C03}.Debug|Any CPU.ActiveCfg = Debug|Any CPU
		{BB4C43C5-A82D-4DB3-94F8-F2633E829C03}.Debug|Any CPU.Build.0 = Debug|Any CPU
		{BB4C43C5-A82D-4DB3-94F8-F2633E829C03}.Release|Any CPU.ActiveCfg = Release|Any CPU
		{BB4C43C5-A82D-4DB3-94F8-F2633E829C03}.Release|Any CPU.Build.0 = Release|Any CPU
		{6397AA21-F472-4BC8-95E3-86D8F1879C63}.Debug|Any CPU.ActiveCfg = Debug|Any CPU
		{6397AA21-F472-4BC8-95E3-86D8F1879C63}.Debug|Any CPU.Build.0 = Debug|Any CPU
		{6397AA21-F472-4BC8-95E3-86D8F1879C63}.Release|Any CPU.ActiveCfg = Release|Any CPU
		{6397AA21-F472-4BC8-95E3-86D8F1879C63}.Release|Any CPU.Build.0 = Release|Any CPU
		{B2D477A1-14E4-453D-A282-2426974F66F0}.Debug|Any CPU.ActiveCfg = Debug|Any CPU
		{B2D477A1-14E4-453D-A282-2426974F66F0}.Debug|Any CPU.Build.0 = Debug|Any CPU
		{B2D477A1-14E4-453D-A282-2426974F66F0}.Release|Any CPU.ActiveCfg = Release|Any CPU
		{B2D477A1-14E4-453D-A282-2426974F66F0}.Release|Any CPU.Build.0 = Release|Any CPU
		{60544673-1AD5-4924-94FC-15152CC8FEE7}.Debug|Any CPU.ActiveCfg = Debug|Any CPU
		{60544673-1AD5-4924-94FC-15152CC8FEE7}.Debug|Any CPU.Build.0 = Debug|Any CPU
		{60544673-1AD5-4924-94FC-15152CC8FEE7}.Release|Any CPU.ActiveCfg = Release|Any CPU
		{60544673-1AD5-4924-94FC-15152CC8FEE7}.Release|Any CPU.Build.0 = Release|Any CPU
		{7119505E-701B-4A3B-95F3-CE4B82C905EA}.Debug|Any CPU.ActiveCfg = Debug|Any CPU
		{7119505E-701B-4A3B-95F3-CE4B82C905EA}.Debug|Any CPU.Build.0 = Debug|Any CPU
		{7119505E-701B-4A3B-95F3-CE4B82C905EA}.Release|Any CPU.ActiveCfg = Release|Any CPU
		{7119505E-701B-4A3B-95F3-CE4B82C905EA}.Release|Any CPU.Build.0 = Release|Any CPU
	EndGlobalSection
	GlobalSection(SolutionProperties) = preSolution
		HideSolutionNode = FALSE
	EndGlobalSection
	GlobalSection(NestedProjects) = preSolution
		{1D6B9B37-BCF9-4109-8295-1A01C7C60B1C} = {3DE87096-44ED-4282-B8DC-64EE89187A97}
		{3DE27E86-C562-43E7-9EE8-5A4E229F853E} = {1D6B9B37-BCF9-4109-8295-1A01C7C60B1C}
		{170C7CBC-09A7-443F-9ED7-AC8B0E281C96} = {3DE27E86-C562-43E7-9EE8-5A4E229F853E}
		{40F9121F-5B74-4AEB-A1E7-ED352DD856C2} = {3DE27E86-C562-43E7-9EE8-5A4E229F853E}
		{BB4C43C5-A82D-4DB3-94F8-F2633E829C03} = {3DE27E86-C562-43E7-9EE8-5A4E229F853E}
		{C3B3A949-3456-4DD7-9F6C-58DB1218DE5A} = {1D6B9B37-BCF9-4109-8295-1A01C7C60B1C}
		{6397AA21-F472-4BC8-95E3-86D8F1879C63} = {C3B3A949-3456-4DD7-9F6C-58DB1218DE5A}
		{B2D477A1-14E4-453D-A282-2426974F66F0} = {C3B3A949-3456-4DD7-9F6C-58DB1218DE5A}
		{60544673-1AD5-4924-94FC-15152CC8FEE7} = {C3B3A949-3456-4DD7-9F6C-58DB1218DE5A}
		{7119505E-701B-4A3B-95F3-CE4B82C905EA} = {C3B3A949-3456-4DD7-9F6C-58DB1218DE5A}
	EndGlobalSection
	GlobalSection(ExtensibilityGlobals) = postSolution
		SolutionGuid = {03FFF863-71A1-4BE4-8C58-3A6114CD1AF5}
	EndGlobalSection
EndGlobal
