{
  "version": 1,
  "dependencies": {
    "net8.0": {
      "BenchmarkDotNet": {
        "type": "Direct",
        "requested": "[0.13.8, )",
        "resolved": "0.13.8",
        "contentHash": "saXPKaCLYfeRIWnJ+BQFsdiFNMh3DDzsVp9bIZBs+frCODtZiVUX++z32nNPNaMjzNNH3SgIHRPoZb74LX30Uw==",
        "dependencies": {
          "BenchmarkDotNet.Annotations": "0.13.8",
          "CommandLineParser": "2.9.1",
          "Gee.External.Capstone": "2.3.0",
          "Iced": "1.17.0",
          "Microsoft.CodeAnalysis.CSharp": "4.1.0",
          "Microsoft.Diagnostics.Runtime": "2.2.332302",
          "Microsoft.Diagnostics.Tracing.TraceEvent": "3.0.2",
          "Microsoft.DotNet.PlatformAbstractions": "3.1.6",
          "Perfolizer": "[0.2.1]",
          "System.Management": "5.0.0"
        }
      },
      "BenchmarkDotNet.Diagnostics.Windows": {
        "type": "Direct",
        "requested": "[0.13.8, )",
        "resolved": "0.13.8",
        "contentHash": "lUFDzxlEx+CNnNJ8aF4wD1agSobwdraVJIsQTgEz2N3j7QRnQvjC6aTEGT/3Apt1+fNyJ9DDiO0h6eXBaJP41A==",
        "dependencies": {
          "BenchmarkDotNet": "0.13.8",
          "Microsoft.Diagnostics.Tracing.TraceEvent": "3.0.2"
        }
      },
      "Endjin.RecommendedPractices.GitHub": {
        "type": "Direct",
        "requested": "[2.1.6, )",
        "resolved": "2.1.6",
        "contentHash": "NnxxBDunptjqRzIZ82nBrH15IeYz8c0o0x3SX0Z6WmiNcZHYyxLdqjKeqsCNMbQgo4kWLqpYhLJB3PM3w1vE8A==",
        "dependencies": {
          "Endjin.RecommendedPractices": "2.1.6",
          "Microsoft.SourceLink.GitHub": "1.1.1"
        }
      },
      "JsonPatch.Net": {
        "type": "Direct",
        "requested": "[2.1.0, )",
        "resolved": "2.1.0",
        "contentHash": "iTTUYeOk6tLGCwKTnqC/w28vkxaP8pO5BgIODpvwU3MM63XqZJ/p+iWZXhSvyRBUxqo3l+VHw49TnsxBZGTW9Q==",
        "dependencies": {
          "JsonPointer.Net": "3.0.1"
        }
      },
      "JsonSchema.Net": {
        "type": "Direct",
        "requested": "[5.2.5, )",
        "resolved": "5.2.5",
        "contentHash": "JfkqnfiyNikpPQyHc7OAgEbPe5c23jvpbZYMs6ayd6joELVAOWNTZ+jmBjAcOyKRodDK25dru3JkvFnnDopezA==",
        "dependencies": {
          "JetBrains.Annotations": "2021.2.0",
          "Json.More.Net": "1.9.0",
          "JsonPointer.Net": "3.0.3"
        }
      },
      "Microsoft.Extensions.Configuration.Json": {
        "type": "Direct",
        "requested": "[8.0.0-rc.1.23419.4, )",
        "resolved": "8.0.0-rc.1.23419.4",
        "contentHash": "Ar58GHIQuWQgi7LG3bRheAjA8gRCZCvONm3AUMbeQN0tsljv5eimXvSVzaObz/qVOceXR2LKBLzlbo94aGmQPA==",
        "dependencies": {
          "Microsoft.Extensions.Configuration": "8.0.0-rc.1.23419.4",
          "Microsoft.Extensions.Configuration.Abstractions": "8.0.0-rc.1.23419.4",
          "Microsoft.Extensions.Configuration.FileExtensions": "8.0.0-rc.1.23419.4",
          "Microsoft.Extensions.FileProviders.Abstractions": "8.0.0-rc.1.23419.4",
          "System.Text.Json": "8.0.0-rc.1.23419.4"
        }
      },
      "Roslynator.Analyzers": {
        "type": "Direct",
        "requested": "[4.5.0, )",
        "resolved": "4.5.0",
        "contentHash": "C0ks0LQ/5S8zEEcb16Ntqm9DaFyOVTIGnvwTNs4asKIozoiyiHiVivpJH2zRmpN0/N0HEW/qdi9sp0bjHTQxRw=="
      },
      "StyleCop.Analyzers": {
        "type": "Direct",
        "requested": "[1.2.0-beta.507, )",
        "resolved": "1.2.0-beta.507",
        "contentHash": "/FtugDT66cKJJ+GGH7rNpG6UDrT4iIWz45M6lrXXHobDUFDHw+q5VgkbiR+6ffTO564ge7w6fQh/eoQhVdJO8Q==",
        "dependencies": {
          "StyleCop.Analyzers.Unstable": "1.2.0.507"
        }
      },
      "BenchmarkDotNet.Annotations": {
        "type": "Transitive",
        "resolved": "0.13.8",
        "contentHash": "ymeZAe2WIjjo6WZXdh7iWXX6ggn4EVJgfp0AVNGvQBTHhHr5HIY9zdTjuuk1qeGLZTPuxxpgk3vBAZO3huXBaQ=="
      },
      "CommandLineParser": {
        "type": "Transitive",
        "resolved": "2.9.1",
        "contentHash": "OE0sl1/sQ37bjVsPKKtwQlWDgqaxWgtme3xZz7JssWUzg5JpMIyHgCTY9MVMxOg48fJ1AgGT3tgdH5m/kQ5xhA=="
      },
      "CommunityToolkit.HighPerformance": {
        "type": "Transitive",
        "resolved": "8.2.1",
        "contentHash": "0/5BHriP3T/vbHnjL/kgHo9qIOVbwAMeSrz0XWMhL83IwLk3sNhSd2+sCzRKjzufQZWL2xKEFbF93Itwpoijbg=="
      },
      "Corvus.Extensions": {
        "type": "Transitive",
        "resolved": "1.1.11",
        "contentHash": "HYRd2hg8OkhejLs6ywYaGi/xuP71B3ffBeRQkZ5kywlyhxXxfQzyNuE7mvZqwP0ASFCpNLnkZwa3n3BgC59uQg==",
        "dependencies": {
          "System.Interactive": "3.2.0"
        }
      },
      "Corvus.UriTemplates": {
        "type": "Transitive",
        "resolved": "1.2.2",
        "contentHash": "wjxa2FPEKU1WXtZ1YuI6skn3ifVqfjyAVMdLeiqaqcQ48H6PjyhtBVvGvunOWE4LboSw77Dt5tfH8W/QK7IW9g==",
        "dependencies": {
          "CommunityToolkit.HighPerformance": "8.2.0",
          "Microsoft.Extensions.ObjectPool": "7.0.5",
          "System.Buffers": "4.5.1",
          "System.Collections.Immutable": "7.0.0"
        }
      },
      "Endjin.RecommendedPractices": {
        "type": "Transitive",
        "resolved": "2.1.6",
        "contentHash": "zs84/534A7cF4dvVLUIKKR6o2F52Hb2mWoDDBsyihMHUZ/AhpWt7d6ZVnvuQzoL9pOZmmBt+Lo6sJfj5DcPgQg==",
        "dependencies": {
          "Microsoft.Build.Tasks.Git": "1.1.1"
        }
      },
      "Gee.External.Capstone": {
        "type": "Transitive",
        "resolved": "2.3.0",
        "contentHash": "2ap/rYmjtzCOT8hxrnEW/QeiOt+paD8iRrIcdKX0cxVwWLFa1e+JDBNeECakmccXrSFeBQuu5AV8SNkipFMMMw=="
      },
      "Iced": {
        "type": "Transitive",
        "resolved": "1.17.0",
        "contentHash": "8x+HCVTl/HHTGpscH3vMBhV8sknN/muZFw9s3TsI8SA6+c43cOTCi2+jE4KsU8pNLbJ++iF2ZFcpcXHXtDglnw=="
      },
      "JetBrains.Annotations": {
        "type": "Transitive",
        "resolved": "2021.2.0",
        "contentHash": "kKSyoVfndMriKHLfYGmr0uzQuI4jcc3TKGyww7buJFCYeHb/X0kodYBPL7n9454q7v6ASiRmDgpPGaDGerg/Hg=="
      },
      "Json.More.Net": {
        "type": "Transitive",
        "resolved": "1.9.0",
        "contentHash": "MMjd2dOh32hLbcZg9YyA+7aEH9gu2cMTEAWrQY17in4+aEsPg2NtYTcwgWHJS9Tt2WUx+4iN1mNegR2uiEwsVQ==",
        "dependencies": {
          "System.Text.Json": "6.0.2"
        }
      },
      "JsonPointer.Net": {
        "type": "Transitive",
        "resolved": "3.0.3",
        "contentHash": "mCGQc15lHLp1R2CVhWiipnZurHXm93+LbPPAT/vXQm5PdHt6WQuYLhaEF8VZ+aXL9P2I6bGND6pDTEfqFs6gig==",
        "dependencies": {
          "Json.More.Net": "1.8.0"
        }
      },
      "Microsoft.Bcl.AsyncInterfaces": {
        "type": "Transitive",
        "resolved": "1.1.0",
        "contentHash": "1Am6l4Vpn3/K32daEqZI+FFr96OlZkgwK2LcT3pZ2zWubR5zTPW3/FkO1Rat9kb7oQOa4rxgl9LJHc5tspCWfg=="
      },
      "Microsoft.Build.Tasks.Git": {
        "type": "Transitive",
        "resolved": "1.1.1",
        "contentHash": "AT3HlgTjsqHnWpBHSNeR0KxbLZD7bztlZVj7I8vgeYG9SYqbeFGh0TM/KVtC6fg53nrWHl3VfZFvb5BiQFcY6Q=="
      },
      "Microsoft.CodeAnalysis.Analyzers": {
        "type": "Transitive",
        "resolved": "3.3.3",
        "contentHash": "j/rOZtLMVJjrfLRlAMckJLPW/1rze9MT1yfWqSIbUPGRu1m1P0fuo9PmqapwsmePfGB5PJrudQLvmUOAMF0DqQ=="
      },
      "Microsoft.CodeAnalysis.Common": {
        "type": "Transitive",
        "resolved": "4.1.0",
        "contentHash": "bNzTyxP3iD5FPFHfVDl15Y6/wSoI7e3MeV0lOaj9igbIKTjgrmuw6LoVJ06jUNFA7+KaDC/OIsStWl/FQJz6sQ==",
        "dependencies": {
          "Microsoft.CodeAnalysis.Analyzers": "3.3.3",
          "System.Collections.Immutable": "5.0.0",
          "System.Memory": "4.5.4",
          "System.Reflection.Metadata": "5.0.0",
          "System.Runtime.CompilerServices.Unsafe": "5.0.0",
          "System.Text.Encoding.CodePages": "4.5.1",
          "System.Threading.Tasks.Extensions": "4.5.4"
        }
      },
      "Microsoft.CodeAnalysis.CSharp": {
        "type": "Transitive",
        "resolved": "4.1.0",
        "contentHash": "sbu6kDGzo9bfQxuqWpeEE7I9P30bSuZEnpDz9/qz20OU6pm79Z63+/BsAzO2e/R/Q97kBrpj647wokZnEVr97w==",
        "dependencies": {
          "Microsoft.CodeAnalysis.Common": "[4.1.0]"
        }
      },
      "Microsoft.Diagnostics.NETCore.Client": {
        "type": "Transitive",
        "resolved": "0.2.251802",
        "contentHash": "bqnYl6AdSeboeN4v25hSukK6Odm6/54E3Y2B8rBvgqvAW0mF8fo7XNRVE2DMOG7Rk0fiuA079QIH28+V+W1Zdg==",
        "dependencies": {
          "Microsoft.Bcl.AsyncInterfaces": "1.1.0",
          "Microsoft.Extensions.Logging": "2.1.1"
        }
      },
      "Microsoft.Diagnostics.Runtime": {
        "type": "Transitive",
        "resolved": "2.2.332302",
        "contentHash": "Hp84ivxSKIMTBzYSATxmUsm3YSXHWivcwiRRbsydGmqujMUK8BAueLN0ssAVEOkOBmh0vjUBhrq7YcroT7VCug==",
        "dependencies": {
          "Microsoft.Diagnostics.NETCore.Client": "0.2.251802",
          "System.Collections.Immutable": "5.0.0",
          "System.Runtime.CompilerServices.Unsafe": "5.0.0"
        }
      },
      "Microsoft.Diagnostics.Tracing.TraceEvent": {
        "type": "Transitive",
        "resolved": "3.0.2",
        "contentHash": "Pr7t+Z/qBe6DxCow4BmYmDycHe2MrGESaflWXRcSUI4XNGyznx1ttS+9JNOxLuBZSoBSPTKw9Dyheo01Yi6anQ==",
        "dependencies": {
          "System.Runtime.CompilerServices.Unsafe": "4.5.3"
        }
      },
      "Microsoft.DotNet.PlatformAbstractions": {
        "type": "Transitive",
        "resolved": "3.1.6",
        "contentHash": "jek4XYaQ/PGUwDKKhwR8K47Uh1189PFzMeLqO83mXrXQVIpARZCcfuDedH50YDTepBkfijCZN5U/vZi++erxtg=="
      },
      "Microsoft.Extensions.Configuration": {
        "type": "Transitive",
        "resolved": "8.0.0-rc.1.23419.4",
        "contentHash": "NoIBM0qnZrl5o3em/5Qx4T3HcDruKdDVvm4PsG/wiuWawtwHRqaqkFjPS66lPnu1Kgzv+D1JJd+r4C5wPxXErw==",
        "dependencies": {
          "Microsoft.Extensions.Configuration.Abstractions": "8.0.0-rc.1.23419.4",
          "Microsoft.Extensions.Primitives": "8.0.0-rc.1.23419.4"
        }
      },
      "Microsoft.Extensions.Configuration.Abstractions": {
        "type": "Transitive",
        "resolved": "8.0.0-rc.1.23419.4",
        "contentHash": "tY5wKwXNZ6cBeyHxvxyLy57TxUaA6H82/vW8vTTmikG9bkfRzfyS0EEDloiPzL4ln8P+3aZxeAestjPC6942Kg==",
        "dependencies": {
          "Microsoft.Extensions.Primitives": "8.0.0-rc.1.23419.4"
        }
      },
      "Microsoft.Extensions.Configuration.Binder": {
        "type": "Transitive",
        "resolved": "8.0.0-rc.1.23419.4",
        "contentHash": "npSDU7QSVdMjIFasVVBygHTaSd3H6rJD9zBXb6tcmAO8D7chkCJ2MarAYVKDICT5I9Hfawxv7FitJFAgNVIn3w==",
        "dependencies": {
          "Microsoft.Extensions.Configuration.Abstractions": "8.0.0-rc.1.23419.4"
        }
      },
      "Microsoft.Extensions.Configuration.FileExtensions": {
        "type": "Transitive",
        "resolved": "8.0.0-rc.1.23419.4",
        "contentHash": "iYaN5hpzacJBmpod90Nlj0NSjNRzOiyctALo5PHFsFQz1p/M9ON+1q5ksbNsLf1+A8klxETo7NeGZd1gGYoJNA==",
        "dependencies": {
          "Microsoft.Extensions.Configuration": "8.0.0-rc.1.23419.4",
          "Microsoft.Extensions.Configuration.Abstractions": "8.0.0-rc.1.23419.4",
          "Microsoft.Extensions.FileProviders.Abstractions": "8.0.0-rc.1.23419.4",
          "Microsoft.Extensions.FileProviders.Physical": "8.0.0-rc.1.23419.4",
          "Microsoft.Extensions.Primitives": "8.0.0-rc.1.23419.4"
        }
      },
      "Microsoft.Extensions.DependencyInjection": {
        "type": "Transitive",
        "resolved": "8.0.0-rc.1.23419.4",
        "contentHash": "q1M8U8Qhf0siOpZ0PRB7jZR8Um+Pnm4HgCL81hYDtIunWJmlqEGKjGWg/gl140K9imZUqLkePSVVQGlP7/Xo+A==",
        "dependencies": {
          "Microsoft.Extensions.DependencyInjection.Abstractions": "8.0.0-rc.1.23419.4"
        }
      },
      "Microsoft.Extensions.DependencyInjection.Abstractions": {
        "type": "Transitive",
        "resolved": "8.0.0-rc.1.23419.4",
        "contentHash": "SAv6AcbXKzvBq4kQAU5S9sW3ZOV7j4qLjqT+Iw6CLgqsSCgoJhmVvadtr8PUWaRfj4uVT9CX5V3zIojehtMq8w=="
      },
      "Microsoft.Extensions.Diagnostics": {
        "type": "Transitive",
        "resolved": "8.0.0-rc.1.23419.4",
        "contentHash": "RqerNpeQoixriNPi2RPxJWu9V6ljz3u/M9lCzwLsYtNqLKUzO3K838C8NU2uDFg0SviJyuMV1JG0RG+c9Hdglw==",
        "dependencies": {
          "Microsoft.Extensions.Configuration": "8.0.0-rc.1.23419.4",
          "Microsoft.Extensions.Diagnostics.Abstractions": "8.0.0-rc.1.23419.4",
          "Microsoft.Extensions.Options.ConfigurationExtensions": "8.0.0-rc.1.23419.4"
        }
      },
      "Microsoft.Extensions.Diagnostics.Abstractions": {
        "type": "Transitive",
        "resolved": "8.0.0-rc.1.23419.4",
        "contentHash": "ukvKfK+sgwReTEsbP3hCuXUWOCaqH7HCXGTXfqAyl6IvSJVZHWpTZAFHELcNbSz4hdAzG/8QY/4JxU5xNQOzlA==",
        "dependencies": {
          "Microsoft.Extensions.DependencyInjection.Abstractions": "8.0.0-rc.1.23419.4",
          "Microsoft.Extensions.Options": "8.0.0-rc.1.23419.4",
          "System.Diagnostics.DiagnosticSource": "8.0.0-rc.1.23419.4"
        }
      },
      "Microsoft.Extensions.FileProviders.Abstractions": {
        "type": "Transitive",
        "resolved": "8.0.0-rc.1.23419.4",
        "contentHash": "yFiU9oAF+abTk1gjMLrPRmzhz+ZJc0Q4S7NvK9EtzS0Sm1J8DcbzsRUi6r8eufvtmbGzk5KNPcpOo8ffAD9p0A==",
        "dependencies": {
          "Microsoft.Extensions.Primitives": "8.0.0-rc.1.23419.4"
        }
      },
      "Microsoft.Extensions.FileProviders.Physical": {
        "type": "Transitive",
        "resolved": "8.0.0-rc.1.23419.4",
        "contentHash": "z1ZzRTbiQ5L/fNhzTvziNBHPXRAsduSL+TUxV0aLhULchD7n7xzgVb6BL0NS8+VHL1LKdwkukD6lfGRFXrYQnA==",
        "dependencies": {
          "Microsoft.Extensions.FileProviders.Abstractions": "8.0.0-rc.1.23419.4",
          "Microsoft.Extensions.FileSystemGlobbing": "8.0.0-rc.1.23419.4",
          "Microsoft.Extensions.Primitives": "8.0.0-rc.1.23419.4"
        }
      },
      "Microsoft.Extensions.FileSystemGlobbing": {
        "type": "Transitive",
        "resolved": "8.0.0-rc.1.23419.4",
        "contentHash": "xlgxd2WH5CPc+vEVKoYr+0hA7+++FNdwrxfPnnF7jIULfAOOZgS3E66rfBhjIT6ewEa1rLIFiiXevP4ejm8nnQ=="
      },
      "Microsoft.Extensions.Http": {
        "type": "Transitive",
        "resolved": "8.0.0-rc.1.23419.4",
        "contentHash": "uUCk1A8XUVUEGoTATMxih15uZoF8QzBB+MZwUfB3Lj4QAQZFxWG/VbUMrUyCKpvvvncOyXgT1xq0SAyLmzUPIw==",
        "dependencies": {
          "Microsoft.Extensions.Configuration.Abstractions": "8.0.0-rc.1.23419.4",
          "Microsoft.Extensions.DependencyInjection.Abstractions": "8.0.0-rc.1.23419.4",
          "Microsoft.Extensions.Diagnostics": "8.0.0-rc.1.23419.4",
          "Microsoft.Extensions.Logging": "8.0.0-rc.1.23419.4",
          "Microsoft.Extensions.Logging.Abstractions": "8.0.0-rc.1.23419.4",
          "Microsoft.Extensions.Options": "8.0.0-rc.1.23419.4"
        }
      },
      "Microsoft.Extensions.Logging": {
        "type": "Transitive",
        "resolved": "8.0.0-rc.1.23419.4",
        "contentHash": "n39LJSx0Mpl89hhT0DWTyPyGv/z60/Ygp0b4ZE1zNy9R8O42PrsK+XFdiaKtCnpOPezX2Jq07dFyZzpCqmIvzw==",
        "dependencies": {
          "Microsoft.Extensions.DependencyInjection": "8.0.0-rc.1.23419.4",
          "Microsoft.Extensions.Logging.Abstractions": "8.0.0-rc.1.23419.4",
          "Microsoft.Extensions.Options": "8.0.0-rc.1.23419.4"
        }
      },
      "Microsoft.Extensions.Logging.Abstractions": {
        "type": "Transitive",
        "resolved": "8.0.0-rc.1.23419.4",
        "contentHash": "jphvzZmIDCEwl5PkxegeiO0y+zeMRg92QtY0weVFy8tH9ySgb2EwX85B78H0FYTFixFApRlmsh/pEdEs+VKbZA==",
        "dependencies": {
          "Microsoft.Extensions.DependencyInjection.Abstractions": "8.0.0-rc.1.23419.4"
        }
      },
      "Microsoft.Extensions.ObjectPool": {
        "type": "Transitive",
        "resolved": "8.0.0-rc.1.23421.29",
        "contentHash": "R589RNp1N8VqoEvIa5+/seM37Xuf64k9YU7DLMufcYZqfXJaNxHEav4q2MURh9tmfJsVCH+NkN+7gBOOHepyuQ=="
      },
      "Microsoft.Extensions.Options": {
        "type": "Transitive",
        "resolved": "8.0.0-rc.1.23419.4",
        "contentHash": "fsKycFyh/aX7Vs9o/gOH+XBWRh5VB4iwV6xHZdvN9kDvJfBhCm2IQ/E+xaWa5KtX7tXOx0hclZ8ihK97ab3mPQ==",
        "dependencies": {
          "Microsoft.Extensions.DependencyInjection.Abstractions": "8.0.0-rc.1.23419.4",
          "Microsoft.Extensions.Primitives": "8.0.0-rc.1.23419.4"
        }
      },
      "Microsoft.Extensions.Options.ConfigurationExtensions": {
        "type": "Transitive",
        "resolved": "8.0.0-rc.1.23419.4",
        "contentHash": "7y1Ob1fZniZnTGeuurHjGAXmW0+reI4MUOZxR3Dyvu9htNSkGsrsICY2f0bIev1D+pQrFwNg/+yUOpvc46/jkg==",
        "dependencies": {
          "Microsoft.Extensions.Configuration.Abstractions": "8.0.0-rc.1.23419.4",
          "Microsoft.Extensions.Configuration.Binder": "8.0.0-rc.1.23419.4",
          "Microsoft.Extensions.DependencyInjection.Abstractions": "8.0.0-rc.1.23419.4",
          "Microsoft.Extensions.Options": "8.0.0-rc.1.23419.4",
          "Microsoft.Extensions.Primitives": "8.0.0-rc.1.23419.4"
        }
      },
      "Microsoft.Extensions.Primitives": {
        "type": "Transitive",
        "resolved": "8.0.0-rc.1.23419.4",
        "contentHash": "zyoB4zblhvpylS9VOmKyBuGH+RjKDsfi0cTB2KRPPDD6tFinpP+vGr3dictaNYLhGUg6jaBmq+2H/WZMCnvGDQ=="
      },
      "Microsoft.NETCore.Platforms": {
        "type": "Transitive",
        "resolved": "5.0.0",
        "contentHash": "VyPlqzH2wavqquTcYpkIIAQ6WdenuKoFN0BdYBbCWsclXacSOHNQn66Gt4z5NBqEYW0FAPm5rlvki9ZiCij5xQ=="
      },
      "Microsoft.SourceLink.Common": {
        "type": "Transitive",
        "resolved": "1.1.1",
        "contentHash": "WMcGpWKrmJmzrNeuaEb23bEMnbtR/vLmvZtkAP5qWu7vQsY59GqfRJd65sFpBszbd2k/bQ8cs8eWawQKAabkVg=="
      },
      "Microsoft.SourceLink.GitHub": {
        "type": "Transitive",
        "resolved": "1.1.1",
        "contentHash": "IaJGnOv/M7UQjRJks7B6p7pbPnOwisYGOIzqCz5ilGFTApZ3ktOR+6zJ12ZRPInulBmdAf1SrGdDG2MU8g6XTw==",
        "dependencies": {
          "Microsoft.Build.Tasks.Git": "1.1.1",
          "Microsoft.SourceLink.Common": "1.1.1"
        }
      },
      "Microsoft.Win32.Registry": {
        "type": "Transitive",
        "resolved": "5.0.0",
        "contentHash": "dDoKi0PnDz31yAyETfRntsLArTlVAVzUzCIvvEDsDsucrl33Dl8pIJG06ePTJTI3tGpeyHS9Cq7Foc/s4EeKcg==",
        "dependencies": {
          "System.Security.AccessControl": "5.0.0",
          "System.Security.Principal.Windows": "5.0.0"
        }
      },
      "NodaTime": {
        "type": "Transitive",
        "resolved": "3.1.9",
        "contentHash": "EzjwDOtsETlXWBDE6qvTQqc3guP+9xrAOf9j1mHL++UD4VeZay+dbCPNnXyZhoQMkKAOZ/+hIOtz7STl0Rkknw==",
        "dependencies": {
          "System.Runtime.CompilerServices.Unsafe": "4.7.1"
        }
      },
      "Perfolizer": {
        "type": "Transitive",
        "resolved": "0.2.1",
        "contentHash": "Dt4aCxCT8NPtWBKA8k+FsN/RezOQ2C6omNGm5o/qmYRiIwlQYF93UgFmeF1ezVNsztTnkg7P5P63AE+uNkLfrw==",
        "dependencies": {
          "System.Memory": "4.5.3"
        }
      },
      "StyleCop.Analyzers.Unstable": {
        "type": "Transitive",
        "resolved": "1.2.0.507",
        "contentHash": "gTY3IQdRqDJ4hbhSA3e/R48oE8b/OiKfvwkt1QdNVfrJK2gMHBV8ldaHJ885jxWZfllK66soa/sdcjh9bX49Tw=="
      },
      "System.Buffers": {
        "type": "Transitive",
        "resolved": "4.5.1",
        "contentHash": "Rw7ijyl1qqRS0YQD/WycNst8hUUMgrMH4FCn1nNm27M4VxchZ1js3fVjQaANHO5f3sN4isvP4a+Met9Y4YomAg=="
      },
      "System.CodeDom": {
        "type": "Transitive",
        "resolved": "5.0.0",
        "contentHash": "JPJArwA1kdj8qDAkY2XGjSWoYnqiM7q/3yRNkt6n28Mnn95MuEGkZXUbPBf7qc3IjwrGY5ttQon7yqHZyQJmOQ=="
      },
      "System.Collections.Immutable": {
        "type": "Transitive",
        "resolved": "8.0.0-rc.1.23419.4",
        "contentHash": "UgcpsBXfZY3y19ApsrLQ+YcwT03wmf6Xxv/5DscdP+Aj41iH4iOND/GdTtr6CCT0J1np7PKLkbs5Rxc2QiksPQ=="
      },
      "System.Diagnostics.DiagnosticSource": {
        "type": "Transitive",
        "resolved": "8.0.0-rc.1.23419.4",
        "contentHash": "hdyhGAFW9nXz+UfN8XxW4iTzyef03BsIXc6AqLNbDcqw63343di6XFGFSYJ8Rh+yHlZazrGTt6keQ2GDh9avmg=="
      },
      "System.Interactive": {
        "type": "Transitive",
        "resolved": "3.2.0",
        "contentHash": "hoXiC7r+WvT/oQ/QcsCgIJMEcXKXyM26BvIcFVRgEMzXk9URu8oR2ADqrnHwIRiJmxQC/q8b3KTQSkdoFRO4TA=="
      },
      "System.Management": {
        "type": "Transitive",
        "resolved": "5.0.0",
        "contentHash": "MF1CHaRcC+MLFdnDthv4/bKWBZnlnSpkGqa87pKukQefgEdwtb9zFW6zs0GjPp73qtpYYg4q6PEKbzJbxCpKfw==",
        "dependencies": {
          "Microsoft.NETCore.Platforms": "5.0.0",
          "Microsoft.Win32.Registry": "5.0.0",
          "System.CodeDom": "5.0.0"
        }
      },
      "System.Memory": {
        "type": "Transitive",
        "resolved": "4.5.4",
        "contentHash": "1MbJTHS1lZ4bS4FmsJjnuGJOu88ZzTT2rLvrhW7Ygic+pC0NWA+3hgAen0HRdsocuQXCkUTdFn9yHJJhsijDXw=="
      },
      "System.Reflection.Metadata": {
        "type": "Transitive",
        "resolved": "5.0.0",
        "contentHash": "5NecZgXktdGg34rh1OenY1rFNDCI8xSjFr+Z4OU4cU06AQHUdRnIIEeWENu3Wl4YowbzkymAIMvi3WyK9U53pQ=="
      },
      "System.Runtime.CompilerServices.Unsafe": {
        "type": "Transitive",
        "resolved": "5.0.0",
        "contentHash": "ZD9TMpsmYJLrxbbmdvhwt9YEgG5WntEnZ/d1eH8JBX9LBp+Ju8BSBhUGbZMNVHHomWo2KVImJhTDl2hIgw/6MA=="
      },
      "System.Security.AccessControl": {
        "type": "Transitive",
        "resolved": "5.0.0",
        "contentHash": "dagJ1mHZO3Ani8GH0PHpPEe/oYO+rVdbQjvjJkBRNQkX4t0r1iaeGn8+/ybkSLEan3/slM0t59SVdHzuHf2jmw==",
        "dependencies": {
          "Microsoft.NETCore.Platforms": "5.0.0",
          "System.Security.Principal.Windows": "5.0.0"
        }
      },
      "System.Security.Principal.Windows": {
        "type": "Transitive",
        "resolved": "5.0.0",
        "contentHash": "t0MGLukB5WAVU9bO3MGzvlGnyJPgUlcwerXn1kzBRjwLKixT96XV0Uza41W49gVd8zEMFu9vQEFlv0IOrytICA=="
      },
      "System.Text.Encoding.CodePages": {
        "type": "Transitive",
        "resolved": "4.5.1",
        "contentHash": "4J2JQXbftjPMppIHJ7IC+VXQ9XfEagN92vZZNoG12i+zReYlim5dMoXFC1Zzg7tsnKDM7JPo5bYfFK4Jheq44w==",
        "dependencies": {
          "Microsoft.NETCore.Platforms": "2.1.2",
          "System.Runtime.CompilerServices.Unsafe": "4.5.2"
        }
      },
      "System.Text.Encodings.Web": {
        "type": "Transitive",
        "resolved": "8.0.0-rc.1.23419.4",
        "contentHash": "p7x+hBP1/7bC+KXeFARIUP00MHbm796rWB8iqO8Ag2ML6SB13qbs3240nvdHwA3vLpVEOMCFhrbJoJf81QDMiw=="
      },
      "System.Text.Json": {
        "type": "Transitive",
        "resolved": "8.0.0-rc.1.23419.4",
        "contentHash": "sXFoiHIhz/E5iQin+3oAyBvDww8eYjO0c1vZAico4X6Bbwezjl0Z32lmm4zXgUQ0ol/fl27OSEqWIw+ykWYWHg==",
        "dependencies": {
          "System.Text.Encodings.Web": "8.0.0-rc.1.23419.4"
        }
      },
      "System.Threading.Tasks.Extensions": {
        "type": "Transitive",
        "resolved": "4.5.4",
        "contentHash": "zteT+G8xuGu6mS+mzDzYXbzS7rd3K6Fjb9RiZlYlJPam2/hU7JCBZBVEcywNuR+oZ1ncTvc/cq0faRr3P01OVg=="
      },
      "corvus.json.extendedtypes": {
        "type": "Project",
        "dependencies": {
          "CommunityToolkit.HighPerformance": "[8.2.1, )",
          "Corvus.Extensions": "[1.1.11, )",
          "Corvus.UriTemplates": "[1.2.2, )",
          "Microsoft.Extensions.Http": "[8.0.0-rc.1.23419.4, )",
          "Microsoft.Extensions.ObjectPool": "[8.0.0-rc.1.23421.29, )",
          "NodaTime": "[3.1.9, )",
          "System.Buffers": "[4.5.1, )",
          "System.Collections.Immutable": "[8.0.0-rc.1.23419.4, )",
          "System.Text.Json": "[8.0.0-rc.1.23419.4, )"
        }
      }
    }
  }
}