{
  "generatorVersion": "1.0.0\u002B21d85efed4392126bf4de60752f3396cf7fbf296",
  "generatedAt": "2026-09-30T12:31:37.7550534\u002B00:00",
  "engine": "V5",
  "codeGenerationMode": "TypeGeneration",
  "specification": {
    "rootNamespace": "Corvus.JshintrcBenchmark.Current",
    "typesToGenerate": [
      {
        "schemaFile": "../jshintrc-schema.json",
        "outputRootTypeName": "JshintrcSchema",
        "rebaseToRootPath": false
      }
    ],
    "addExplicitUsings": false,
    "assertFormat": true,
    "disableOptionalNameHeuristics": false,
    "nativeEnums": "All",
    "optionalAsNullable": "None",
    "supportYaml": false,
    "unions": true,
    "useImplicitOperatorString": false,
    "useUnixLineEndings": false,
    "formatMode": {
      "*": "disable"
    }
  },
  "schemaHashes": {
    "../jshintrc-schema.json": "27e4d224752834b1c3741ee367761912b8e829597889d42a44ecd1053c745376"
  },
  "generatedFiles": [
    "CorvusJsonSchemaProgram.cs",
    "JshintrcSchema.BossEntity.JsonSchema.cs",
    "JshintrcSchema.BossEntity.Mutable.cs",
    "JshintrcSchema.BossEntity.cs",
    "JshintrcSchema.CurlyEntity.JsonSchema.cs",
    "JshintrcSchema.CurlyEntity.Mutable.cs",
    "JshintrcSchema.CurlyEntity.cs",
    "JshintrcSchema.DebugEntity.JsonSchema.cs",
    "JshintrcSchema.DebugEntity.Mutable.cs",
    "JshintrcSchema.DebugEntity.cs",
    "JshintrcSchema.ElisionEntity.JsonSchema.cs",
    "JshintrcSchema.ElisionEntity.Mutable.cs",
    "JshintrcSchema.ElisionEntity.cs",
    "JshintrcSchema.EnvironmentBrowserify.JsonSchema.cs",
    "JshintrcSchema.EnvironmentBrowserify.Mutable.cs",
    "JshintrcSchema.EnvironmentBrowserify.cs",
    "JshintrcSchema.EnvironmentCouchDb.JsonSchema.cs",
    "JshintrcSchema.EnvironmentCouchDb.Mutable.cs",
    "JshintrcSchema.EnvironmentCouchDb.cs",
    "JshintrcSchema.EnvironmentDefinesGlobalsExposedByTheShellJsLibrary.JsonSchema.cs",
    "JshintrcSchema.EnvironmentDefinesGlobalsExposedByTheShellJsLibrary.Mutable.cs",
    "JshintrcSchema.EnvironmentDefinesGlobalsExposedByTheShellJsLibrary.cs",
    "JshintrcSchema.EnvironmentDefinesGlobalsForTypedArrayConstructors.JsonSchema.cs",
    "JshintrcSchema.EnvironmentDefinesGlobalsForTypedArrayConstructors.Mutable.cs",
    "JshintrcSchema.EnvironmentDefinesGlobalsForTypedArrayConstructors.cs",
    "JshintrcSchema.EnvironmentDevelopmentDebuggingAlertConfirmEtc.JsonSchema.cs",
    "JshintrcSchema.EnvironmentDevelopmentDebuggingAlertConfirmEtc.Mutable.cs",
    "JshintrcSchema.EnvironmentDevelopmentDebuggingAlertConfirmEtc.cs",
    "JshintrcSchema.EnvironmentDojoToolkit.JsonSchema.cs",
    "JshintrcSchema.EnvironmentDojoToolkit.Mutable.cs",
    "JshintrcSchema.EnvironmentDojoToolkit.cs",
    "JshintrcSchema.EnvironmentEs6Module.JsonSchema.cs",
    "JshintrcSchema.EnvironmentEs6Module.Mutable.cs",
    "JshintrcSchema.EnvironmentEs6Module.cs",
    "JshintrcSchema.EnvironmentJQuery.JsonSchema.cs",
    "JshintrcSchema.EnvironmentJQuery.Mutable.cs",
    "JshintrcSchema.EnvironmentJQuery.cs",
    "JshintrcSchema.EnvironmentJasmineUnitTestingFramework.JsonSchema.cs",
    "JshintrcSchema.EnvironmentJasmineUnitTestingFramework.Mutable.cs",
    "JshintrcSchema.EnvironmentJasmineUnitTestingFramework.cs",
    "JshintrcSchema.EnvironmentMochaUnitTestingFramework.JsonSchema.cs",
    "JshintrcSchema.EnvironmentMochaUnitTestingFramework.Mutable.cs",
    "JshintrcSchema.EnvironmentMochaUnitTestingFramework.cs",
    "JshintrcSchema.EnvironmentMooTools.JsonSchema.cs",
    "JshintrcSchema.EnvironmentMooTools.Mutable.cs",
    "JshintrcSchema.EnvironmentMooTools.cs",
    "JshintrcSchema.EnvironmentNodeJs.JsonSchema.cs",
    "JshintrcSchema.EnvironmentNodeJs.Mutable.cs",
    "JshintrcSchema.EnvironmentNodeJs.cs",
    "JshintrcSchema.EnvironmentPhantomJsRuntimeEnvironment.JsonSchema.cs",
    "JshintrcSchema.EnvironmentPhantomJsRuntimeEnvironment.Mutable.cs",
    "JshintrcSchema.EnvironmentPhantomJsRuntimeEnvironment.cs",
    "JshintrcSchema.EnvironmentPrototypeJavaScriptFramework.JsonSchema.cs",
    "JshintrcSchema.EnvironmentPrototypeJavaScriptFramework.Mutable.cs",
    "JshintrcSchema.EnvironmentPrototypeJavaScriptFramework.cs",
    "JshintrcSchema.EnvironmentRhino.JsonSchema.cs",
    "JshintrcSchema.EnvironmentRhino.Mutable.cs",
    "JshintrcSchema.EnvironmentRhino.cs",
    "JshintrcSchema.EnvironmentWebBrowserWindowDocumentEtc.JsonSchema.cs",
    "JshintrcSchema.EnvironmentWebBrowserWindowDocumentEtc.Mutable.cs",
    "JshintrcSchema.EnvironmentWebBrowserWindowDocumentEtc.cs",
    "JshintrcSchema.EnvironmentWebWorkers.JsonSchema.cs",
    "JshintrcSchema.EnvironmentWebWorkers.Mutable.cs",
    "JshintrcSchema.EnvironmentWebWorkers.cs",
    "JshintrcSchema.EnvironmentWidelyAdoptedGlobalsEscapeUnescapeEtc.JsonSchema.cs",
    "JshintrcSchema.EnvironmentWidelyAdoptedGlobalsEscapeUnescapeEtc.Mutable.cs",
    "JshintrcSchema.EnvironmentWidelyAdoptedGlobalsEscapeUnescapeEtc.cs",
    "JshintrcSchema.EnvironmentWindowsScriptingHost.JsonSchema.cs",
    "JshintrcSchema.EnvironmentWindowsScriptingHost.Mutable.cs",
    "JshintrcSchema.EnvironmentWindowsScriptingHost.cs",
    "JshintrcSchema.EnvironmentYahooUserInterface.JsonSchema.cs",
    "JshintrcSchema.EnvironmentYahooUserInterface.Mutable.cs",
    "JshintrcSchema.EnvironmentYahooUserInterface.cs",
    "JshintrcSchema.ExprEntity.JsonSchema.cs",
    "JshintrcSchema.ExprEntity.Mutable.cs",
    "JshintrcSchema.ExprEntity.cs",
    "JshintrcSchema.ForinEntity.JsonSchema.cs",
    "JshintrcSchema.ForinEntity.Mutable.cs",
    "JshintrcSchema.ForinEntity.cs",
    "JshintrcSchema.FreezeEntity.JsonSchema.cs",
    "JshintrcSchema.FreezeEntity.Mutable.cs",
    "JshintrcSchema.FreezeEntity.cs",
    "JshintrcSchema.FuncscopeEntity.JsonSchema.cs",
    "JshintrcSchema.FuncscopeEntity.Mutable.cs",
    "JshintrcSchema.FuncscopeEntity.cs",
    "JshintrcSchema.FuturehostileEntity.JsonSchema.cs",
    "JshintrcSchema.FuturehostileEntity.Mutable.cs",
    "JshintrcSchema.FuturehostileEntity.cs",
    "JshintrcSchema.GlobalsEntity.JsonSchema.cs",
    "JshintrcSchema.GlobalsEntity.Mutable.cs",
    "JshintrcSchema.GlobalsEntity.cs",
    "JshintrcSchema.JsonSchema.cs",
    "JshintrcSchema.LastsemicEntity.JsonSchema.cs",
    "JshintrcSchema.LastsemicEntity.Mutable.cs",
    "JshintrcSchema.LastsemicEntity.cs",
    "JshintrcSchema.MaxCyclomaticComplexityPerFunction.JsonSchema.cs",
    "JshintrcSchema.MaxCyclomaticComplexityPerFunction.Mutable.cs",
    "JshintrcSchema.MaxCyclomaticComplexityPerFunction.cs",
    "JshintrcSchema.MaxDepthOfNestedBlocks.JsonSchema.cs",
    "JshintrcSchema.MaxDepthOfNestedBlocks.Mutable.cs",
    "JshintrcSchema.MaxDepthOfNestedBlocks.cs",
    "JshintrcSchema.MaxNumberOfFormalParametersAllowedPerFunction.JsonSchema.cs",
    "JshintrcSchema.MaxNumberOfFormalParametersAllowedPerFunction.Mutable.cs",
    "JshintrcSchema.MaxNumberOfFormalParametersAllowedPerFunction.cs",
    "JshintrcSchema.MaxNumberStatementsPerFunction.JsonSchema.cs",
    "JshintrcSchema.MaxNumberStatementsPerFunction.Mutable.cs",
    "JshintrcSchema.MaxNumberStatementsPerFunction.cs",
    "JshintrcSchema.MaximumAmountOfWarningsJsHintWillProduceBeforeGivingUp.JsonSchema.cs",
    "JshintrcSchema.MaximumAmountOfWarningsJsHintWillProduceBeforeGivingUp.Mutable.cs",
    "JshintrcSchema.MaximumAmountOfWarningsJsHintWillProduceBeforeGivingUp.cs",
    "JshintrcSchema.Mutable.cs",
    "JshintrcSchema.NonewEntity.JsonSchema.cs",
    "JshintrcSchema.NonewEntity.Mutable.cs",
    "JshintrcSchema.NonewEntity.cs",
    "JshintrcSchema.NoreturnawaitEntity.JsonSchema.cs",
    "JshintrcSchema.NoreturnawaitEntity.Mutable.cs",
    "JshintrcSchema.NoreturnawaitEntity.cs",
    "JshintrcSchema.NoyieldEntity.JsonSchema.cs",
    "JshintrcSchema.NoyieldEntity.Mutable.cs",
    "JshintrcSchema.NoyieldEntity.cs",
    "JshintrcSchema.OverridesEntity.JsonSchema.cs",
    "JshintrcSchema.OverridesEntity.Mutable.cs",
    "JshintrcSchema.OverridesEntity.cs",
    "JshintrcSchema.ProhibitTheUseOfBitwiseOperatorsEtc.JsonSchema.cs",
    "JshintrcSchema.ProhibitTheUseOfBitwiseOperatorsEtc.Mutable.cs",
    "JshintrcSchema.ProhibitTheUseOfBitwiseOperatorsEtc.cs",
    "JshintrcSchema.ProhibitsTheUseOfAVariableBeforeItWasDefined.JsonSchema.cs",
    "JshintrcSchema.ProhibitsTheUseOfAVariableBeforeItWasDefined.Mutable.cs",
    "JshintrcSchema.ProhibitsTheUseOfAVariableBeforeItWasDefined.cs",
    "JshintrcSchema.ProhibitsTheUseOfAnd.JsonSchema.cs",
    "JshintrcSchema.ProhibitsTheUseOfAnd.Mutable.cs",
    "JshintrcSchema.ProhibitsTheUseOfAnd.cs",
    "JshintrcSchema.ProhibitsTheUseOfAndInFavorOfAnd.JsonSchema.cs",
    "JshintrcSchema.ProhibitsTheUseOfAndInFavorOfAnd.Mutable.cs",
    "JshintrcSchema.ProhibitsTheUseOfAndInFavorOfAnd.cs",
    "JshintrcSchema.ProhibitsTheUseOfArgumentsCallerAndArgumentsCallee.JsonSchema.cs",
    "JshintrcSchema.ProhibitsTheUseOfArgumentsCallerAndArgumentsCallee.Mutable.cs",
    "JshintrcSchema.ProhibitsTheUseOfArgumentsCallerAndArgumentsCallee.cs",
    "JshintrcSchema.ProhibitsTheUseOfExplicitlyUndeclaredVariables.JsonSchema.cs",
    "JshintrcSchema.ProhibitsTheUseOfExplicitlyUndeclaredVariables.Mutable.cs",
    "JshintrcSchema.ProhibitsTheUseOfExplicitlyUndeclaredVariables.cs",
    "JshintrcSchema.ProhibitsTheUseOfTheCommaOperator.JsonSchema.cs",
    "JshintrcSchema.ProhibitsTheUseOfTheCommaOperator.Mutable.cs",
    "JshintrcSchema.ProhibitsTheUseOfTheCommaOperator.cs",
    "JshintrcSchema.ProhibitsUnnecessaryClausesWithinSwitchStatements.JsonSchema.cs",
    "JshintrcSchema.ProhibitsUnnecessaryClausesWithinSwitchStatements.Mutable.cs",
    "JshintrcSchema.ProhibitsUnnecessaryClausesWithinSwitchStatements.cs",
    "JshintrcSchema.RegexpuEntity.JsonSchema.cs",
    "JshintrcSchema.RegexpuEntity.Mutable.cs",
    "JshintrcSchema.RegexpuEntity.cs",
    "JshintrcSchema.RequiresAllCodeToRunInEs5StrictMode.JsonSchema.cs",
    "JshintrcSchema.RequiresAllCodeToRunInEs5StrictMode.Mutable.cs",
    "JshintrcSchema.RequiresAllCodeToRunInEs5StrictMode.cs",
    "JshintrcSchema.ShadowEntity.JsonSchema.cs",
    "JshintrcSchema.ShadowEntity.Mutable.cs",
    "JshintrcSchema.ShadowEntity.cs",
    "JshintrcSchema.SingleGroupsEntity.JsonSchema.cs",
    "JshintrcSchema.SingleGroupsEntity.Mutable.cs",
    "JshintrcSchema.SingleGroupsEntity.cs",
    "JshintrcSchema.SupernewEntity.JsonSchema.cs",
    "JshintrcSchema.SupernewEntity.Mutable.cs",
    "JshintrcSchema.SupernewEntity.cs",
    "JshintrcSchema.SuppressesWarningsAboutFunctionsInsideOfLoops.JsonSchema.cs",
    "JshintrcSchema.SuppressesWarningsAboutFunctionsInsideOfLoops.Mutable.cs",
    "JshintrcSchema.SuppressesWarningsAboutFunctionsInsideOfLoops.cs",
    "JshintrcSchema.SuppressesWarningsAboutInvalidTypeofOperatorValues.JsonSchema.cs",
    "JshintrcSchema.SuppressesWarningsAboutInvalidTypeofOperatorValues.Mutable.cs",
    "JshintrcSchema.SuppressesWarningsAboutInvalidTypeofOperatorValues.cs",
    "JshintrcSchema.SuppressesWarningsAboutMissingSemicolons.JsonSchema.cs",
    "JshintrcSchema.SuppressesWarningsAboutMissingSemicolons.Mutable.cs",
    "JshintrcSchema.SuppressesWarningsAboutMissingSemicolons.cs",
    "JshintrcSchema.SuppressesWarningsAboutNullComparisons.JsonSchema.cs",
    "JshintrcSchema.SuppressesWarningsAboutNullComparisons.Mutable.cs",
    "JshintrcSchema.SuppressesWarningsAboutNullComparisons.cs",
    "JshintrcSchema.SuppressesWarningsAboutTheIteratorProperty.JsonSchema.cs",
    "JshintrcSchema.SuppressesWarningsAboutTheIteratorProperty.Mutable.cs",
    "JshintrcSchema.SuppressesWarningsAboutTheIteratorProperty.cs",
    "JshintrcSchema.SuppressesWarningsAboutTheProtoProperty.JsonSchema.cs",
    "JshintrcSchema.SuppressesWarningsAboutTheProtoProperty.Mutable.cs",
    "JshintrcSchema.SuppressesWarningsAboutTheProtoProperty.cs",
    "JshintrcSchema.SuppressesWarningsAboutTheUseOfEval.JsonSchema.cs",
    "JshintrcSchema.SuppressesWarningsAboutTheUseOfEval.Mutable.cs",
    "JshintrcSchema.SuppressesWarningsAboutTheUseOfEval.cs",
    "JshintrcSchema.SuppressesWarningsAboutTheUseOfScriptTargetedUrLs.JsonSchema.cs",
    "JshintrcSchema.SuppressesWarningsAboutTheUseOfScriptTargetedUrLs.Mutable.cs",
    "JshintrcSchema.SuppressesWarningsAboutTheUseOfScriptTargetedUrLs.cs",
    "JshintrcSchema.SuppressesWarningsAboutTheUseOfTheWithStatement.JsonSchema.cs",
    "JshintrcSchema.SuppressesWarningsAboutTheUseOfTheWithStatement.Mutable.cs",
    "JshintrcSchema.SuppressesWarningsAboutTheUseOfTheWithStatement.cs",
    "JshintrcSchema.TellsJsHintThatYourCodeUsesMozillaJavaScriptExtensions.JsonSchema.cs",
    "JshintrcSchema.TellsJsHintThatYourCodeUsesMozillaJavaScriptExtensions.Mutable.cs",
    "JshintrcSchema.TellsJsHintThatYourCodeUsesMozillaJavaScriptExtensions.cs",
    "JshintrcSchema.TheEcmaScriptVersionToWhichTheCodeMustAdhere.JsonSchema.cs",
    "JshintrcSchema.TheEcmaScriptVersionToWhichTheCodeMustAdhere.Mutable.cs",
    "JshintrcSchema.TheEcmaScriptVersionToWhichTheCodeMustAdhere.cs",
    "JshintrcSchema.TrailingcommaEntity.JsonSchema.cs",
    "JshintrcSchema.TrailingcommaEntity.Mutable.cs",
    "JshintrcSchema.TrailingcommaEntity.cs",
    "JshintrcSchema.ValidthisEntity.JsonSchema.cs",
    "JshintrcSchema.ValidthisEntity.Mutable.cs",
    "JshintrcSchema.ValidthisEntity.cs",
    "JshintrcSchema.VarstmtEntity.JsonSchema.cs",
    "JshintrcSchema.VarstmtEntity.Mutable.cs",
    "JshintrcSchema.VarstmtEntity.cs",
    "JshintrcSchema.WarnsAboutNonBreakingWhitespaceCharacters.JsonSchema.cs",
    "JshintrcSchema.WarnsAboutNonBreakingWhitespaceCharacters.Mutable.cs",
    "JshintrcSchema.WarnsAboutNonBreakingWhitespaceCharacters.cs",
    "JshintrcSchema.WarnsWhenYouDefineAndNeverUseYourVariables.JsonSchema.cs",
    "JshintrcSchema.WarnsWhenYouDefineAndNeverUseYourVariables.Mutable.cs",
    "JshintrcSchema.WarnsWhenYouDefineAndNeverUseYourVariables.cs",
    "JshintrcSchema.cs",
    "JsonBoolean.JsonSchema.cs",
    "JsonBoolean.Mutable.cs",
    "JsonBoolean.cs",
    "JsonObject.JsonSchema.cs",
    "JsonObject.Mutable.cs",
    "JsonObject.cs",
    "JsonString.JsonSchema.cs",
    "JsonString.Mutable.cs",
    "JsonString.cs"
  ]
}