{
  "excludePaths": [],
  "generatedAt": "2026-06-30T14:47:27.8440364\u002B00:00",
  "generatedFiles": [
    "getStatusRequest.ts",
    "GetStatusResponse.ts",
    "updatePetRequest.ts",
    "UpdatePetResponse.ts",
    "searchRequest.ts",
    "SearchResponse.ts",
    "uploadRequest.ts",
    "UploadResponse.ts",
    "noteRequest.ts",
    "NoteResponse.ts",
    "formRequest.ts",
    "FormResponse.ts",
    "avatarRequest.ts",
    "AvatarResponse.ts",
    "IApiStatusClient.ts",
    "ApiStatusClient.ts",
    "models/generated.ts",
    "models/corvus-runtime.ts"
  ],
  "generatorVersion": "1.0.0\u002Bdf15a257de5bda0b8639a9cb6876aba10e8d0ad5",
  "includePaths": [],
  "rootNamespace": "GeneratedApi",
  "specFileHash": "7a6f244b30f402e76306c30e8fe8a7fa0be379989d6b6e254a2614873969f54d",
  "specVersion": "3.1"
}