{
  "excludePaths": [],
  "generatedAt": "2026-07-01T19:32:45.4815851\u002B00:00",
  "generatedFiles": [
    "getStatusRequest.ts",
    "GetStatusResponse.ts",
    "getPetRequest.ts",
    "GetPetResponse.ts",
    "updatePetRequest.ts",
    "UpdatePetResponse.ts",
    "searchRequest.ts",
    "SearchResponse.ts",
    "uploadRequest.ts",
    "UploadResponse.ts",
    "noteRequest.ts",
    "NoteResponse.ts",
    "formRequest.ts",
    "FormResponse.ts",
    "avatarRequest.ts",
    "AvatarResponse.ts",
    "downloadRequest.ts",
    "DownloadResponse.ts",
    "pingRequest.ts",
    "PingResponse.ts",
    "limitsRequest.ts",
    "LimitsResponse.ts",
    "listPetsRequest.ts",
    "ListPetsResponse.ts",
    "IApiStatusClient.ts",
    "ApiStatusClient.ts",
    "models/generated.ts",
    "models/corvus-runtime.ts"
  ],
  "generatorVersion": "1.0.0\u002B9a1463c57bf316a02b03ef3c9f552b5650b8da47",
  "includePaths": [],
  "rootNamespace": "GeneratedApi",
  "specFileHash": "4fea67677cfcc5692f08c6a2fe596abc4bc2ebbcd60269f6421604bf610bd5e1",
  "specVersion": "3.1"
}