{
  "excludePaths": [],
  "generatedAt": "2026-07-01T09:08:11.4703949\u002B00:00",
  "generatedFiles": [
    "getStatusRequest.ts",
    "GetStatusResponse.ts",
    "getPetRequest.ts",
    "GetPetResponse.ts",
    "updatePetRequest.ts",
    "UpdatePetResponse.ts",
    "searchRequest.ts",
    "SearchResponse.ts",
    "uploadRequest.ts",
    "UploadResponse.ts",
    "noteRequest.ts",
    "NoteResponse.ts",
    "formRequest.ts",
    "FormResponse.ts",
    "avatarRequest.ts",
    "AvatarResponse.ts",
    "downloadRequest.ts",
    "DownloadResponse.ts",
    "pingRequest.ts",
    "PingResponse.ts",
    "limitsRequest.ts",
    "LimitsResponse.ts",
    "IApiStatusClient.ts",
    "ApiStatusClient.ts",
    "models/generated.ts",
    "models/corvus-runtime.ts"
  ],
  "generatorVersion": "1.0.0\u002Befc008a4e3a09dda875446f6b83c5862f7cd5a61",
  "includePaths": [],
  "rootNamespace": "GeneratedApi",
  "specFileHash": "2c40d0be9a4ee0dc1998cd01bb135324294ae5c9cbdb02523b16cf1261d102eb",
  "specVersion": "3.1"
}