{
  "generatorVersion": "1.0.0\u002B21d85efed4392126bf4de60752f3396cf7fbf296",
  "generatedAt": "2026-09-30T12:31:53.3830880\u002B00:00",
  "engine": "V5",
  "codeGenerationMode": "TypeGeneration",
  "specification": {
    "rootNamespace": "Corvus.OpenapiBenchmark.Current",
    "typesToGenerate": [
      {
        "schemaFile": "../openapi-schema.json",
        "outputRootTypeName": "OpenapiSchema",
        "rebaseToRootPath": false
      }
    ],
    "addExplicitUsings": false,
    "assertFormat": true,
    "disableOptionalNameHeuristics": false,
    "nativeEnums": "All",
    "optionalAsNullable": "None",
    "supportYaml": false,
    "unions": true,
    "useImplicitOperatorString": false,
    "useUnixLineEndings": false,
    "formatMode": {
      "*": "disable"
    }
  },
  "schemaHashes": {
    "../openapi-schema.json": "58bb3cdb55e64294217af0471a9c670940dd9ce7b4377f717140a8c1d51fdde0"
  },
  "generatedFiles": [
    "CorvusJsonSchemaProgram.cs",
    "Corvus__UnionAttribute.cs",
    "JsonBoolean.JsonSchema.cs",
    "JsonBoolean.Mutable.cs",
    "JsonBoolean.cs",
    "JsonEmail.JsonSchema.cs",
    "JsonEmail.Mutable.cs",
    "JsonEmail.cs",
    "JsonMediaRange.JsonSchema.cs",
    "JsonMediaRange.Mutable.cs",
    "JsonMediaRange.cs",
    "JsonString.JsonSchema.cs",
    "JsonString.Mutable.cs",
    "JsonString.cs",
    "JsonUri.JsonSchema.cs",
    "JsonUri.Mutable.cs",
    "JsonUri.cs",
    "JsonUriReference.JsonSchema.cs",
    "JsonUriReference.Mutable.cs",
    "JsonUriReference.cs",
    "OpenapiSchema.Callbacks.JsonSchema.cs",
    "OpenapiSchema.Callbacks.Mutable.cs",
    "OpenapiSchema.Callbacks.cs",
    "OpenapiSchema.CallbacksOrReference.JsonSchema.cs",
    "OpenapiSchema.CallbacksOrReference.Mutable.cs",
    "OpenapiSchema.CallbacksOrReference.RequiredRef.JsonSchema.cs",
    "OpenapiSchema.CallbacksOrReference.RequiredRef.Mutable.cs",
    "OpenapiSchema.CallbacksOrReference.RequiredRef.cs",
    "OpenapiSchema.CallbacksOrReference.cs",
    "OpenapiSchema.Components.CallbacksEntity.JsonSchema.cs",
    "OpenapiSchema.Components.CallbacksEntity.Mutable.cs",
    "OpenapiSchema.Components.CallbacksEntity.cs",
    "OpenapiSchema.Components.ExamplesEntity.JsonSchema.cs",
    "OpenapiSchema.Components.ExamplesEntity.Mutable.cs",
    "OpenapiSchema.Components.ExamplesEntity.cs",
    "OpenapiSchema.Components.HeadersEntity.JsonSchema.cs",
    "OpenapiSchema.Components.HeadersEntity.Mutable.cs",
    "OpenapiSchema.Components.HeadersEntity.cs",
    "OpenapiSchema.Components.JsonSchema.cs",
    "OpenapiSchema.Components.LinksEntity.JsonSchema.cs",
    "OpenapiSchema.Components.LinksEntity.Mutable.cs",
    "OpenapiSchema.Components.LinksEntity.cs",
    "OpenapiSchema.Components.Mutable.cs",
    "OpenapiSchema.Components.ParametersEntity.JsonSchema.cs",
    "OpenapiSchema.Components.ParametersEntity.Mutable.cs",
    "OpenapiSchema.Components.ParametersEntity.cs",
    "OpenapiSchema.Components.PathItemsEntity.JsonSchema.cs",
    "OpenapiSchema.Components.PathItemsEntity.Mutable.cs",
    "OpenapiSchema.Components.PathItemsEntity.cs",
    "OpenapiSchema.Components.RequestBodiesEntity.JsonSchema.cs",
    "OpenapiSchema.Components.RequestBodiesEntity.Mutable.cs",
    "OpenapiSchema.Components.RequestBodiesEntity.cs",
    "OpenapiSchema.Components.ResponsesEntity.JsonSchema.cs",
    "OpenapiSchema.Components.ResponsesEntity.Mutable.cs",
    "OpenapiSchema.Components.ResponsesEntity.cs",
    "OpenapiSchema.Components.SchemasEntity.JsonSchema.cs",
    "OpenapiSchema.Components.SchemasEntity.Mutable.cs",
    "OpenapiSchema.Components.SchemasEntity.cs",
    "OpenapiSchema.Components.SchemasResponsesParametersExamplesRequestBodiesHeadersSecuritySchemesLinksCallbacksPathItemsEntity.JsonSchema.cs",
    "OpenapiSchema.Components.SchemasResponsesParametersExamplesRequestBodiesHeadersSecuritySchemesLinksCallbacksPathItemsEntity.Mutable.cs",
    "OpenapiSchema.Components.SchemasResponsesParametersExamplesRequestBodiesHeadersSecuritySchemesLinksCallbacksPathItemsEntity.PropertyNamesEntity.JsonSchema.cs",
    "OpenapiSchema.Components.SchemasResponsesParametersExamplesRequestBodiesHeadersSecuritySchemesLinksCallbacksPathItemsEntity.PropertyNamesEntity.Mutable.cs",
    "OpenapiSchema.Components.SchemasResponsesParametersExamplesRequestBodiesHeadersSecuritySchemesLinksCallbacksPathItemsEntity.PropertyNamesEntity.cs",
    "OpenapiSchema.Components.SchemasResponsesParametersExamplesRequestBodiesHeadersSecuritySchemesLinksCallbacksPathItemsEntity.cs",
    "OpenapiSchema.Components.SecuritySchemesEntity.JsonSchema.cs",
    "OpenapiSchema.Components.SecuritySchemesEntity.Mutable.cs",
    "OpenapiSchema.Components.SecuritySchemesEntity.cs",
    "OpenapiSchema.Components.cs",
    "OpenapiSchema.Contact.JsonSchema.cs",
    "OpenapiSchema.Contact.Mutable.cs",
    "OpenapiSchema.Contact.cs",
    "OpenapiSchema.Content.JsonSchema.cs",
    "OpenapiSchema.Content.Mutable.cs",
    "OpenapiSchema.Content.PropertyNamesEntity.JsonSchema.cs",
    "OpenapiSchema.Content.PropertyNamesEntity.Mutable.cs",
    "OpenapiSchema.Content.PropertyNamesEntity.cs",
    "OpenapiSchema.Content.cs",
    "OpenapiSchema.ContentEntity.JsonSchema.cs",
    "OpenapiSchema.ContentEntity.Mutable.cs",
    "OpenapiSchema.ContentEntity.cs",
    "OpenapiSchema.Encoding.AllowReservedEntity.JsonSchema.cs",
    "OpenapiSchema.Encoding.AllowReservedEntity.Mutable.cs",
    "OpenapiSchema.Encoding.AllowReservedEntity.cs",
    "OpenapiSchema.Encoding.HeadersEntity.JsonSchema.cs",
    "OpenapiSchema.Encoding.HeadersEntity.Mutable.cs",
    "OpenapiSchema.Encoding.HeadersEntity.cs",
    "OpenapiSchema.Encoding.JsonSchema.cs",
    "OpenapiSchema.Encoding.Mutable.cs",
    "OpenapiSchema.Encoding.StyleEntity.JsonSchema.cs",
    "OpenapiSchema.Encoding.StyleEntity.Mutable.cs",
    "OpenapiSchema.Encoding.StyleEntity.cs",
    "OpenapiSchema.Encoding.cs",
    "OpenapiSchema.EncodingEntity.JsonSchema.cs",
    "OpenapiSchema.EncodingEntity.Mutable.cs",
    "OpenapiSchema.EncodingEntity.cs",
    "OpenapiSchema.Example.JsonSchema.cs",
    "OpenapiSchema.Example.Mutable.cs",
    "OpenapiSchema.Example.RequiredExternalValueAndValue.JsonSchema.cs",
    "OpenapiSchema.Example.RequiredExternalValueAndValue.Mutable.cs",
    "OpenapiSchema.Example.RequiredExternalValueAndValue.cs",
    "OpenapiSchema.Example.cs",
    "OpenapiSchema.ExampleOrReference.JsonSchema.cs",
    "OpenapiSchema.ExampleOrReference.Mutable.cs",
    "OpenapiSchema.ExampleOrReference.RequiredRef.JsonSchema.cs",
    "OpenapiSchema.ExampleOrReference.RequiredRef.Mutable.cs",
    "OpenapiSchema.ExampleOrReference.RequiredRef.cs",
    "OpenapiSchema.ExampleOrReference.cs",
    "OpenapiSchema.Examples.ExamplesEntity.JsonSchema.cs",
    "OpenapiSchema.Examples.ExamplesEntity.Mutable.cs",
    "OpenapiSchema.Examples.ExamplesEntity.cs",
    "OpenapiSchema.Examples.JsonSchema.cs",
    "OpenapiSchema.Examples.Mutable.cs",
    "OpenapiSchema.Examples.cs",
    "OpenapiSchema.ExternalDocumentation.JsonSchema.cs",
    "OpenapiSchema.ExternalDocumentation.Mutable.cs",
    "OpenapiSchema.ExternalDocumentation.cs",
    "OpenapiSchema.Header.ContentEntity.JsonSchema.cs",
    "OpenapiSchema.Header.ContentEntity.Mutable.cs",
    "OpenapiSchema.Header.ContentEntity.cs",
    "OpenapiSchema.Header.DeprecatedEntity.JsonSchema.cs",
    "OpenapiSchema.Header.DeprecatedEntity.Mutable.cs",
    "OpenapiSchema.Header.DeprecatedEntity.cs",
    "OpenapiSchema.Header.JsonSchema.cs",
    "OpenapiSchema.Header.Mutable.cs",
    "OpenapiSchema.Header.RequiredContent.JsonSchema.cs",
    "OpenapiSchema.Header.RequiredContent.Mutable.cs",
    "OpenapiSchema.Header.RequiredContent.cs",
    "OpenapiSchema.Header.RequiredEntity.JsonSchema.cs",
    "OpenapiSchema.Header.RequiredEntity.Mutable.cs",
    "OpenapiSchema.Header.RequiredEntity.cs",
    "OpenapiSchema.Header.RequiredSchema.JsonSchema.cs",
    "OpenapiSchema.Header.RequiredSchema.Mutable.cs",
    "OpenapiSchema.Header.RequiredSchema.cs",
    "OpenapiSchema.Header.WithStyleSimple.ExplodeEntity.JsonSchema.cs",
    "OpenapiSchema.Header.WithStyleSimple.ExplodeEntity.Mutable.cs",
    "OpenapiSchema.Header.WithStyleSimple.ExplodeEntity.cs",
    "OpenapiSchema.Header.WithStyleSimple.JsonSchema.cs",
    "OpenapiSchema.Header.WithStyleSimple.Mutable.cs",
    "OpenapiSchema.Header.WithStyleSimple.StyleEntity.JsonSchema.cs",
    "OpenapiSchema.Header.WithStyleSimple.StyleEntity.Mutable.cs",
    "OpenapiSchema.Header.WithStyleSimple.StyleEntity.cs",
    "OpenapiSchema.Header.WithStyleSimple.cs",
    "OpenapiSchema.Header.cs",
    "OpenapiSchema.HeaderOrReference.JsonSchema.cs",
    "OpenapiSchema.HeaderOrReference.Mutable.cs",
    "OpenapiSchema.HeaderOrReference.RequiredRef.JsonSchema.cs",
    "OpenapiSchema.HeaderOrReference.RequiredRef.Mutable.cs",
    "OpenapiSchema.HeaderOrReference.RequiredRef.cs",
    "OpenapiSchema.HeaderOrReference.cs",
    "OpenapiSchema.HeadersEntity.JsonSchema.cs",
    "OpenapiSchema.HeadersEntity.Mutable.cs",
    "OpenapiSchema.HeadersEntity.cs",
    "OpenapiSchema.Info.JsonSchema.cs",
    "OpenapiSchema.Info.Mutable.cs",
    "OpenapiSchema.Info.cs",
    "OpenapiSchema.JsonSchema.cs",
    "OpenapiSchema.JsonSchemaDialectEntity.JsonSchema.cs",
    "OpenapiSchema.JsonSchemaDialectEntity.Mutable.cs",
    "OpenapiSchema.JsonSchemaDialectEntity.cs",
    "OpenapiSchema.License.IdentifierEntity.JsonSchema.cs",
    "OpenapiSchema.License.IdentifierEntity.Mutable.cs",
    "OpenapiSchema.License.IdentifierEntity.RequiredUrl.JsonSchema.cs",
    "OpenapiSchema.License.IdentifierEntity.RequiredUrl.Mutable.cs",
    "OpenapiSchema.License.IdentifierEntity.RequiredUrl.cs",
    "OpenapiSchema.License.IdentifierEntity.cs",
    "OpenapiSchema.License.JsonSchema.cs",
    "OpenapiSchema.License.Mutable.cs",
    "OpenapiSchema.License.cs",
    "OpenapiSchema.Link.JsonSchema.cs",
    "OpenapiSchema.Link.Mutable.cs",
    "OpenapiSchema.Link.RequiredOperationId.JsonSchema.cs",
    "OpenapiSchema.Link.RequiredOperationId.Mutable.cs",
    "OpenapiSchema.Link.RequiredOperationId.cs",
    "OpenapiSchema.Link.RequiredOperationRef.JsonSchema.cs",
    "OpenapiSchema.Link.RequiredOperationRef.Mutable.cs",
    "OpenapiSchema.Link.RequiredOperationRef.cs",
    "OpenapiSchema.Link.cs",
    "OpenapiSchema.LinkOrReference.JsonSchema.cs",
    "OpenapiSchema.LinkOrReference.Mutable.cs",
    "OpenapiSchema.LinkOrReference.RequiredRef.JsonSchema.cs",
    "OpenapiSchema.LinkOrReference.RequiredRef.Mutable.cs",
    "OpenapiSchema.LinkOrReference.RequiredRef.cs",
    "OpenapiSchema.LinkOrReference.cs",
    "OpenapiSchema.MapOfStrings.JsonSchema.cs",
    "OpenapiSchema.MapOfStrings.Mutable.cs",
    "OpenapiSchema.MapOfStrings.cs",
    "OpenapiSchema.MediaType.EncodingEntity.JsonSchema.cs",
    "OpenapiSchema.MediaType.EncodingEntity.Mutable.cs",
    "OpenapiSchema.MediaType.EncodingEntity.cs",
    "OpenapiSchema.MediaType.JsonSchema.cs",
    "OpenapiSchema.MediaType.Mutable.cs",
    "OpenapiSchema.MediaType.cs",
    "OpenapiSchema.Mutable.cs",
    "OpenapiSchema.OauthFlows.JsonSchema.cs",
    "OpenapiSchema.OauthFlows.Mutable.cs",
    "OpenapiSchema.OauthFlows.OauthFlowsRequiredScopesAndTokenUrl.JsonSchema.cs",
    "OpenapiSchema.OauthFlows.OauthFlowsRequiredScopesAndTokenUrl.Mutable.cs",
    "OpenapiSchema.OauthFlows.OauthFlowsRequiredScopesAndTokenUrl.cs",
    "OpenapiSchema.OauthFlows.RequiredAuthorizationUrlAndScopes.JsonSchema.cs",
    "OpenapiSchema.OauthFlows.RequiredAuthorizationUrlAndScopes.Mutable.cs",
    "OpenapiSchema.OauthFlows.RequiredAuthorizationUrlAndScopes.cs",
    "OpenapiSchema.OauthFlows.RequiredAuthorizationUrlAndScopesAndTokenUrl.JsonSchema.cs",
    "OpenapiSchema.OauthFlows.RequiredAuthorizationUrlAndScopesAndTokenUrl.Mutable.cs",
    "OpenapiSchema.OauthFlows.RequiredAuthorizationUrlAndScopesAndTokenUrl.cs",
    "OpenapiSchema.OauthFlows.RequiredScopesAndTokenUrl.JsonSchema.cs",
    "OpenapiSchema.OauthFlows.RequiredScopesAndTokenUrl.Mutable.cs",
    "OpenapiSchema.OauthFlows.RequiredScopesAndTokenUrl.cs",
    "OpenapiSchema.OauthFlows.cs",
    "OpenapiSchema.OpenapiEntity.JsonSchema.cs",
    "OpenapiSchema.OpenapiEntity.Mutable.cs",
    "OpenapiSchema.OpenapiEntity.cs",
    "OpenapiSchema.OpenapiSchemaContentEntity.JsonSchema.cs",
    "OpenapiSchema.OpenapiSchemaContentEntity.Mutable.cs",
    "OpenapiSchema.OpenapiSchemaContentEntity.cs",
    "OpenapiSchema.OpenapiSchemaHeadersEntity.JsonSchema.cs",
    "OpenapiSchema.OpenapiSchemaHeadersEntity.Mutable.cs",
    "OpenapiSchema.OpenapiSchemaHeadersEntity.cs",
    "OpenapiSchema.OpenapiSchemaParametArray.JsonSchema.cs",
    "OpenapiSchema.OpenapiSchemaParametArray.Mutable.cs",
    "OpenapiSchema.OpenapiSchemaParametArray.cs",
    "OpenapiSchema.Operation.CallbacksEntity.JsonSchema.cs",
    "OpenapiSchema.Operation.CallbacksEntity.Mutable.cs",
    "OpenapiSchema.Operation.CallbacksEntity.cs",
    "OpenapiSchema.Operation.DeprecatedEntity.JsonSchema.cs",
    "OpenapiSchema.Operation.DeprecatedEntity.Mutable.cs",
    "OpenapiSchema.Operation.DeprecatedEntity.cs",
    "OpenapiSchema.Operation.JsonSchema.cs",
    "OpenapiSchema.Operation.JsonStringArray.JsonSchema.cs",
    "OpenapiSchema.Operation.JsonStringArray.Mutable.cs",
    "OpenapiSchema.Operation.JsonStringArray.cs",
    "OpenapiSchema.Operation.Mutable.cs",
    "OpenapiSchema.Operation.ParameterOrReferenceArray.JsonSchema.cs",
    "OpenapiSchema.Operation.ParameterOrReferenceArray.Mutable.cs",
    "OpenapiSchema.Operation.ParameterOrReferenceArray.cs",
    "OpenapiSchema.Operation.SecurityRequirementArray.JsonSchema.cs",
    "OpenapiSchema.Operation.SecurityRequirementArray.Mutable.cs",
    "OpenapiSchema.Operation.SecurityRequirementArray.cs",
    "OpenapiSchema.Operation.ServerArray.JsonSchema.cs",
    "OpenapiSchema.Operation.ServerArray.Mutable.cs",
    "OpenapiSchema.Operation.ServerArray.cs",
    "OpenapiSchema.Operation.cs",
    "OpenapiSchema.Parameter.ContentEntity.JsonSchema.cs",
    "OpenapiSchema.Parameter.ContentEntity.Mutable.cs",
    "OpenapiSchema.Parameter.ContentEntity.cs",
    "OpenapiSchema.Parameter.DeprecatedEntity.JsonSchema.cs",
    "OpenapiSchema.Parameter.DeprecatedEntity.Mutable.cs",
    "OpenapiSchema.Parameter.DeprecatedEntity.cs",
    "OpenapiSchema.Parameter.InEntity.JsonSchema.cs",
    "OpenapiSchema.Parameter.InEntity.Mutable.cs",
    "OpenapiSchema.Parameter.InEntity.cs",
    "OpenapiSchema.Parameter.JsonSchema.cs",
    "OpenapiSchema.Parameter.Mutable.cs",
    "OpenapiSchema.Parameter.RequiredContent.JsonSchema.cs",
    "OpenapiSchema.Parameter.RequiredContent.Mutable.cs",
    "OpenapiSchema.Parameter.RequiredContent.cs",
    "OpenapiSchema.Parameter.RequiredEntity.JsonSchema.cs",
    "OpenapiSchema.Parameter.RequiredEntity.Mutable.cs",
    "OpenapiSchema.Parameter.RequiredEntity.cs",
    "OpenapiSchema.Parameter.RequiredIn.InEntity.JsonSchema.cs",
    "OpenapiSchema.Parameter.RequiredIn.InEntity.Mutable.cs",
    "OpenapiSchema.Parameter.RequiredIn.InEntity.cs",
    "OpenapiSchema.Parameter.RequiredIn.JsonSchema.cs",
    "OpenapiSchema.Parameter.RequiredIn.Mutable.cs",
    "OpenapiSchema.Parameter.RequiredIn.cs",
    "OpenapiSchema.Parameter.RequiredSchema.JsonSchema.cs",
    "OpenapiSchema.Parameter.RequiredSchema.Mutable.cs",
    "OpenapiSchema.Parameter.RequiredSchema.cs",
    "OpenapiSchema.Parameter.SchemaEntity.JsonSchema.cs",
    "OpenapiSchema.Parameter.SchemaEntity.Mutable.cs",
    "OpenapiSchema.Parameter.SchemaEntity.StylesForCookieEntity.JsonSchema.cs",
    "OpenapiSchema.Parameter.SchemaEntity.StylesForCookieEntity.Mutable.cs",
    "OpenapiSchema.Parameter.SchemaEntity.StylesForCookieEntity.RequiredIn.InEntity.JsonSchema.cs",
    "OpenapiSchema.Parameter.SchemaEntity.StylesForCookieEntity.RequiredIn.InEntity.Mutable.cs",
    "OpenapiSchema.Parameter.SchemaEntity.StylesForCookieEntity.RequiredIn.InEntity.cs",
    "OpenapiSchema.Parameter.SchemaEntity.StylesForCookieEntity.RequiredIn.JsonSchema.cs",
    "OpenapiSchema.Parameter.SchemaEntity.StylesForCookieEntity.RequiredIn.Mutable.cs",
    "OpenapiSchema.Parameter.SchemaEntity.StylesForCookieEntity.RequiredIn.cs",
    "OpenapiSchema.Parameter.SchemaEntity.StylesForCookieEntity.WithStyleForm.JsonSchema.cs",
    "OpenapiSchema.Parameter.SchemaEntity.StylesForCookieEntity.WithStyleForm.Mutable.cs",
    "OpenapiSchema.Parameter.SchemaEntity.StylesForCookieEntity.WithStyleForm.StyleEntity.JsonSchema.cs",
    "OpenapiSchema.Parameter.SchemaEntity.StylesForCookieEntity.WithStyleForm.StyleEntity.Mutable.cs",
    "OpenapiSchema.Parameter.SchemaEntity.StylesForCookieEntity.WithStyleForm.StyleEntity.cs",
    "OpenapiSchema.Parameter.SchemaEntity.StylesForCookieEntity.WithStyleForm.cs",
    "OpenapiSchema.Parameter.SchemaEntity.StylesForCookieEntity.cs",
    "OpenapiSchema.Parameter.SchemaEntity.StylesForHeaderEntity.JsonSchema.cs",
    "OpenapiSchema.Parameter.SchemaEntity.StylesForHeaderEntity.Mutable.cs",
    "OpenapiSchema.Parameter.SchemaEntity.StylesForHeaderEntity.RequiredIn.InEntity.JsonSchema.cs",
    "OpenapiSchema.Parameter.SchemaEntity.StylesForHeaderEntity.RequiredIn.InEntity.Mutable.cs",
    "OpenapiSchema.Parameter.SchemaEntity.StylesForHeaderEntity.RequiredIn.InEntity.cs",
    "OpenapiSchema.Parameter.SchemaEntity.StylesForHeaderEntity.RequiredIn.JsonSchema.cs",
    "OpenapiSchema.Parameter.SchemaEntity.StylesForHeaderEntity.RequiredIn.Mutable.cs",
    "OpenapiSchema.Parameter.SchemaEntity.StylesForHeaderEntity.RequiredIn.cs",
    "OpenapiSchema.Parameter.SchemaEntity.StylesForHeaderEntity.WithStyleSimple.JsonSchema.cs",
    "OpenapiSchema.Parameter.SchemaEntity.StylesForHeaderEntity.WithStyleSimple.Mutable.cs",
    "OpenapiSchema.Parameter.SchemaEntity.StylesForHeaderEntity.WithStyleSimple.StyleEntity.JsonSchema.cs",
    "OpenapiSchema.Parameter.SchemaEntity.StylesForHeaderEntity.WithStyleSimple.StyleEntity.Mutable.cs",
    "OpenapiSchema.Parameter.SchemaEntity.StylesForHeaderEntity.WithStyleSimple.StyleEntity.cs",
    "OpenapiSchema.Parameter.SchemaEntity.StylesForHeaderEntity.WithStyleSimple.cs",
    "OpenapiSchema.Parameter.SchemaEntity.StylesForHeaderEntity.cs",
    "OpenapiSchema.Parameter.SchemaEntity.StylesForPathEntity.JsonSchema.cs",
    "OpenapiSchema.Parameter.SchemaEntity.StylesForPathEntity.Mutable.cs",
    "OpenapiSchema.Parameter.SchemaEntity.StylesForPathEntity.RequiredIn.InEntity.JsonSchema.cs",
    "OpenapiSchema.Parameter.SchemaEntity.StylesForPathEntity.RequiredIn.InEntity.Mutable.cs",
    "OpenapiSchema.Parameter.SchemaEntity.StylesForPathEntity.RequiredIn.InEntity.cs",
    "OpenapiSchema.Parameter.SchemaEntity.StylesForPathEntity.RequiredIn.JsonSchema.cs",
    "OpenapiSchema.Parameter.SchemaEntity.StylesForPathEntity.RequiredIn.Mutable.cs",
    "OpenapiSchema.Parameter.SchemaEntity.StylesForPathEntity.RequiredIn.cs",
    "OpenapiSchema.Parameter.SchemaEntity.StylesForPathEntity.RequiredRequired.JsonSchema.cs",
    "OpenapiSchema.Parameter.SchemaEntity.StylesForPathEntity.RequiredRequired.Mutable.cs",
    "OpenapiSchema.Parameter.SchemaEntity.StylesForPathEntity.RequiredRequired.RequiredEntity.JsonSchema.cs",
    "OpenapiSchema.Parameter.SchemaEntity.StylesForPathEntity.RequiredRequired.RequiredEntity.Mutable.cs",
    "OpenapiSchema.Parameter.SchemaEntity.StylesForPathEntity.RequiredRequired.RequiredEntity.cs",
    "OpenapiSchema.Parameter.SchemaEntity.StylesForPathEntity.RequiredRequired.StyleEntity.JsonSchema.cs",
    "OpenapiSchema.Parameter.SchemaEntity.StylesForPathEntity.RequiredRequired.StyleEntity.Mutable.cs",
    "OpenapiSchema.Parameter.SchemaEntity.StylesForPathEntity.RequiredRequired.StyleEntity.cs",
    "OpenapiSchema.Parameter.SchemaEntity.StylesForPathEntity.RequiredRequired.cs",
    "OpenapiSchema.Parameter.SchemaEntity.StylesForPathEntity.cs",
    "OpenapiSchema.Parameter.SchemaEntity.StylesForQueryEntity.JsonSchema.cs",
    "OpenapiSchema.Parameter.SchemaEntity.StylesForQueryEntity.Mutable.cs",
    "OpenapiSchema.Parameter.SchemaEntity.StylesForQueryEntity.RequiredIn.InEntity.JsonSchema.cs",
    "OpenapiSchema.Parameter.SchemaEntity.StylesForQueryEntity.RequiredIn.InEntity.Mutable.cs",
    "OpenapiSchema.Parameter.SchemaEntity.StylesForQueryEntity.RequiredIn.InEntity.cs",
    "OpenapiSchema.Parameter.SchemaEntity.StylesForQueryEntity.RequiredIn.JsonSchema.cs",
    "OpenapiSchema.Parameter.SchemaEntity.StylesForQueryEntity.RequiredIn.Mutable.cs",
    "OpenapiSchema.Parameter.SchemaEntity.StylesForQueryEntity.RequiredIn.cs",
    "OpenapiSchema.Parameter.SchemaEntity.StylesForQueryEntity.ThenEntity.AllowReservedEntity.JsonSchema.cs",
    "OpenapiSchema.Parameter.SchemaEntity.StylesForQueryEntity.ThenEntity.AllowReservedEntity.Mutable.cs",
    "OpenapiSchema.Parameter.SchemaEntity.StylesForQueryEntity.ThenEntity.AllowReservedEntity.cs",
    "OpenapiSchema.Parameter.SchemaEntity.StylesForQueryEntity.ThenEntity.JsonSchema.cs",
    "OpenapiSchema.Parameter.SchemaEntity.StylesForQueryEntity.ThenEntity.Mutable.cs",
    "OpenapiSchema.Parameter.SchemaEntity.StylesForQueryEntity.ThenEntity.StyleEntity.JsonSchema.cs",
    "OpenapiSchema.Parameter.SchemaEntity.StylesForQueryEntity.ThenEntity.StyleEntity.Mutable.cs",
    "OpenapiSchema.Parameter.SchemaEntity.StylesForQueryEntity.ThenEntity.StyleEntity.cs",
    "OpenapiSchema.Parameter.SchemaEntity.StylesForQueryEntity.ThenEntity.cs",
    "OpenapiSchema.Parameter.SchemaEntity.StylesForQueryEntity.cs",
    "OpenapiSchema.Parameter.SchemaEntity.cs",
    "OpenapiSchema.Parameter.ThenEntity.AllowEmptyValueEntity.JsonSchema.cs",
    "OpenapiSchema.Parameter.ThenEntity.AllowEmptyValueEntity.Mutable.cs",
    "OpenapiSchema.Parameter.ThenEntity.AllowEmptyValueEntity.cs",
    "OpenapiSchema.Parameter.ThenEntity.JsonSchema.cs",
    "OpenapiSchema.Parameter.ThenEntity.Mutable.cs",
    "OpenapiSchema.Parameter.ThenEntity.cs",
    "OpenapiSchema.Parameter.cs",
    "OpenapiSchema.ParameterOrReference.JsonSchema.cs",
    "OpenapiSchema.ParameterOrReference.Mutable.cs",
    "OpenapiSchema.ParameterOrReference.RequiredRef.JsonSchema.cs",
    "OpenapiSchema.ParameterOrReference.RequiredRef.Mutable.cs",
    "OpenapiSchema.ParameterOrReference.RequiredRef.cs",
    "OpenapiSchema.ParameterOrReference.cs",
    "OpenapiSchema.ParameterOrReferenceArray.JsonSchema.cs",
    "OpenapiSchema.ParameterOrReferenceArray.Mutable.cs",
    "OpenapiSchema.ParameterOrReferenceArray.cs",
    "OpenapiSchema.PathItem.JsonSchema.cs",
    "OpenapiSchema.PathItem.Mutable.cs",
    "OpenapiSchema.PathItem.ParameterOrReferenceArray.JsonSchema.cs",
    "OpenapiSchema.PathItem.ParameterOrReferenceArray.Mutable.cs",
    "OpenapiSchema.PathItem.ParameterOrReferenceArray.cs",
    "OpenapiSchema.PathItem.ServerArray.JsonSchema.cs",
    "OpenapiSchema.PathItem.ServerArray.Mutable.cs",
    "OpenapiSchema.PathItem.ServerArray.cs",
    "OpenapiSchema.PathItem.cs",
    "OpenapiSchema.PathItemOrReference.JsonSchema.cs",
    "OpenapiSchema.PathItemOrReference.Mutable.cs",
    "OpenapiSchema.PathItemOrReference.RequiredRef.JsonSchema.cs",
    "OpenapiSchema.PathItemOrReference.RequiredRef.Mutable.cs",
    "OpenapiSchema.PathItemOrReference.RequiredRef.cs",
    "OpenapiSchema.PathItemOrReference.cs",
    "OpenapiSchema.Paths.JsonSchema.cs",
    "OpenapiSchema.Paths.Mutable.cs",
    "OpenapiSchema.Paths.cs",
    "OpenapiSchema.Reference.JsonSchema.cs",
    "OpenapiSchema.Reference.Mutable.cs",
    "OpenapiSchema.Reference.cs",
    "OpenapiSchema.RequestBody.JsonSchema.cs",
    "OpenapiSchema.RequestBody.Mutable.cs",
    "OpenapiSchema.RequestBody.RequiredEntity.JsonSchema.cs",
    "OpenapiSchema.RequestBody.RequiredEntity.Mutable.cs",
    "OpenapiSchema.RequestBody.RequiredEntity.cs",
    "OpenapiSchema.RequestBody.cs",
    "OpenapiSchema.RequestBodyOrReference.JsonSchema.cs",
    "OpenapiSchema.RequestBodyOrReference.Mutable.cs",
    "OpenapiSchema.RequestBodyOrReference.RequiredRef.JsonSchema.cs",
    "OpenapiSchema.RequestBodyOrReference.RequiredRef.Mutable.cs",
    "OpenapiSchema.RequestBodyOrReference.RequiredRef.cs",
    "OpenapiSchema.RequestBodyOrReference.cs",
    "OpenapiSchema.RequiredComponents.JsonSchema.cs",
    "OpenapiSchema.RequiredComponents.Mutable.cs",
    "OpenapiSchema.RequiredComponents.cs",
    "OpenapiSchema.RequiredPaths.JsonSchema.cs",
    "OpenapiSchema.RequiredPaths.Mutable.cs",
    "OpenapiSchema.RequiredPaths.cs",
    "OpenapiSchema.RequiredWebhooks.JsonSchema.cs",
    "OpenapiSchema.RequiredWebhooks.Mutable.cs",
    "OpenapiSchema.RequiredWebhooks.cs",
    "OpenapiSchema.Response.HeadersEntity.JsonSchema.cs",
    "OpenapiSchema.Response.HeadersEntity.Mutable.cs",
    "OpenapiSchema.Response.HeadersEntity.cs",
    "OpenapiSchema.Response.JsonSchema.cs",
    "OpenapiSchema.Response.LinksEntity.JsonSchema.cs",
    "OpenapiSchema.Response.LinksEntity.Mutable.cs",
    "OpenapiSchema.Response.LinksEntity.cs",
    "OpenapiSchema.Response.Mutable.cs",
    "OpenapiSchema.Response.cs",
    "OpenapiSchema.ResponseOrReference.JsonSchema.cs",
    "OpenapiSchema.ResponseOrReference.Mutable.cs",
    "OpenapiSchema.ResponseOrReference.RequiredRef.JsonSchema.cs",
    "OpenapiSchema.ResponseOrReference.RequiredRef.Mutable.cs",
    "OpenapiSchema.ResponseOrReference.RequiredRef.cs",
    "OpenapiSchema.ResponseOrReference.cs",
    "OpenapiSchema.Responses.IfEntity.JsonSchema.cs",
    "OpenapiSchema.Responses.IfEntity.Mutable.cs",
    "OpenapiSchema.Responses.IfEntity.cs",
    "OpenapiSchema.Responses.JsonSchema.cs",
    "OpenapiSchema.Responses.Mutable.cs",
    "OpenapiSchema.Responses.RequiredDefault.JsonSchema.cs",
    "OpenapiSchema.Responses.RequiredDefault.Mutable.cs",
    "OpenapiSchema.Responses.RequiredDefault.cs",
    "OpenapiSchema.Responses.cs",
    "OpenapiSchema.Schema.JsonSchema.cs",
    "OpenapiSchema.Schema.Mutable.cs",
    "OpenapiSchema.Schema.cs",
    "OpenapiSchema.SecurityRequirement.JsonSchema.cs",
    "OpenapiSchema.SecurityRequirement.JsonStringArray.JsonSchema.cs",
    "OpenapiSchema.SecurityRequirement.JsonStringArray.Mutable.cs",
    "OpenapiSchema.SecurityRequirement.JsonStringArray.cs",
    "OpenapiSchema.SecurityRequirement.Mutable.cs",
    "OpenapiSchema.SecurityRequirement.cs",
    "OpenapiSchema.SecurityRequirementArray.JsonSchema.cs",
    "OpenapiSchema.SecurityRequirementArray.Mutable.cs",
    "OpenapiSchema.SecurityRequirementArray.cs",
    "OpenapiSchema.SecurityScheme.JsonSchema.cs",
    "OpenapiSchema.SecurityScheme.Mutable.cs",
    "OpenapiSchema.SecurityScheme.TypeApikeyEntity.JsonSchema.cs",
    "OpenapiSchema.SecurityScheme.TypeApikeyEntity.Mutable.cs",
    "OpenapiSchema.SecurityScheme.TypeApikeyEntity.RequiredInAndName.InEntity.JsonSchema.cs",
    "OpenapiSchema.SecurityScheme.TypeApikeyEntity.RequiredInAndName.InEntity.Mutable.cs",
    "OpenapiSchema.SecurityScheme.TypeApikeyEntity.RequiredInAndName.InEntity.cs",
    "OpenapiSchema.SecurityScheme.TypeApikeyEntity.RequiredInAndName.JsonSchema.cs",
    "OpenapiSchema.SecurityScheme.TypeApikeyEntity.RequiredInAndName.Mutable.cs",
    "OpenapiSchema.SecurityScheme.TypeApikeyEntity.RequiredInAndName.cs",
    "OpenapiSchema.SecurityScheme.TypeApikeyEntity.RequiredType.JsonSchema.cs",
    "OpenapiSchema.SecurityScheme.TypeApikeyEntity.RequiredType.Mutable.cs",
    "OpenapiSchema.SecurityScheme.TypeApikeyEntity.RequiredType.TypeEntity.JsonSchema.cs",
    "OpenapiSchema.SecurityScheme.TypeApikeyEntity.RequiredType.TypeEntity.Mutable.cs",
    "OpenapiSchema.SecurityScheme.TypeApikeyEntity.RequiredType.TypeEntity.cs",
    "OpenapiSchema.SecurityScheme.TypeApikeyEntity.RequiredType.cs",
    "OpenapiSchema.SecurityScheme.TypeApikeyEntity.cs",
    "OpenapiSchema.SecurityScheme.TypeEntity.JsonSchema.cs",
    "OpenapiSchema.SecurityScheme.TypeEntity.Mutable.cs",
    "OpenapiSchema.SecurityScheme.TypeEntity.cs",
    "OpenapiSchema.SecurityScheme.TypeHttpBearerEntity.JsonSchema.cs",
    "OpenapiSchema.SecurityScheme.TypeHttpBearerEntity.Mutable.cs",
    "OpenapiSchema.SecurityScheme.TypeHttpBearerEntity.RequiredSchemeAndType.JsonSchema.cs",
    "OpenapiSchema.SecurityScheme.TypeHttpBearerEntity.RequiredSchemeAndType.Mutable.cs",
    "OpenapiSchema.SecurityScheme.TypeHttpBearerEntity.RequiredSchemeAndType.SchemeEntity.JsonSchema.cs",
    "OpenapiSchema.SecurityScheme.TypeHttpBearerEntity.RequiredSchemeAndType.SchemeEntity.Mutable.cs",
    "OpenapiSchema.SecurityScheme.TypeHttpBearerEntity.RequiredSchemeAndType.SchemeEntity.cs",
    "OpenapiSchema.SecurityScheme.TypeHttpBearerEntity.RequiredSchemeAndType.TypeEntity.JsonSchema.cs",
    "OpenapiSchema.SecurityScheme.TypeHttpBearerEntity.RequiredSchemeAndType.TypeEntity.Mutable.cs",
    "OpenapiSchema.SecurityScheme.TypeHttpBearerEntity.RequiredSchemeAndType.TypeEntity.cs",
    "OpenapiSchema.SecurityScheme.TypeHttpBearerEntity.RequiredSchemeAndType.cs",
    "OpenapiSchema.SecurityScheme.TypeHttpBearerEntity.ThenEntity.JsonSchema.cs",
    "OpenapiSchema.SecurityScheme.TypeHttpBearerEntity.ThenEntity.Mutable.cs",
    "OpenapiSchema.SecurityScheme.TypeHttpBearerEntity.ThenEntity.cs",
    "OpenapiSchema.SecurityScheme.TypeHttpBearerEntity.cs",
    "OpenapiSchema.SecurityScheme.TypeHttpEntity.JsonSchema.cs",
    "OpenapiSchema.SecurityScheme.TypeHttpEntity.Mutable.cs",
    "OpenapiSchema.SecurityScheme.TypeHttpEntity.RequiredScheme.JsonSchema.cs",
    "OpenapiSchema.SecurityScheme.TypeHttpEntity.RequiredScheme.Mutable.cs",
    "OpenapiSchema.SecurityScheme.TypeHttpEntity.RequiredScheme.cs",
    "OpenapiSchema.SecurityScheme.TypeHttpEntity.RequiredType.JsonSchema.cs",
    "OpenapiSchema.SecurityScheme.TypeHttpEntity.RequiredType.Mutable.cs",
    "OpenapiSchema.SecurityScheme.TypeHttpEntity.RequiredType.TypeEntity.JsonSchema.cs",
    "OpenapiSchema.SecurityScheme.TypeHttpEntity.RequiredType.TypeEntity.Mutable.cs",
    "OpenapiSchema.SecurityScheme.TypeHttpEntity.RequiredType.TypeEntity.cs",
    "OpenapiSchema.SecurityScheme.TypeHttpEntity.RequiredType.cs",
    "OpenapiSchema.SecurityScheme.TypeHttpEntity.cs",
    "OpenapiSchema.SecurityScheme.TypeOauth2Entity.JsonSchema.cs",
    "OpenapiSchema.SecurityScheme.TypeOauth2Entity.Mutable.cs",
    "OpenapiSchema.SecurityScheme.TypeOauth2Entity.RequiredFlows.JsonSchema.cs",
    "OpenapiSchema.SecurityScheme.TypeOauth2Entity.RequiredFlows.Mutable.cs",
    "OpenapiSchema.SecurityScheme.TypeOauth2Entity.RequiredFlows.cs",
    "OpenapiSchema.SecurityScheme.TypeOauth2Entity.RequiredType.JsonSchema.cs",
    "OpenapiSchema.SecurityScheme.TypeOauth2Entity.RequiredType.Mutable.cs",
    "OpenapiSchema.SecurityScheme.TypeOauth2Entity.RequiredType.TypeEntity.JsonSchema.cs",
    "OpenapiSchema.SecurityScheme.TypeOauth2Entity.RequiredType.TypeEntity.Mutable.cs",
    "OpenapiSchema.SecurityScheme.TypeOauth2Entity.RequiredType.TypeEntity.cs",
    "OpenapiSchema.SecurityScheme.TypeOauth2Entity.RequiredType.cs",
    "OpenapiSchema.SecurityScheme.TypeOauth2Entity.cs",
    "OpenapiSchema.SecurityScheme.TypeOidcEntity.JsonSchema.cs",
    "OpenapiSchema.SecurityScheme.TypeOidcEntity.Mutable.cs",
    "OpenapiSchema.SecurityScheme.TypeOidcEntity.RequiredOpenIdConnectUrl.JsonSchema.cs",
    "OpenapiSchema.SecurityScheme.TypeOidcEntity.RequiredOpenIdConnectUrl.Mutable.cs",
    "OpenapiSchema.SecurityScheme.TypeOidcEntity.RequiredOpenIdConnectUrl.cs",
    "OpenapiSchema.SecurityScheme.TypeOidcEntity.RequiredType.JsonSchema.cs",
    "OpenapiSchema.SecurityScheme.TypeOidcEntity.RequiredType.Mutable.cs",
    "OpenapiSchema.SecurityScheme.TypeOidcEntity.RequiredType.TypeEntity.JsonSchema.cs",
    "OpenapiSchema.SecurityScheme.TypeOidcEntity.RequiredType.TypeEntity.Mutable.cs",
    "OpenapiSchema.SecurityScheme.TypeOidcEntity.RequiredType.TypeEntity.cs",
    "OpenapiSchema.SecurityScheme.TypeOidcEntity.RequiredType.cs",
    "OpenapiSchema.SecurityScheme.TypeOidcEntity.cs",
    "OpenapiSchema.SecurityScheme.cs",
    "OpenapiSchema.SecuritySchemeOrReference.JsonSchema.cs",
    "OpenapiSchema.SecuritySchemeOrReference.Mutable.cs",
    "OpenapiSchema.SecuritySchemeOrReference.RequiredRef.JsonSchema.cs",
    "OpenapiSchema.SecuritySchemeOrReference.RequiredRef.Mutable.cs",
    "OpenapiSchema.SecuritySchemeOrReference.RequiredRef.cs",
    "OpenapiSchema.SecuritySchemeOrReference.cs",
    "OpenapiSchema.Server.JsonSchema.cs",
    "OpenapiSchema.Server.Mutable.cs",
    "OpenapiSchema.Server.VariablesEntity.JsonSchema.cs",
    "OpenapiSchema.Server.VariablesEntity.Mutable.cs",
    "OpenapiSchema.Server.VariablesEntity.cs",
    "OpenapiSchema.Server.cs",
    "OpenapiSchema.ServerArray.JsonSchema.cs",
    "OpenapiSchema.ServerArray.Mutable.cs",
    "OpenapiSchema.ServerArray.cs",
    "OpenapiSchema.ServerVariable.JsonSchema.cs",
    "OpenapiSchema.ServerVariable.JsonStringArray.JsonSchema.cs",
    "OpenapiSchema.ServerVariable.JsonStringArray.Mutable.cs",
    "OpenapiSchema.ServerVariable.JsonStringArray.cs",
    "OpenapiSchema.ServerVariable.Mutable.cs",
    "OpenapiSchema.ServerVariable.cs",
    "OpenapiSchema.SpecificationExtensions.JsonSchema.cs",
    "OpenapiSchema.SpecificationExtensions.Mutable.cs",
    "OpenapiSchema.SpecificationExtensions.cs",
    "OpenapiSchema.StylesForForm.ElseEntity.DefaultValueFalse.JsonSchema.cs",
    "OpenapiSchema.StylesForForm.ElseEntity.DefaultValueFalse.Mutable.cs",
    "OpenapiSchema.StylesForForm.ElseEntity.DefaultValueFalse.cs",
    "OpenapiSchema.StylesForForm.ElseEntity.JsonSchema.cs",
    "OpenapiSchema.StylesForForm.ElseEntity.Mutable.cs",
    "OpenapiSchema.StylesForForm.ElseEntity.cs",
    "OpenapiSchema.StylesForForm.JsonSchema.cs",
    "OpenapiSchema.StylesForForm.Mutable.cs",
    "OpenapiSchema.StylesForForm.RequiredStyle.JsonSchema.cs",
    "OpenapiSchema.StylesForForm.RequiredStyle.Mutable.cs",
    "OpenapiSchema.StylesForForm.RequiredStyle.StyleEntity.JsonSchema.cs",
    "OpenapiSchema.StylesForForm.RequiredStyle.StyleEntity.Mutable.cs",
    "OpenapiSchema.StylesForForm.RequiredStyle.StyleEntity.cs",
    "OpenapiSchema.StylesForForm.RequiredStyle.cs",
    "OpenapiSchema.StylesForForm.ThenEntity.DefaultValueTrue.JsonSchema.cs",
    "OpenapiSchema.StylesForForm.ThenEntity.DefaultValueTrue.Mutable.cs",
    "OpenapiSchema.StylesForForm.ThenEntity.DefaultValueTrue.cs",
    "OpenapiSchema.StylesForForm.ThenEntity.JsonSchema.cs",
    "OpenapiSchema.StylesForForm.ThenEntity.Mutable.cs",
    "OpenapiSchema.StylesForForm.ThenEntity.cs",
    "OpenapiSchema.StylesForForm.cs",
    "OpenapiSchema.Tag.JsonSchema.cs",
    "OpenapiSchema.Tag.Mutable.cs",
    "OpenapiSchema.Tag.cs",
    "OpenapiSchema.TagArray.JsonSchema.cs",
    "OpenapiSchema.TagArray.Mutable.cs",
    "OpenapiSchema.TagArray.cs",
    "OpenapiSchema.WebhooksEntity.JsonSchema.cs",
    "OpenapiSchema.WebhooksEntity.Mutable.cs",
    "OpenapiSchema.WebhooksEntity.cs",
    "OpenapiSchema.cs"
  ]
}